// !$*UTF8*$!
{
	archiveVersion = 1;
	classes = {
	};
	objectVersion = 46;
	objects = {

/* Begin PBXBuildFile section */
		9ABEC55F1C151BB000F6895E /* AppDelegate.swift in Sources */ = {isa = PBXBuildFile; fileRef = 9ABEC55E1C151BB000F6895E /* AppDelegate.swift */; };
		9ABEC5641C151BB000F6895E /* Main.storyboard in Resources */ = {isa = PBXBuildFile; fileRef = 9ABEC5621C151BB000F6895E /* Main.storyboard */; };
		9ABEC5661C151BB000F6895E /* Assets.xcassets in Resources */ = {isa = PBXBuildFile; fileRef = 9ABEC5651C151BB000F6895E /* Assets.xcassets */; };
		9ABEC5691C151BB000F6895E /* LaunchScreen.storyboard in Resources */ = {isa = PBXBuildFile; fileRef = 9ABEC5671C151BB000F6895E /* LaunchScreen.storyboard */; };
		9ABEC5711C151BD500F6895E /* MainViewController.swift in Sources */ = {isa = PBXBuildFile; fileRef = 9ABEC5701C151BD500F6895E /* MainViewController.swift */; };
		9ABEC5731C151BF100F6895E /* SideViewController.swift in Sources */ = {isa = PBXBuildFile; fileRef = 9ABEC5721C151BF100F6895E /* SideViewController.swift */; };
/* End PBXBuildFile section */

/* Begin PBXCopyFilesBuildPhase section */
		96668B2E1C2A3052001916C7 /* Embed Frameworks */ = {
			isa = PBXCopyFilesBuildPhase;
			buildActionMask = 2147483647;
			dstPath = "";
			dstSubfolderSpec = 10;
			files = (
			);
			name = "Embed Frameworks";
			runOnlyForDeploymentPostprocessing = 0;
		};
/* End PBXCopyFilesBuildPhase section */

/* Begin PBXFileReference section */
		9ABEC55B1C151BB000F6895E /* SideNavigationViewController.app */ = {isa = PBXFileReference; explicitFileType = wrapper.application; includeInIndex = 0; path = SideNavigationViewController.app; sourceTree = BUILT_PRODUCTS_DIR; };
		9ABEC55E1C151BB000F6895E /* AppDelegate.swift */ = {isa = PBXFileReference; lastKnownFileType = sourcecode.swift; path = AppDelegate.swift; sourceTree = "<group>"; };
		9ABEC5631C151BB000F6895E /* Base */ = {isa = PBXFileReference; lastKnownFileType = file.storyboard; name = Base; path = Base.lproj/Main.storyboard; sourceTree = "<group>"; };
		9ABEC5651C151BB000F6895E /* Assets.xcassets */ = {isa = PBXFileReference; lastKnownFileType = folder.assetcatalog; path = Assets.xcassets; sourceTree = "<group>"; };
		9ABEC5681C151BB000F6895E /* Base */ = {isa = PBXFileReference; lastKnownFileType = file.storyboard; name = Base; path = Base.lproj/LaunchScreen.storyboard; sourceTree = "<group>"; };
		9ABEC56A1C151BB000F6895E /* Info.plist */ = {isa = PBXFileReference; lastKnownFileType = text.plist.xml; path = Info.plist; sourceTree = "<group>"; };
		9ABEC5701C151BD500F6895E /* MainViewController.swift */ = {isa = PBXFileReference; fileEncoding = 4; lastKnownFileType = sourcecode.swift; path = MainViewController.swift; sourceTree = "<group>"; };
		9ABEC5721C151BF100F6895E /* SideViewController.swift */ = {isa = PBXFileReference; fileEncoding = 4; lastKnownFileType = sourcecode.swift; path = SideViewController.swift; sourceTree = "<group>"; };
/* End PBXFileReference section */

/* Begin PBXFrameworksBuildPhase section */
		9ABEC5581C151BB000F6895E /* Frameworks */ = {
			isa = PBXFrameworksBuildPhase;
			buildActionMask = 2147483647;
			files = (
			);
			runOnlyForDeploymentPostprocessing = 0;
		};
/* End PBXFrameworksBuildPhase section */

/* Begin PBXGroup section */
		9ABEC5521C151BB000F6895E = {
			isa = PBXGroup;
			children = (
				9ABEC55D1C151BB000F6895E /* SideNavigationViewController */,
				9ABEC55C1C151BB000F6895E /* Products */,
			);
			sourceTree = "<group>";
		};
		9ABEC55C1C151BB000F6895E /* Products */ = {
			isa = PBXGroup;
			children = (
				9ABEC55B1C151BB000F6895E /* SideNavigationViewController.app */,
			);
			name = Products;
			sourceTree = "<group>";
		};
		9ABEC55D1C151BB000F6895E /* SideNavigationViewController */ = {
			isa = PBXGroup;
			children = (
				9ABEC55E1C151BB000F6895E /* AppDelegate.swift */,
				9ABEC5701C151BD500F6895E /* MainViewController.swift */,
				9ABEC5721C151BF100F6895E /* SideViewController.swift */,
				9ABEC5621C151BB000F6895E /* Main.storyboard */,
				9ABEC5651C151BB000F6895E /* Assets.xcassets */,
				9ABEC5671C151BB000F6895E /* LaunchScreen.storyboard */,
				9ABEC56A1C151BB000F6895E /* Info.plist */,
			);
			path = SideNavigationViewController;
			sourceTree = "<group>";
		};
/* End PBXGroup section */

/* Begin PBXNativeTarget section */
		9ABEC55A1C151BB000F6895E /* SideNavigationViewController */ = {
			isa = PBXNativeTarget;
			buildConfigurationList = 9ABEC56D1C151BB000F6895E /* Build configuration list for PBXNativeTarget "SideNavigationViewController" */;
			buildPhases = (
				9ABEC5571C151BB000F6895E /* Sources */,
				9ABEC5581C151BB000F6895E /* Frameworks */,
				9ABEC5591C151BB000F6895E /* Resources */,
				96668B2E1C2A3052001916C7 /* Embed Frameworks */,
			);
			buildRules = (
			);
			dependencies = (
			);
			name = SideNavigationViewController;
			productName = SideNavigationViewController;
			productReference = 9ABEC55B1C151BB000F6895E /* SideNavigationViewController.app */;
			productType = "com.apple.product-type.application";
		};
/* End PBXNativeTarget section */

/* Begin PBXProject section */
		9ABEC5531C151BB000F6895E /* Project object */ = {
			isa = PBXProject;
			attributes = {
				LastSwiftUpdateCheck = 0710;
				LastUpgradeCheck = 0710;
				ORGANIZATIONNAME = "Adam Dahan";
				TargetAttributes = {
					9ABEC55A1C151BB000F6895E = {
						CreatedOnToolsVersion = 7.1.1;
					};
				};
			};
			buildConfigurationList = 9ABEC5561C151BB000F6895E /* Build configuration list for PBXProject "SideNavigationViewController" */;
			compatibilityVersion = "Xcode 3.2";
			developmentRegion = English;
			hasScannedForEncodings = 0;
			knownRegions = (
				en,
				Base,
			);
			mainGroup = 9ABEC5521C151BB000F6895E;
			productRefGroup = 9ABEC55C1C151BB000F6895E /* Products */;
			projectDirPath = "";
			projectRoot = "";
			targets = (
				9ABEC55A1C151BB000F6895E /* SideNavigationViewController */,
			);
		};
/* End PBXProject section */

/* Begin PBXResourcesBuildPhase section */
		9ABEC5591C151BB000F6895E /* Resources */ = {
			isa = PBXResourcesBuildPhase;
			buildActionMask = 2147483647;
			files = (
				9ABEC5691C151BB000F6895E /* LaunchScreen.storyboard in Resources */,
				9ABEC5661C151BB000F6895E /* Assets.xcassets in Resources */,
				9ABEC5641C151BB000F6895E /* Main.storyboard in Resources */,
			);
			runOnlyForDeploymentPostprocessing = 0;
		};
/* End PBXResourcesBuildPhase section */

/* Begin PBXSourcesBuildPhase section */
		9ABEC5571C151BB000F6895E /* Sources */ = {
			isa = PBXSourcesBuildPhase;
			buildActionMask = 2147483647;
			files = (
				9ABEC55F1C151BB000F6895E /* AppDelegate.swift in Sources */,
				9ABEC5711C151BD500F6895E /* MainViewController.swift in Sources */,
				9ABEC5731C151BF100F6895E /* SideViewController.swift in Sources */,
			);
			runOnlyForDeploymentPostprocessing = 0;
		};
/* End PBXSourcesBuildPhase section */

/* Begin PBXVariantGroup section */
		9ABEC5621C151BB000F6895E /* Main.storyboard */ = {
			isa = PBXVariantGroup;
			children = (
				9ABEC5631C151BB000F6895E /* Base */,
			);
			name = Main.storyboard;
			sourceTree = "<group>";
		};
		9ABEC5671C151BB000F6895E /* LaunchScreen.storyboard */ = {
			isa = PBXVariantGroup;
			children = (
				9ABEC5681C151BB000F6895E /* Base */,
			);
			name = LaunchScreen.storyboard;
			sourceTree = "<group>";
		};
/* End PBXVariantGroup section */

/* Begin XCBuildConfiguration section */
		9ABEC56B1C151BB000F6895E /* Debug */ = {
			isa = XCBuildConfiguration;
			buildSettings = {
				ALWAYS_SEARCH_USER_PATHS = NO;
				CLANG_CXX_LANGUAGE_STANDARD = "gnu++0x";
				CLANG_CXX_LIBRARY = "libc++";
				CLANG_ENABLE_MODULES = YES;
				CLANG_ENABLE_OBJC_ARC = YES;
				CLANG_WARN_BOOL_CONVERSION = YES;
				CLANG_WARN_CONSTANT_CONVERSION = YES;
				CLANG_WARN_DIRECT_OBJC_ISA_USAGE = YES_ERROR;
				CLANG_WARN_EMPTY_BODY = YES;
				CLANG_WARN_ENUM_CONVERSION = YES;
				CLANG_WARN_INT_CONVERSION = YES;
				CLANG_WARN_OBJC_ROOT_CLASS = YES_ERROR;
				CLANG_WARN_UNREACHABLE_CODE = YES;
				CLANG_WARN__DUPLICATE_METHOD_MATCH = YES;
				"CODE_SIGN_IDENTITY[sdk=iphoneos*]" = "iPhone Developer";
				COPY_PHASE_STRIP = NO;
				DEBUG_INFORMATION_FORMAT = dwarf;
				ENABLE_STRICT_OBJC_MSGSEND = YES;
				ENABLE_TESTABILITY = YES;
				GCC_C_LANGUAGE_STANDARD = gnu99;
				GCC_DYNAMIC_NO_PIC = NO;
				GCC_NO_COMMON_BLOCKS = YES;
				GCC_OPTIMIZATION_LEVEL = 0;
				GCC_PREPROCESSOR_DEFINITIONS = (
					"DEBUG=1",
					"$(inherited)",
				);
				GCC_WARN_64_TO_32_BIT_CONVERSION = YES;
				GCC_WARN_ABOUT_RETURN_TYPE = YES_ERROR;
				GCC_WARN_UNDECLARED_SELECTOR = YES;
				GCC_WARN_UNINITIALIZED_AUTOS = YES_AGGRESSIVE;
				GCC_WARN_UNUSED_FUNCTION = YES;
				GCC_WARN_UNUSED_VARIABLE = YES;
				IPHONEOS_DEPLOYMENT_TARGET = 8.0;
				MTL_ENABLE_DEBUG_INFO = YES;
				ONLY_ACTIVE_ARCH = YES;
				SDKROOT = iphoneos;
				SWIFT_OPTIMIZATION_LEVEL = "-Onone";
			};
			name = Debug;
		};
		9ABEC56C1C151BB000F6895E /* Release */ = {
			isa = XCBuildConfiguration;
			buildSettings = {
				ALWAYS_SEARCH_USER_PATHS = NO;
				CLANG_CXX_LANGUAGE_STANDARD = "gnu++0x";
				CLANG_CXX_LIBRARY = "libc++";
				CLANG_ENABLE_MODULES = YES;
				CLANG_ENABLE_OBJC_ARC = YES;
				CLANG_WARN_BOOL_CONVERSION = YES;
				CLANG_WARN_CONSTANT_CONVERSION = YES;
				CLANG_WARN_DIRECT_OBJC_ISA_USAGE = YES_ERROR;
				CLANG_WARN_EMPTY_BODY = YES;
				CLANG_WARN_ENUM_CONVERSION = YES;
				CLANG_WARN_INT_CONVERSION = YES;
				CLANG_WARN_OBJC_ROOT_CLASS = YES_ERROR;
				CLANG_WARN_UNREACHABLE_CODE = YES;
				CLANG_WARN__DUPLICATE_METHOD_MATCH = YES;
				"CODE_SIGN_IDENTITY[sdk=iphoneos*]" = "iPhone Developer";
				COPY_PHASE_STRIP = NO;
				DEBUG_INFORMATION_FORMAT = "dwarf-with-dsym";
				ENABLE_NS_ASSERTIONS = NO;
				ENABLE_STRICT_OBJC_MSGSEND = YES;
				GCC_C_LANGUAGE_STANDARD = gnu99;
				GCC_NO_COMMON_BLOCKS = YES;
				GCC_WARN_64_TO_32_BIT_CONVERSION = YES;
				GCC_WARN_ABOUT_RETURN_TYPE = YES_ERROR;
				GCC_WARN_UNDECLARED_SELECTOR = YES;
				GCC_WARN_UNINITIALIZED_AUTOS = YES_AGGRESSIVE;
				GCC_WARN_UNUSED_FUNCTION = YES;
				GCC_WARN_UNUSED_VARIABLE = YES;
				IPHONEOS_DEPLOYMENT_TARGET = 8.0;
				MTL_ENABLE_DEBUG_INFO = NO;
				SDKROOT = iphoneos;
				VALIDATE_PRODUCT = YES;
			};
			name = Release;
		};
		9ABEC56E1C151BB000F6895E /* Debug */ = {
			isa = XCBuildConfiguration;
			buildSettings = {
				ASSETCATALOG_COMPILER_APPICON_NAME = AppIcon;
				INFOPLIST_FILE = SideNavigationViewController/Info.plist;
				LD_RUNPATH_SEARCH_PATHS = "$(inherited) @executable_path/Frameworks";
				PRODUCT_BUNDLE_IDENTIFIER = io.cosmicmind.SideNavigationViewController;
				PRODUCT_NAME = "$(TARGET_NAME)";
				TARGETED_DEVICE_FAMILY = "1,2";
			};
			name = Debug;
		};
		9ABEC56F1C151BB000F6895E /* Release */ = {
			isa = XCBuildConfiguration;
			buildSettings = {
				ASSETCATALOG_COMPILER_APPICON_NAME = AppIcon;
				INFOPLIST_FILE = SideNavigationViewController/Info.plist;
				LD_RUNPATH_SEARCH_PATHS = "$(inherited) @executable_path/Frameworks";
				PRODUCT_BUNDLE_IDENTIFIER = io.cosmicmind.SideNavigationViewController;
				PRODUCT_NAME = "$(TARGET_NAME)";
				TARGETED_DEVICE_FAMILY = "1,2";
			};
			name = Release;
		};
/* End XCBuildConfiguration section */

/* Begin XCConfigurationList section */
		9ABEC5561C151BB000F6895E /* Build configuration list for PBXProject "SideNavigationViewController" */ = {
			isa = XCConfigurationList;
			buildConfigurations = (
				9ABEC56B1C151BB000F6895E /* Debug */,
				9ABEC56C1C151BB000F6895E /* Release */,
			);
			defaultConfigurationIsVisible = 0;
			defaultConfigurationName = Release;
		};
		9ABEC56D1C151BB000F6895E /* Build configuration list for PBXNativeTarget "SideNavigationViewController" */ = {
			isa = XCConfigurationList;
			buildConfigurations = (
				9ABEC56E1C151BB000F6895E /* Debug */,
				9ABEC56F1C151BB000F6895E /* Release */,
			);
			defaultConfigurationIsVisible = 0;
			defaultConfigurationName = Release;
		};
/* End XCConfigurationList section */
	};
	rootObject = 9ABEC5531C151BB000F6895E /* Project object */;
}
