// !$*UTF8*$!
{
	archiveVersion = 1;
	classes = {
	};
	objectVersion = 46;
	objects = {

/* Begin PBXBuildFile section */
		96212DB71C16964500F31053 /* AppDelegate.swift in Sources */ = {isa = PBXBuildFile; fileRef = 96212DAF1C16964500F31053 /* AppDelegate.swift */; };
		96212DB81C16964500F31053 /* Assets.xcassets in Resources */ = {isa = PBXBuildFile; fileRef = 96212DB01C16964500F31053 /* Assets.xcassets */; };
		96212DB91C16964500F31053 /* LaunchScreen.storyboard in Resources */ = {isa = PBXBuildFile; fileRef = 96212DB11C16964500F31053 /* LaunchScreen.storyboard */; };
		96212DBA1C16964500F31053 /* Main.storyboard in Resources */ = {isa = PBXBuildFile; fileRef = 96212DB31C16964500F31053 /* Main.storyboard */; };
		96212DBC1C16964500F31053 /* ViewController.swift in Sources */ = {isa = PBXBuildFile; fileRef = 96212DB61C16964500F31053 /* ViewController.swift */; };
/* End PBXBuildFile section */

/* Begin PBXCopyFilesBuildPhase section */
		96212D891C1687D700F31053 /* Embed Frameworks */ = {
			isa = PBXCopyFilesBuildPhase;
			buildActionMask = 2147483647;
			dstPath = "";
			dstSubfolderSpec = 10;
			files = (
			);
			name = "Embed Frameworks";
			runOnlyForDeploymentPostprocessing = 0;
		};
/* End PBXCopyFilesBuildPhase section */

/* Begin PBXFileReference section */
		96212DAF1C16964500F31053 /* AppDelegate.swift */ = {isa = PBXFileReference; fileEncoding = 4; lastKnownFileType = sourcecode.swift; path = AppDelegate.swift; sourceTree = "<group>"; };
		96212DB01C16964500F31053 /* Assets.xcassets */ = {isa = PBXFileReference; lastKnownFileType = folder.assetcatalog; path = Assets.xcassets; sourceTree = "<group>"; };
		96212DB21C16964500F31053 /* Base */ = {isa = PBXFileReference; lastKnownFileType = file.storyboard; name = Base; path = Base.lproj/LaunchScreen.storyboard; sourceTree = "<group>"; };
		96212DB41C16964500F31053 /* Base */ = {isa = PBXFileReference; lastKnownFileType = file.storyboard; name = Base; path = Base.lproj/Main.storyboard; sourceTree = "<group>"; };
		96212DB51C16964500F31053 /* Info.plist */ = {isa = PBXFileReference; fileEncoding = 4; lastKnownFileType = text.plist.xml; path = Info.plist; sourceTree = "<group>"; };
		96212DB61C16964500F31053 /* ViewController.swift */ = {isa = PBXFileReference; fileEncoding = 4; lastKnownFileType = sourcecode.swift; path = ViewController.swift; sourceTree = "<group>"; };
		9ABEC5A31C152FE800F6895E /* MaterialButton.app */ = {isa = PBXFileReference; explicitFileType = wrapper.application; includeInIndex = 0; path = MaterialButton.app; sourceTree = BUILT_PRODUCTS_DIR; };
/* End PBXFileReference section */

/* Begin PBXFrameworksBuildPhase section */
		9ABEC5A01C152FE800F6895E /* Frameworks */ = {
			isa = PBXFrameworksBuildPhase;
			buildActionMask = 2147483647;
			files = (
			);
			runOnlyForDeploymentPostprocessing = 0;
		};
/* End PBXFrameworksBuildPhase section */

/* Begin PBXGroup section */
		96212DAE1C16964500F31053 /* MaterialButton */ = {
			isa = PBXGroup;
			children = (
				96212DAF1C16964500F31053 /* AppDelegate.swift */,
				96212DB61C16964500F31053 /* ViewController.swift */,
				96212DB31C16964500F31053 /* Main.storyboard */,
				96212DB01C16964500F31053 /* Assets.xcassets */,
				96212DB11C16964500F31053 /* LaunchScreen.storyboard */,
				96212DB51C16964500F31053 /* Info.plist */,
			);
			path = MaterialButton;
			sourceTree = "<group>";
		};
		9ABEC59A1C152FE800F6895E = {
			isa = PBXGroup;
			children = (
				96212DAE1C16964500F31053 /* MaterialButton */,
				9ABEC5A41C152FE800F6895E /* Products */,
			);
			sourceTree = "<group>";
		};
		9ABEC5A41C152FE800F6895E /* Products */ = {
			isa = PBXGroup;
			children = (
				9ABEC5A31C152FE800F6895E /* MaterialButton.app */,
			);
			name = Products;
			sourceTree = "<group>";
		};
/* End PBXGroup section */

/* Begin PBXNativeTarget section */
		9ABEC5A21C152FE800F6895E /* MaterialButton */ = {
			isa = PBXNativeTarget;
			buildConfigurationList = 9ABEC5B51C152FE800F6895E /* Build configuration list for PBXNativeTarget "MaterialButton" */;
			buildPhases = (
				9ABEC59F1C152FE800F6895E /* Sources */,
				9ABEC5A01C152FE800F6895E /* Frameworks */,
				9ABEC5A11C152FE800F6895E /* Resources */,
				96212D891C1687D700F31053 /* Embed Frameworks */,
			);
			buildRules = (
			);
			dependencies = (
			);
			name = MaterialButton;
			productName = Buttons;
			productReference = 9ABEC5A31C152FE800F6895E /* MaterialButton.app */;
			productType = "com.apple.product-type.application";
		};
/* End PBXNativeTarget section */

/* Begin PBXProject section */
		9ABEC59B1C152FE800F6895E /* Project object */ = {
			isa = PBXProject;
			attributes = {
				LastSwiftUpdateCheck = 0710;
				LastUpgradeCheck = 0710;
				ORGANIZATIONNAME = "Adam Dahan";
				TargetAttributes = {
					9ABEC5A21C152FE800F6895E = {
						CreatedOnToolsVersion = 7.1.1;
					};
				};
			};
			buildConfigurationList = 9ABEC59E1C152FE800F6895E /* Build configuration list for PBXProject "MaterialButton" */;
			compatibilityVersion = "Xcode 3.2";
			developmentRegion = English;
			hasScannedForEncodings = 0;
			knownRegions = (
				en,
				Base,
			);
			mainGroup = 9ABEC59A1C152FE800F6895E;
			productRefGroup = 9ABEC5A41C152FE800F6895E /* Products */;
			projectDirPath = "";
			projectRoot = "";
			targets = (
				9ABEC5A21C152FE800F6895E /* MaterialButton */,
			);
		};
/* End PBXProject section */

/* Begin PBXResourcesBuildPhase section */
		9ABEC5A11C152FE800F6895E /* Resources */ = {
			isa = PBXResourcesBuildPhase;
			buildActionMask = 2147483647;
			files = (
				96212DBA1C16964500F31053 /* Main.storyboard in Resources */,
				96212DB81C16964500F31053 /* Assets.xcassets in Resources */,
				96212DB91C16964500F31053 /* LaunchScreen.storyboard in Resources */,
			);
			runOnlyForDeploymentPostprocessing = 0;
		};
/* End PBXResourcesBuildPhase section */

/* Begin PBXSourcesBuildPhase section */
		9ABEC59F1C152FE800F6895E /* Sources */ = {
			isa = PBXSourcesBuildPhase;
			buildActionMask = 2147483647;
			files = (
				96212DBC1C16964500F31053 /* ViewController.swift in Sources */,
				96212DB71C16964500F31053 /* AppDelegate.swift in Sources */,
			);
			runOnlyForDeploymentPostprocessing = 0;
		};
/* End PBXSourcesBuildPhase section */

/* Begin PBXVariantGroup section */
		96212DB11C16964500F31053 /* LaunchScreen.storyboard */ = {
			isa = PBXVariantGroup;
			children = (
				96212DB21C16964500F31053 /* Base */,
			);
			name = LaunchScreen.storyboard;
			sourceTree = "<group>";
		};
		96212DB31C16964500F31053 /* Main.storyboard */ = {
			isa = PBXVariantGroup;
			children = (
				96212DB41C16964500F31053 /* Base */,
			);
			name = Main.storyboard;
			sourceTree = "<group>";
		};
/* End PBXVariantGroup section */

/* Begin XCBuildConfiguration section */
		9ABEC5B31C152FE800F6895E /* Debug */ = {
			isa = XCBuildConfiguration;
			buildSettings = {
				ALWAYS_SEARCH_USER_PATHS = NO;
				CLANG_CXX_LANGUAGE_STANDARD = "gnu++0x";
				CLANG_CXX_LIBRARY = "libc++";
				CLANG_ENABLE_MODULES = YES;
				CLANG_ENABLE_OBJC_ARC = YES;
				CLANG_WARN_BOOL_CONVERSION = YES;
				CLANG_WARN_CONSTANT_CONVERSION = YES;
				CLANG_WARN_DIRECT_OBJC_ISA_USAGE = YES_ERROR;
				CLANG_WARN_EMPTY_BODY = YES;
				CLANG_WARN_ENUM_CONVERSION = YES;
				CLANG_WARN_INT_CONVERSION = YES;
				CLANG_WARN_OBJC_ROOT_CLASS = YES_ERROR;
				CLANG_WARN_UNREACHABLE_CODE = YES;
				CLANG_WARN__DUPLICATE_METHOD_MATCH = YES;
				"CODE_SIGN_IDENTITY[sdk=iphoneos*]" = "iPhone Developer";
				COPY_PHASE_STRIP = NO;
				DEBUG_INFORMATION_FORMAT = dwarf;
				ENABLE_STRICT_OBJC_MSGSEND = YES;
				ENABLE_TESTABILITY = YES;
				GCC_C_LANGUAGE_STANDARD = gnu99;
				GCC_DYNAMIC_NO_PIC = NO;
				GCC_NO_COMMON_BLOCKS = YES;
				GCC_OPTIMIZATION_LEVEL = 0;
				GCC_PREPROCESSOR_DEFINITIONS = (
					"DEBUG=1",
					"$(inherited)",
				);
				GCC_WARN_64_TO_32_BIT_CONVERSION = YES;
				GCC_WARN_ABOUT_RETURN_TYPE = YES_ERROR;
				GCC_WARN_UNDECLARED_SELECTOR = YES;
				GCC_WARN_UNINITIALIZED_AUTOS = YES_AGGRESSIVE;
				GCC_WARN_UNUSED_FUNCTION = YES;
				GCC_WARN_UNUSED_VARIABLE = YES;
				IPHONEOS_DEPLOYMENT_TARGET = 8.0;
				MTL_ENABLE_DEBUG_INFO = YES;
				ONLY_ACTIVE_ARCH = YES;
				SDKROOT = iphoneos;
				SWIFT_OPTIMIZATION_LEVEL = "-Onone";
			};
			name = Debug;
		};
		9ABEC5B41C152FE800F6895E /* Release */ = {
			isa = XCBuildConfiguration;
			buildSettings = {
				ALWAYS_SEARCH_USER_PATHS = NO;
				CLANG_CXX_LANGUAGE_STANDARD = "gnu++0x";
				CLANG_CXX_LIBRARY = "libc++";
				CLANG_ENABLE_MODULES = YES;
				CLANG_ENABLE_OBJC_ARC = YES;
				CLANG_WARN_BOOL_CONVERSION = YES;
				CLANG_WARN_CONSTANT_CONVERSION = YES;
				CLANG_WARN_DIRECT_OBJC_ISA_USAGE = YES_ERROR;
				CLANG_WARN_EMPTY_BODY = YES;
				CLANG_WARN_ENUM_CONVERSION = YES;
				CLANG_WARN_INT_CONVERSION = YES;
				CLANG_WARN_OBJC_ROOT_CLASS = YES_ERROR;
				CLANG_WARN_UNREACHABLE_CODE = YES;
				CLANG_WARN__DUPLICATE_METHOD_MATCH = YES;
				"CODE_SIGN_IDENTITY[sdk=iphoneos*]" = "iPhone Developer";
				COPY_PHASE_STRIP = NO;
				DEBUG_INFORMATION_FORMAT = "dwarf-with-dsym";
				ENABLE_NS_ASSERTIONS = NO;
				ENABLE_STRICT_OBJC_MSGSEND = YES;
				GCC_C_LANGUAGE_STANDARD = gnu99;
				GCC_NO_COMMON_BLOCKS = YES;
				GCC_WARN_64_TO_32_BIT_CONVERSION = YES;
				GCC_WARN_ABOUT_RETURN_TYPE = YES_ERROR;
				GCC_WARN_UNDECLARED_SELECTOR = YES;
				GCC_WARN_UNINITIALIZED_AUTOS = YES_AGGRESSIVE;
				GCC_WARN_UNUSED_FUNCTION = YES;
				GCC_WARN_UNUSED_VARIABLE = YES;
				IPHONEOS_DEPLOYMENT_TARGET = 8.0;
				MTL_ENABLE_DEBUG_INFO = NO;
				SDKROOT = iphoneos;
				VALIDATE_PRODUCT = YES;
			};
			name = Release;
		};
		9ABEC5B61C152FE800F6895E /* Debug */ = {
			isa = XCBuildConfiguration;
			buildSettings = {
				ASSETCATALOG_COMPILER_APPICON_NAME = AppIcon;
				INFOPLIST_FILE = "$(SRCROOT)/MaterialButton/Info.plist";
				LD_RUNPATH_SEARCH_PATHS = "$(inherited) @executable_path/Frameworks";
				PRODUCT_BUNDLE_IDENTIFIER = io.cosmicmind.MaterialButton;
				PRODUCT_NAME = MaterialButton;
				TARGETED_DEVICE_FAMILY = "1,2";
			};
			name = Debug;
		};
		9ABEC5B71C152FE800F6895E /* Release */ = {
			isa = XCBuildConfiguration;
			buildSettings = {
				ASSETCATALOG_COMPILER_APPICON_NAME = AppIcon;
				INFOPLIST_FILE = "$(SRCROOT)/MaterialButton/Info.plist";
				LD_RUNPATH_SEARCH_PATHS = "$(inherited) @executable_path/Frameworks";
				PRODUCT_BUNDLE_IDENTIFIER = io.cosmicmind.MaterialButton;
				PRODUCT_NAME = MaterialButton;
				TARGETED_DEVICE_FAMILY = "1,2";
			};
			name = Release;
		};
/* End XCBuildConfiguration section */

/* Begin XCConfigurationList section */
		9ABEC59E1C152FE800F6895E /* Build configuration list for PBXProject "MaterialButton" */ = {
			isa = XCConfigurationList;
			buildConfigurations = (
				9ABEC5B31C152FE800F6895E /* Debug */,
				9ABEC5B41C152FE800F6895E /* Release */,
			);
			defaultConfigurationIsVisible = 0;
			defaultConfigurationName = Release;
		};
		9ABEC5B51C152FE800F6895E /* Build configuration list for PBXNativeTarget "MaterialButton" */ = {
			isa = XCConfigurationList;
			buildConfigurations = (
				9ABEC5B61C152FE800F6895E /* Debug */,
				9ABEC5B71C152FE800F6895E /* Release */,
			);
			defaultConfigurationIsVisible = 0;
			defaultConfigurationName = Release;
		};
/* End XCConfigurationList section */
	};
	rootObject = 9ABEC59B1C152FE800F6895E /* Project object */;
}
