// !$*UTF8*$!
{
	archiveVersion = 1;
	classes = {
	};
	objectVersion = 46;
	objects = {

/* Begin PBXBuildFile section */
		9642FA1B1C1B50E700022BC6 /* AppDelegate.swift in Sources */ = {isa = PBXBuildFile; fileRef = 9642FA1A1C1B50E700022BC6 /* AppDelegate.swift */; };
		9642FA1D1C1B50E700022BC6 /* MainViewController.swift in Sources */ = {isa = PBXBuildFile; fileRef = 9642FA1C1C1B50E700022BC6 /* MainViewController.swift */; };
		9642FA221C1B50E700022BC6 /* Assets.xcassets in Resources */ = {isa = PBXBuildFile; fileRef = 9642FA211C1B50E700022BC6 /* Assets.xcassets */; };
		9642FA251C1B50E700022BC6 /* LaunchScreen.storyboard in Resources */ = {isa = PBXBuildFile; fileRef = 9642FA231C1B50E700022BC6 /* LaunchScreen.storyboard */; };
		9642FA331C1B909700022BC6 /* LeftViewController.swift in Sources */ = {isa = PBXBuildFile; fileRef = 9642FA321C1B909700022BC6 /* LeftViewController.swift */; };
		967585381C569AA9001E4268 /* RightViewController.swift in Sources */ = {isa = PBXBuildFile; fileRef = 967585371C569AA9001E4268 /* RightViewController.swift */; };
/* End PBXBuildFile section */

/* Begin PBXCopyFilesBuildPhase section */
		9605900F1C388B8500691E88 /* Embed Frameworks */ = {
			isa = PBXCopyFilesBuildPhase;
			buildActionMask = 2147483647;
			dstPath = "";
			dstSubfolderSpec = 10;
			files = (
			);
			name = "Embed Frameworks";
			runOnlyForDeploymentPostprocessing = 0;
		};
/* End PBXCopyFilesBuildPhase section */

/* Begin PBXFileReference section */
		9642FA171C1B50E700022BC6 /* SideNavigationViewController.app */ = {isa = PBXFileReference; explicitFileType = wrapper.application; includeInIndex = 0; path = SideNavigationViewController.app; sourceTree = BUILT_PRODUCTS_DIR; };
		9642FA1A1C1B50E700022BC6 /* AppDelegate.swift */ = {isa = PBXFileReference; lastKnownFileType = sourcecode.swift; path = AppDelegate.swift; sourceTree = "<group>"; };
		9642FA1C1C1B50E700022BC6 /* MainViewController.swift */ = {isa = PBXFileReference; lastKnownFileType = sourcecode.swift; path = MainViewController.swift; sourceTree = "<group>"; };
		9642FA211C1B50E700022BC6 /* Assets.xcassets */ = {isa = PBXFileReference; lastKnownFileType = folder.assetcatalog; path = Assets.xcassets; sourceTree = "<group>"; };
		9642FA241C1B50E700022BC6 /* Base */ = {isa = PBXFileReference; lastKnownFileType = file.storyboard; name = Base; path = Base.lproj/LaunchScreen.storyboard; sourceTree = "<group>"; };
		9642FA261C1B50E700022BC6 /* Info.plist */ = {isa = PBXFileReference; lastKnownFileType = text.plist.xml; path = Info.plist; sourceTree = "<group>"; };
		9642FA321C1B909700022BC6 /* LeftViewController.swift */ = {isa = PBXFileReference; fileEncoding = 4; lastKnownFileType = sourcecode.swift; path = LeftViewController.swift; sourceTree = "<group>"; };
		967585371C569AA9001E4268 /* RightViewController.swift */ = {isa = PBXFileReference; fileEncoding = 4; lastKnownFileType = sourcecode.swift; path = RightViewController.swift; sourceTree = "<group>"; };
/* End PBXFileReference section */

/* Begin PBXFrameworksBuildPhase section */
		9642FA141C1B50E700022BC6 /* Frameworks */ = {
			isa = PBXFrameworksBuildPhase;
			buildActionMask = 2147483647;
			files = (
			);
			runOnlyForDeploymentPostprocessing = 0;
		};
/* End PBXFrameworksBuildPhase section */

/* Begin PBXGroup section */
		9642FA0E1C1B50E700022BC6 = {
			isa = PBXGroup;
			children = (
				9642FA191C1B50E700022BC6 /* SideNavigationViewController */,
				9642FA181C1B50E700022BC6 /* Products */,
			);
			sourceTree = "<group>";
		};
		9642FA181C1B50E700022BC6 /* Products */ = {
			isa = PBXGroup;
			children = (
				9642FA171C1B50E700022BC6 /* SideNavigationViewController.app */,
			);
			name = Products;
			sourceTree = "<group>";
		};
		9642FA191C1B50E700022BC6 /* SideNavigationViewController */ = {
			isa = PBXGroup;
			children = (
				9642FA1A1C1B50E700022BC6 /* AppDelegate.swift */,
				9642FA1C1C1B50E700022BC6 /* MainViewController.swift */,
				9642FA321C1B909700022BC6 /* LeftViewController.swift */,
				967585371C569AA9001E4268 /* RightViewController.swift */,
				9642FA211C1B50E700022BC6 /* Assets.xcassets */,
				9642FA231C1B50E700022BC6 /* LaunchScreen.storyboard */,
				9642FA261C1B50E700022BC6 /* Info.plist */,
			);
			path = SideNavigationViewController;
			sourceTree = "<group>";
		};
/* End PBXGroup section */

/* Begin PBXNativeTarget section */
		9642FA161C1B50E700022BC6 /* SideNavigationViewController */ = {
			isa = PBXNativeTarget;
			buildConfigurationList = 9642FA291C1B50E700022BC6 /* Build configuration list for PBXNativeTarget "SideNavigationViewController" */;
			buildPhases = (
				9642FA131C1B50E700022BC6 /* Sources */,
				9642FA141C1B50E700022BC6 /* Frameworks */,
				9642FA151C1B50E700022BC6 /* Resources */,
				9605900F1C388B8500691E88 /* Embed Frameworks */,
			);
			buildRules = (
			);
			dependencies = (
			);
			name = SideNavigationViewController;
			productName = SideNavigationViewController;
			productReference = 9642FA171C1B50E700022BC6 /* SideNavigationViewController.app */;
			productType = "com.apple.product-type.application";
		};
/* End PBXNativeTarget section */

/* Begin PBXProject section */
		9642FA0F1C1B50E700022BC6 /* Project object */ = {
			isa = PBXProject;
			attributes = {
				LastSwiftUpdateCheck = 0710;
				LastUpgradeCheck = 0710;
				ORGANIZATIONNAME = "CosmicMind, Inc.";
				TargetAttributes = {
					9642FA161C1B50E700022BC6 = {
						CreatedOnToolsVersion = 7.1.1;
					};
				};
			};
			buildConfigurationList = 9642FA121C1B50E700022BC6 /* Build configuration list for PBXProject "SideNavigationViewController" */;
			compatibilityVersion = "Xcode 3.2";
			developmentRegion = English;
			hasScannedForEncodings = 0;
			knownRegions = (
				en,
				Base,
			);
			mainGroup = 9642FA0E1C1B50E700022BC6;
			productRefGroup = 9642FA181C1B50E700022BC6 /* Products */;
			projectDirPath = "";
			projectRoot = "";
			targets = (
				9642FA161C1B50E700022BC6 /* SideNavigationViewController */,
			);
		};
/* End PBXProject section */

/* Begin PBXResourcesBuildPhase section */
		9642FA151C1B50E700022BC6 /* Resources */ = {
			isa = PBXResourcesBuildPhase;
			buildActionMask = 2147483647;
			files = (
				9642FA251C1B50E700022BC6 /* LaunchScreen.storyboard in Resources */,
				9642FA221C1B50E700022BC6 /* Assets.xcassets in Resources */,
			);
			runOnlyForDeploymentPostprocessing = 0;
		};
/* End PBXResourcesBuildPhase section */

/* Begin PBXSourcesBuildPhase section */
		9642FA131C1B50E700022BC6 /* Sources */ = {
			isa = PBXSourcesBuildPhase;
			buildActionMask = 2147483647;
			files = (
				9642FA1D1C1B50E700022BC6 /* MainViewController.swift in Sources */,
				967585381C569AA9001E4268 /* RightViewController.swift in Sources */,
				9642FA331C1B909700022BC6 /* LeftViewController.swift in Sources */,
				9642FA1B1C1B50E700022BC6 /* AppDelegate.swift in Sources */,
			);
			runOnlyForDeploymentPostprocessing = 0;
		};
/* End PBXSourcesBuildPhase section */

/* Begin PBXVariantGroup section */
		9642FA231C1B50E700022BC6 /* LaunchScreen.storyboard */ = {
			isa = PBXVariantGroup;
			children = (
				9642FA241C1B50E700022BC6 /* Base */,
			);
			name = LaunchScreen.storyboard;
			sourceTree = "<group>";
		};
/* End PBXVariantGroup section */

/* Begin XCBuildConfiguration section */
		9642FA271C1B50E700022BC6 /* Debug */ = {
			isa = XCBuildConfiguration;
			buildSettings = {
				ALWAYS_SEARCH_USER_PATHS = NO;
				CLANG_CXX_LANGUAGE_STANDARD = "gnu++0x";
				CLANG_CXX_LIBRARY = "libc++";
				CLANG_ENABLE_MODULES = YES;
				CLANG_ENABLE_OBJC_ARC = YES;
				CLANG_WARN_BOOL_CONVERSION = YES;
				CLANG_WARN_CONSTANT_CONVERSION = YES;
				CLANG_WARN_DIRECT_OBJC_ISA_USAGE = YES_ERROR;
				CLANG_WARN_EMPTY_BODY = YES;
				CLANG_WARN_ENUM_CONVERSION = YES;
				CLANG_WARN_INT_CONVERSION = YES;
				CLANG_WARN_OBJC_ROOT_CLASS = YES_ERROR;
				CLANG_WARN_UNREACHABLE_CODE = YES;
				CLANG_WARN__DUPLICATE_METHOD_MATCH = YES;
				"CODE_SIGN_IDENTITY[sdk=iphoneos*]" = "iPhone Developer";
				COPY_PHASE_STRIP = NO;
				DEBUG_INFORMATION_FORMAT = dwarf;
				ENABLE_STRICT_OBJC_MSGSEND = YES;
				ENABLE_TESTABILITY = YES;
				GCC_C_LANGUAGE_STANDARD = gnu99;
				GCC_DYNAMIC_NO_PIC = NO;
				GCC_NO_COMMON_BLOCKS = YES;
				GCC_OPTIMIZATION_LEVEL = 0;
				GCC_PREPROCESSOR_DEFINITIONS = (
					"DEBUG=1",
					"$(inherited)",
				);
				GCC_WARN_64_TO_32_BIT_CONVERSION = YES;
				GCC_WARN_ABOUT_RETURN_TYPE = YES_ERROR;
				GCC_WARN_UNDECLARED_SELECTOR = YES;
				GCC_WARN_UNINITIALIZED_AUTOS = YES_AGGRESSIVE;
				GCC_WARN_UNUSED_FUNCTION = YES;
				GCC_WARN_UNUSED_VARIABLE = YES;
				IPHONEOS_DEPLOYMENT_TARGET = 8.0;
				MTL_ENABLE_DEBUG_INFO = YES;
				ONLY_ACTIVE_ARCH = YES;
				SDKROOT = iphoneos;
				SWIFT_OPTIMIZATION_LEVEL = "-Onone";
				TARGETED_DEVICE_FAMILY = "1,2";
			};
			name = Debug;
		};
		9642FA281C1B50E700022BC6 /* Release */ = {
			isa = XCBuildConfiguration;
			buildSettings = {
				ALWAYS_SEARCH_USER_PATHS = NO;
				CLANG_CXX_LANGUAGE_STANDARD = "gnu++0x";
				CLANG_CXX_LIBRARY = "libc++";
				CLANG_ENABLE_MODULES = YES;
				CLANG_ENABLE_OBJC_ARC = YES;
				CLANG_WARN_BOOL_CONVERSION = YES;
				CLANG_WARN_CONSTANT_CONVERSION = YES;
				CLANG_WARN_DIRECT_OBJC_ISA_USAGE = YES_ERROR;
				CLANG_WARN_EMPTY_BODY = YES;
				CLANG_WARN_ENUM_CONVERSION = YES;
				CLANG_WARN_INT_CONVERSION = YES;
				CLANG_WARN_OBJC_ROOT_CLASS = YES_ERROR;
				CLANG_WARN_UNREACHABLE_CODE = YES;
				CLANG_WARN__DUPLICATE_METHOD_MATCH = YES;
				"CODE_SIGN_IDENTITY[sdk=iphoneos*]" = "iPhone Developer";
				COPY_PHASE_STRIP = NO;
				DEBUG_INFORMATION_FORMAT = "dwarf-with-dsym";
				ENABLE_NS_ASSERTIONS = NO;
				ENABLE_STRICT_OBJC_MSGSEND = YES;
				GCC_C_LANGUAGE_STANDARD = gnu99;
				GCC_NO_COMMON_BLOCKS = YES;
				GCC_WARN_64_TO_32_BIT_CONVERSION = YES;
				GCC_WARN_ABOUT_RETURN_TYPE = YES_ERROR;
				GCC_WARN_UNDECLARED_SELECTOR = YES;
				GCC_WARN_UNINITIALIZED_AUTOS = YES_AGGRESSIVE;
				GCC_WARN_UNUSED_FUNCTION = YES;
				GCC_WARN_UNUSED_VARIABLE = YES;
				IPHONEOS_DEPLOYMENT_TARGET = 8.0;
				MTL_ENABLE_DEBUG_INFO = NO;
				SDKROOT = iphoneos;
				TARGETED_DEVICE_FAMILY = "1,2";
				VALIDATE_PRODUCT = YES;
			};
			name = Release;
		};
		9642FA2A1C1B50E700022BC6 /* Debug */ = {
			isa = XCBuildConfiguration;
			buildSettings = {
				ASSETCATALOG_COMPILER_APPICON_NAME = AppIcon;
				INFOPLIST_FILE = SideNavigationViewController/Info.plist;
				LD_RUNPATH_SEARCH_PATHS = "$(inherited) @executable_path/Frameworks";
				PRODUCT_BUNDLE_IDENTIFIER = io.cosmicmind.SideNavigationViewController;
				PRODUCT_NAME = "$(TARGET_NAME)";
			};
			name = Debug;
		};
		9642FA2B1C1B50E700022BC6 /* Release */ = {
			isa = XCBuildConfiguration;
			buildSettings = {
				ASSETCATALOG_COMPILER_APPICON_NAME = AppIcon;
				INFOPLIST_FILE = SideNavigationViewController/Info.plist;
				LD_RUNPATH_SEARCH_PATHS = "$(inherited) @executable_path/Frameworks";
				PRODUCT_BUNDLE_IDENTIFIER = io.cosmicmind.SideNavigationViewController;
				PRODUCT_NAME = "$(TARGET_NAME)";
			};
			name = Release;
		};
/* End XCBuildConfiguration section */

/* Begin XCConfigurationList section */
		9642FA121C1B50E700022BC6 /* Build configuration list for PBXProject "SideNavigationViewController" */ = {
			isa = XCConfigurationList;
			buildConfigurations = (
				9642FA271C1B50E700022BC6 /* Debug */,
				9642FA281C1B50E700022BC6 /* Release */,
			);
			defaultConfigurationIsVisible = 0;
			defaultConfigurationName = Release;
		};
		9642FA291C1B50E700022BC6 /* Build configuration list for PBXNativeTarget "SideNavigationViewController" */ = {
			isa = XCConfigurationList;
			buildConfigurations = (
				9642FA2A1C1B50E700022BC6 /* Debug */,
				9642FA2B1C1B50E700022BC6 /* Release */,
			);
			defaultConfigurationIsVisible = 0;
			defaultConfigurationName = Release;
		};
/* End XCConfigurationList section */
	};
	rootObject = 9642FA0F1C1B50E700022BC6 /* Project object */;
}
