// !$*UTF8*$!
{
	archiveVersion = 1;
	classes = {
	};
	objectVersion = 46;
	objects = {

/* Begin PBXBuildFile section */
		96A71ED51C6FFF7300C0C4AE /* AppDelegate.swift in Sources */ = {isa = PBXBuildFile; fileRef = 96A71ED41C6FFF7300C0C4AE /* AppDelegate.swift */; };
		96A71ED71C6FFF7300C0C4AE /* ViewController.swift in Sources */ = {isa = PBXBuildFile; fileRef = 96A71ED61C6FFF7300C0C4AE /* ViewController.swift */; };
		96A71EDC1C6FFF7300C0C4AE /* Assets.xcassets in Resources */ = {isa = PBXBuildFile; fileRef = 96A71EDB1C6FFF7300C0C4AE /* Assets.xcassets */; };
		96A71EDF1C6FFF7300C0C4AE /* LaunchScreen.storyboard in Resources */ = {isa = PBXBuildFile; fileRef = 96A71EDD1C6FFF7300C0C4AE /* LaunchScreen.storyboard */; };
/* End PBXBuildFile section */

/* Begin PBXCopyFilesBuildPhase section */
		96A71EE91C70007600C0C4AE /* Embed Frameworks */ = {
			isa = PBXCopyFilesBuildPhase;
			buildActionMask = 2147483647;
			dstPath = "";
			dstSubfolderSpec = 10;
			files = (
			);
			name = "Embed Frameworks";
			runOnlyForDeploymentPostprocessing = 0;
		};
/* End PBXCopyFilesBuildPhase section */

/* Begin PBXFileReference section */
		96A71ED11C6FFF7300C0C4AE /* MaterialSwitch.app */ = {isa = PBXFileReference; explicitFileType = wrapper.application; includeInIndex = 0; path = MaterialSwitch.app; sourceTree = BUILT_PRODUCTS_DIR; };
		96A71ED41C6FFF7300C0C4AE /* AppDelegate.swift */ = {isa = PBXFileReference; lastKnownFileType = sourcecode.swift; path = AppDelegate.swift; sourceTree = "<group>"; };
		96A71ED61C6FFF7300C0C4AE /* ViewController.swift */ = {isa = PBXFileReference; lastKnownFileType = sourcecode.swift; path = ViewController.swift; sourceTree = "<group>"; };
		96A71EDB1C6FFF7300C0C4AE /* Assets.xcassets */ = {isa = PBXFileReference; lastKnownFileType = folder.assetcatalog; path = Assets.xcassets; sourceTree = "<group>"; };
		96A71EDE1C6FFF7300C0C4AE /* Base */ = {isa = PBXFileReference; lastKnownFileType = file.storyboard; name = Base; path = Base.lproj/LaunchScreen.storyboard; sourceTree = "<group>"; };
		96A71EE01C6FFF7300C0C4AE /* Info.plist */ = {isa = PBXFileReference; lastKnownFileType = text.plist.xml; path = Info.plist; sourceTree = "<group>"; };
/* End PBXFileReference section */

/* Begin PBXFrameworksBuildPhase section */
		96A71ECE1C6FFF7300C0C4AE /* Frameworks */ = {
			isa = PBXFrameworksBuildPhase;
			buildActionMask = 2147483647;
			files = (
			);
			runOnlyForDeploymentPostprocessing = 0;
		};
/* End PBXFrameworksBuildPhase section */

/* Begin PBXGroup section */
		96A71EC81C6FFF7300C0C4AE = {
			isa = PBXGroup;
			children = (
				96A71ED31C6FFF7300C0C4AE /* MaterialSwitch */,
				96A71ED21C6FFF7300C0C4AE /* Products */,
			);
			sourceTree = "<group>";
		};
		96A71ED21C6FFF7300C0C4AE /* Products */ = {
			isa = PBXGroup;
			children = (
				96A71ED11C6FFF7300C0C4AE /* MaterialSwitch.app */,
			);
			name = Products;
			sourceTree = "<group>";
		};
		96A71ED31C6FFF7300C0C4AE /* MaterialSwitch */ = {
			isa = PBXGroup;
			children = (
				96A71ED41C6FFF7300C0C4AE /* AppDelegate.swift */,
				96A71ED61C6FFF7300C0C4AE /* ViewController.swift */,
				96A71EDB1C6FFF7300C0C4AE /* Assets.xcassets */,
				96A71EDD1C6FFF7300C0C4AE /* LaunchScreen.storyboard */,
				96A71EE01C6FFF7300C0C4AE /* Info.plist */,
			);
			path = MaterialSwitch;
			sourceTree = "<group>";
		};
/* End PBXGroup section */

/* Begin PBXNativeTarget section */
		96A71ED01C6FFF7300C0C4AE /* MaterialSwitch */ = {
			isa = PBXNativeTarget;
			buildConfigurationList = 96A71EE31C6FFF7300C0C4AE /* Build configuration list for PBXNativeTarget "MaterialSwitch" */;
			buildPhases = (
				96A71ECD1C6FFF7300C0C4AE /* Sources */,
				96A71ECE1C6FFF7300C0C4AE /* Frameworks */,
				96A71ECF1C6FFF7300C0C4AE /* Resources */,
				96A71EE91C70007600C0C4AE /* Embed Frameworks */,
			);
			buildRules = (
			);
			dependencies = (
			);
			name = MaterialSwitch;
			productName = MaterialSwitch;
			productReference = 96A71ED11C6FFF7300C0C4AE /* MaterialSwitch.app */;
			productType = "com.apple.product-type.application";
		};
/* End PBXNativeTarget section */

/* Begin PBXProject section */
		96A71EC91C6FFF7300C0C4AE /* Project object */ = {
			isa = PBXProject;
			attributes = {
				LastSwiftUpdateCheck = 0720;
				LastUpgradeCheck = 0720;
				ORGANIZATIONNAME = "CosmicMind, Inc.";
				TargetAttributes = {
					96A71ED01C6FFF7300C0C4AE = {
						CreatedOnToolsVersion = 7.2;
					};
				};
			};
			buildConfigurationList = 96A71ECC1C6FFF7300C0C4AE /* Build configuration list for PBXProject "MaterialSwitch" */;
			compatibilityVersion = "Xcode 3.2";
			developmentRegion = English;
			hasScannedForEncodings = 0;
			knownRegions = (
				en,
				Base,
			);
			mainGroup = 96A71EC81C6FFF7300C0C4AE;
			productRefGroup = 96A71ED21C6FFF7300C0C4AE /* Products */;
			projectDirPath = "";
			projectRoot = "";
			targets = (
				96A71ED01C6FFF7300C0C4AE /* MaterialSwitch */,
			);
		};
/* End PBXProject section */

/* Begin PBXResourcesBuildPhase section */
		96A71ECF1C6FFF7300C0C4AE /* Resources */ = {
			isa = PBXResourcesBuildPhase;
			buildActionMask = 2147483647;
			files = (
				96A71EDF1C6FFF7300C0C4AE /* LaunchScreen.storyboard in Resources */,
				96A71EDC1C6FFF7300C0C4AE /* Assets.xcassets in Resources */,
			);
			runOnlyForDeploymentPostprocessing = 0;
		};
/* End PBXResourcesBuildPhase section */

/* Begin PBXSourcesBuildPhase section */
		96A71ECD1C6FFF7300C0C4AE /* Sources */ = {
			isa = PBXSourcesBuildPhase;
			buildActionMask = 2147483647;
			files = (
				96A71ED71C6FFF7300C0C4AE /* ViewController.swift in Sources */,
				96A71ED51C6FFF7300C0C4AE /* AppDelegate.swift in Sources */,
			);
			runOnlyForDeploymentPostprocessing = 0;
		};
/* End PBXSourcesBuildPhase section */

/* Begin PBXVariantGroup section */
		96A71EDD1C6FFF7300C0C4AE /* LaunchScreen.storyboard */ = {
			isa = PBXVariantGroup;
			children = (
				96A71EDE1C6FFF7300C0C4AE /* Base */,
			);
			name = LaunchScreen.storyboard;
			sourceTree = "<group>";
		};
/* End PBXVariantGroup section */

/* Begin XCBuildConfiguration section */
		96A71EE11C6FFF7300C0C4AE /* Debug */ = {
			isa = XCBuildConfiguration;
			buildSettings = {
				ALWAYS_SEARCH_USER_PATHS = NO;
				CLANG_CXX_LANGUAGE_STANDARD = "gnu++0x";
				CLANG_CXX_LIBRARY = "libc++";
				CLANG_ENABLE_MODULES = YES;
				CLANG_ENABLE_OBJC_ARC = YES;
				CLANG_WARN_BOOL_CONVERSION = YES;
				CLANG_WARN_CONSTANT_CONVERSION = YES;
				CLANG_WARN_DIRECT_OBJC_ISA_USAGE = YES_ERROR;
				CLANG_WARN_EMPTY_BODY = YES;
				CLANG_WARN_ENUM_CONVERSION = YES;
				CLANG_WARN_INT_CONVERSION = YES;
				CLANG_WARN_OBJC_ROOT_CLASS = YES_ERROR;
				CLANG_WARN_UNREACHABLE_CODE = YES;
				CLANG_WARN__DUPLICATE_METHOD_MATCH = YES;
				"CODE_SIGN_IDENTITY[sdk=iphoneos*]" = "iPhone Developer";
				COPY_PHASE_STRIP = NO;
				DEBUG_INFORMATION_FORMAT = dwarf;
				ENABLE_STRICT_OBJC_MSGSEND = YES;
				ENABLE_TESTABILITY = YES;
				GCC_C_LANGUAGE_STANDARD = gnu99;
				GCC_DYNAMIC_NO_PIC = NO;
				GCC_NO_COMMON_BLOCKS = YES;
				GCC_OPTIMIZATION_LEVEL = 0;
				GCC_PREPROCESSOR_DEFINITIONS = (
					"DEBUG=1",
					"$(inherited)",
				);
				GCC_WARN_64_TO_32_BIT_CONVERSION = YES;
				GCC_WARN_ABOUT_RETURN_TYPE = YES_ERROR;
				GCC_WARN_UNDECLARED_SELECTOR = YES;
				GCC_WARN_UNINITIALIZED_AUTOS = YES_AGGRESSIVE;
				GCC_WARN_UNUSED_FUNCTION = YES;
				GCC_WARN_UNUSED_VARIABLE = YES;
				IPHONEOS_DEPLOYMENT_TARGET = 8.0;
				MTL_ENABLE_DEBUG_INFO = YES;
				ONLY_ACTIVE_ARCH = YES;
				SDKROOT = iphoneos;
				SWIFT_OPTIMIZATION_LEVEL = "-Onone";
				TARGETED_DEVICE_FAMILY = "1,2";
			};
			name = Debug;
		};
		96A71EE21C6FFF7300C0C4AE /* Release */ = {
			isa = XCBuildConfiguration;
			buildSettings = {
				ALWAYS_SEARCH_USER_PATHS = NO;
				CLANG_CXX_LANGUAGE_STANDARD = "gnu++0x";
				CLANG_CXX_LIBRARY = "libc++";
				CLANG_ENABLE_MODULES = YES;
				CLANG_ENABLE_OBJC_ARC = YES;
				CLANG_WARN_BOOL_CONVERSION = YES;
				CLANG_WARN_CONSTANT_CONVERSION = YES;
				CLANG_WARN_DIRECT_OBJC_ISA_USAGE = YES_ERROR;
				CLANG_WARN_EMPTY_BODY = YES;
				CLANG_WARN_ENUM_CONVERSION = YES;
				CLANG_WARN_INT_CONVERSION = YES;
				CLANG_WARN_OBJC_ROOT_CLASS = YES_ERROR;
				CLANG_WARN_UNREACHABLE_CODE = YES;
				CLANG_WARN__DUPLICATE_METHOD_MATCH = YES;
				"CODE_SIGN_IDENTITY[sdk=iphoneos*]" = "iPhone Developer";
				COPY_PHASE_STRIP = NO;
				DEBUG_INFORMATION_FORMAT = "dwarf-with-dsym";
				ENABLE_NS_ASSERTIONS = NO;
				ENABLE_STRICT_OBJC_MSGSEND = YES;
				GCC_C_LANGUAGE_STANDARD = gnu99;
				GCC_NO_COMMON_BLOCKS = YES;
				GCC_WARN_64_TO_32_BIT_CONVERSION = YES;
				GCC_WARN_ABOUT_RETURN_TYPE = YES_ERROR;
				GCC_WARN_UNDECLARED_SELECTOR = YES;
				GCC_WARN_UNINITIALIZED_AUTOS = YES_AGGRESSIVE;
				GCC_WARN_UNUSED_FUNCTION = YES;
				GCC_WARN_UNUSED_VARIABLE = YES;
				IPHONEOS_DEPLOYMENT_TARGET = 8.0;
				MTL_ENABLE_DEBUG_INFO = NO;
				SDKROOT = iphoneos;
				TARGETED_DEVICE_FAMILY = "1,2";
				VALIDATE_PRODUCT = YES;
			};
			name = Release;
		};
		96A71EE41C6FFF7300C0C4AE /* Debug */ = {
			isa = XCBuildConfiguration;
			buildSettings = {
				ASSETCATALOG_COMPILER_APPICON_NAME = AppIcon;
				INFOPLIST_FILE = MaterialSwitch/Info.plist;
				LD_RUNPATH_SEARCH_PATHS = "$(inherited) @executable_path/Frameworks";
				PRODUCT_BUNDLE_IDENTIFIER = io.cosmicmind.MaterialSwitch;
				PRODUCT_NAME = "$(TARGET_NAME)";
			};
			name = Debug;
		};
		96A71EE51C6FFF7300C0C4AE /* Release */ = {
			isa = XCBuildConfiguration;
			buildSettings = {
				ASSETCATALOG_COMPILER_APPICON_NAME = AppIcon;
				INFOPLIST_FILE = MaterialSwitch/Info.plist;
				LD_RUNPATH_SEARCH_PATHS = "$(inherited) @executable_path/Frameworks";
				PRODUCT_BUNDLE_IDENTIFIER = io.cosmicmind.MaterialSwitch;
				PRODUCT_NAME = "$(TARGET_NAME)";
			};
			name = Release;
		};
/* End XCBuildConfiguration section */

/* Begin XCConfigurationList section */
		96A71ECC1C6FFF7300C0C4AE /* Build configuration list for PBXProject "MaterialSwitch" */ = {
			isa = XCConfigurationList;
			buildConfigurations = (
				96A71EE11C6FFF7300C0C4AE /* Debug */,
				96A71EE21C6FFF7300C0C4AE /* Release */,
			);
			defaultConfigurationIsVisible = 0;
			defaultConfigurationName = Release;
		};
		96A71EE31C6FFF7300C0C4AE /* Build configuration list for PBXNativeTarget "MaterialSwitch" */ = {
			isa = XCConfigurationList;
			buildConfigurations = (
				96A71EE41C6FFF7300C0C4AE /* Debug */,
				96A71EE51C6FFF7300C0C4AE /* Release */,
			);
			defaultConfigurationIsVisible = 0;
			defaultConfigurationName = Release;
		};
/* End XCConfigurationList section */
	};
	rootObject = 96A71EC91C6FFF7300C0C4AE /* Project object */;
}
