// !$*UTF8*$!
{
	archiveVersion = 1;
	classes = {
	};
	objectVersion = 46;
	objects = {

/* Begin PBXBuildFile section */
		961154CC1F32A7B100A78D74 /* ChipBar.swift in Sources */ = {isa = PBXBuildFile; fileRef = 961154CB1F32A7B100A78D74 /* ChipBar.swift */; };
		961527B91F3A509900E8B2AC /* ChipBarController.swift in Sources */ = {isa = PBXBuildFile; fileRef = 961527B81F3A509900E8B2AC /* ChipBarController.swift */; };
		9617B07D1DFCA8CF00410F8F /* Application.swift in Headers */ = {isa = PBXBuildFile; fileRef = 961E6BDE1DDA2A95004E6C93 /* Application.swift */; settings = {ATTRIBUTES = (Public, ); }; };
		9617B07E1DFCA8CF00410F8F /* Card.swift in Headers */ = {isa = PBXBuildFile; fileRef = 96BCB75D1CB40DC500C806FE /* Card.swift */; settings = {ATTRIBUTES = (Public, ); }; };
		9617B07F1DFCA8CF00410F8F /* ImageCard.swift in Headers */ = {isa = PBXBuildFile; fileRef = 96BCB7621CB40DC500C806FE /* ImageCard.swift */; settings = {ATTRIBUTES = (Public, ); }; };
		9617B0801DFCA8CF00410F8F /* PresenterCard.swift in Headers */ = {isa = PBXBuildFile; fileRef = 9631A7C01D95E3AC00CFB109 /* PresenterCard.swift */; settings = {ATTRIBUTES = (Public, ); }; };
		9617B0861DFCA8CF00410F8F /* HeightPreset.swift in Headers */ = {isa = PBXBuildFile; fileRef = 9626CB9A1DAD3D1D003E2611 /* HeightPreset.swift */; settings = {ATTRIBUTES = (Public, ); }; };
		9617B08A1DFCA8CF00410F8F /* DisplayStyle.swift in Headers */ = {isa = PBXBuildFile; fileRef = 9626CA961DAB53A8003E2611 /* DisplayStyle.swift */; settings = {ATTRIBUTES = (Public, ); }; };
		9617B08B1DFCA8CF00410F8F /* Screen.swift in Headers */ = {isa = PBXBuildFile; fileRef = 961E6BE11DDA2AF3004E6C93 /* Screen.swift */; settings = {ATTRIBUTES = (Public, ); }; };
		9617B08C1DFCA8CF00410F8F /* SearchBar.swift in Headers */ = {isa = PBXBuildFile; fileRef = 96BCB7951CB40DC500C806FE /* SearchBar.swift */; settings = {ATTRIBUTES = (Public, ); }; };
		9617B08D1DFCA8CF00410F8F /* SearchBarController.swift in Headers */ = {isa = PBXBuildFile; fileRef = 96BCB7961CB40DC500C806FE /* SearchBarController.swift */; settings = {ATTRIBUTES = (Public, ); }; };
		9617B08E1DFCA8CF00410F8F /* TabBar.swift in Headers */ = {isa = PBXBuildFile; fileRef = 96BCB79A1CB40DC500C806FE /* TabBar.swift */; settings = {ATTRIBUTES = (Public, ); }; };
		9617B08F1DFCA8CF00410F8F /* Material+NSMutableAttributedString.swift in Headers */ = {isa = PBXBuildFile; fileRef = 961276621DCD8B1800A7D920 /* Material+NSMutableAttributedString.swift */; settings = {ATTRIBUTES = (Public, ); }; };
		9617B0901DFCA8CF00410F8F /* Toolbar.swift in Headers */ = {isa = PBXBuildFile; fileRef = 96BCB79F1CB40DC500C806FE /* Toolbar.swift */; settings = {ATTRIBUTES = (Public, ); }; };
		9617B0911DFCA8CF00410F8F /* ToolbarController.swift in Headers */ = {isa = PBXBuildFile; fileRef = 96BCB7A01CB40DC500C806FE /* ToolbarController.swift */; settings = {ATTRIBUTES = (Public, ); }; };
		9618006D1F4D384200CD77A1 /* Material+UIViewController.swift in Sources */ = {isa = PBXBuildFile; fileRef = 9618006C1F4D384200CD77A1 /* Material+UIViewController.swift */; };
		9618006E1F4D38BC00CD77A1 /* ChipBar.swift in Headers */ = {isa = PBXBuildFile; fileRef = 961154CB1F32A7B100A78D74 /* ChipBar.swift */; settings = {ATTRIBUTES = (Public, ); }; };
		9618006F1F4D38BC00CD77A1 /* ChipBarController.swift in Headers */ = {isa = PBXBuildFile; fileRef = 961527B81F3A509900E8B2AC /* ChipBarController.swift */; settings = {ATTRIBUTES = (Public, ); }; };
		961800701F4D38BC00CD77A1 /* Material+UIViewController.swift in Headers */ = {isa = PBXBuildFile; fileRef = 9618006C1F4D384200CD77A1 /* Material+UIViewController.swift */; settings = {ATTRIBUTES = (Public, ); }; };
		961E6BDF1DDA2A95004E6C93 /* Application.swift in Sources */ = {isa = PBXBuildFile; fileRef = 961E6BDE1DDA2A95004E6C93 /* Application.swift */; };
		961E6BE21DDA2AF3004E6C93 /* Screen.swift in Sources */ = {isa = PBXBuildFile; fileRef = 961E6BE11DDA2AF3004E6C93 /* Screen.swift */; };
		96328B7A1E020A41009A4C90 /* CollectionViewController.swift in Sources */ = {isa = PBXBuildFile; fileRef = 96328B791E020A41009A4C90 /* CollectionViewController.swift */; };
		96328B971E05C0BB009A4C90 /* TableView.swift in Sources */ = {isa = PBXBuildFile; fileRef = 96328B961E05C0BB009A4C90 /* TableView.swift */; };
		96328B991E05C0CE009A4C90 /* TableViewController.swift in Sources */ = {isa = PBXBuildFile; fileRef = 96328B981E05C0CE009A4C90 /* TableViewController.swift */; };
		96328B9B1E05C24E009A4C90 /* CollectionViewController.swift in Headers */ = {isa = PBXBuildFile; fileRef = 96328B791E020A41009A4C90 /* CollectionViewController.swift */; settings = {ATTRIBUTES = (Public, ); }; };
		96328B9E1E05C24E009A4C90 /* TableView.swift in Headers */ = {isa = PBXBuildFile; fileRef = 96328B961E05C0BB009A4C90 /* TableView.swift */; settings = {ATTRIBUTES = (Public, ); }; };
		96328B9F1E05C24E009A4C90 /* TableViewController.swift in Headers */ = {isa = PBXBuildFile; fileRef = 96328B981E05C0CE009A4C90 /* TableViewController.swift */; settings = {ATTRIBUTES = (Public, ); }; };
		96334EF61C8B84660083986B /* Assets.xcassets in Resources */ = {isa = PBXBuildFile; fileRef = 96334EF51C8B84660083986B /* Assets.xcassets */; };
		9656895F1F002F16001C656D /* CardCollectionViewCell.swift in Sources */ = {isa = PBXBuildFile; fileRef = 9656895E1F002F16001C656D /* CardCollectionViewCell.swift */; };
		965689611F002F4C001C656D /* CardCollectionViewController.swift in Sources */ = {isa = PBXBuildFile; fileRef = 965689601F002F4C001C656D /* CardCollectionViewController.swift */; };
		965E80CC1DD4C50600D61E4B /* Bar.swift in Sources */ = {isa = PBXBuildFile; fileRef = 96BCB7981CB40DC500C806FE /* Bar.swift */; };
		965E80CD1DD4C50600D61E4B /* Button.swift in Sources */ = {isa = PBXBuildFile; fileRef = 96BCB7701CB40DC500C806FE /* Button.swift */; };
		965E80CE1DD4C50600D61E4B /* FABButton.swift in Sources */ = {isa = PBXBuildFile; fileRef = 96BCB75F1CB40DC500C806FE /* FABButton.swift */; };
		965E80CF1DD4C50600D61E4B /* FlatButton.swift in Sources */ = {isa = PBXBuildFile; fileRef = 96BCB7601CB40DC500C806FE /* FlatButton.swift */; };
		965E80D01DD4C50600D61E4B /* RaisedButton.swift in Sources */ = {isa = PBXBuildFile; fileRef = 96BCB7931CB40DC500C806FE /* RaisedButton.swift */; };
		965E80D11DD4C50600D61E4B /* IconButton.swift in Sources */ = {isa = PBXBuildFile; fileRef = 9658F2161CD6FA4700B902C1 /* IconButton.swift */; };
		965E80D21DD4C50600D61E4B /* Color.swift in Sources */ = {isa = PBXBuildFile; fileRef = 96BCB7761CB40DC500C806FE /* Color.swift */; };
		965E80D31DD4C50600D61E4B /* Device.swift in Sources */ = {isa = PBXBuildFile; fileRef = 96BCB7791CB40DC500C806FE /* Device.swift */; };
		965E80D41DD4C50600D61E4B /* Divider.swift in Sources */ = {isa = PBXBuildFile; fileRef = 96230AB71D6A520C00AF47DC /* Divider.swift */; };
		965E80D51DD4C50600D61E4B /* Grid.swift in Sources */ = {isa = PBXBuildFile; fileRef = 96BCB7611CB40DC500C806FE /* Grid.swift */; };
		965E80D61DD4C50600D61E4B /* HeightPreset.swift in Sources */ = {isa = PBXBuildFile; fileRef = 9626CB9A1DAD3D1D003E2611 /* HeightPreset.swift */; };
		965E80D71DD4C50600D61E4B /* Icon.swift in Sources */ = {isa = PBXBuildFile; fileRef = 96BCB77D1CB40DC500C806FE /* Icon.swift */; };
		965E80D81DD4C50600D61E4B /* Layer.swift in Sources */ = {isa = PBXBuildFile; fileRef = 96BCB7801CB40DC500C806FE /* Layer.swift */; };
		965E80D91DD4C50600D61E4B /* Layout.swift in Sources */ = {isa = PBXBuildFile; fileRef = 96BCB7811CB40DC500C806FE /* Layout.swift */; };
		965E80DA1DD4C50600D61E4B /* Border.swift in Sources */ = {isa = PBXBuildFile; fileRef = 96BCB76F1CB40DC500C806FE /* Border.swift */; };
		965E80DB1DD4C50600D61E4B /* InterimSpace.swift in Sources */ = {isa = PBXBuildFile; fileRef = 96BCB7871CB40DC500C806FE /* InterimSpace.swift */; };
		965E80DC1DD4C50600D61E4B /* Depth.swift in Sources */ = {isa = PBXBuildFile; fileRef = 96BCB7781CB40DC500C806FE /* Depth.swift */; };
		965E80DD1DD4C50600D61E4B /* EdgeInsets.swift in Sources */ = {isa = PBXBuildFile; fileRef = 96BCB77A1CB40DC500C806FE /* EdgeInsets.swift */; };
		965E80DF1DD4C50600D61E4B /* CornerRadius.swift in Sources */ = {isa = PBXBuildFile; fileRef = 96BCB7851CB40DC500C806FE /* CornerRadius.swift */; };
		965E80E01DD4C50600D61E4B /* Shape.swift in Sources */ = {isa = PBXBuildFile; fileRef = 96BCB7861CB40DC500C806FE /* Shape.swift */; };
		965E80E11DD4C50600D61E4B /* Offset.swift in Sources */ = {isa = PBXBuildFile; fileRef = 968C99461D377849000074FF /* Offset.swift */; };
		965E80E21DD4C50600D61E4B /* View.swift in Sources */ = {isa = PBXBuildFile; fileRef = 96BCB78C1CB40DC500C806FE /* View.swift */; };
		965E80E41DD4C53300D61E4B /* PulseView.swift in Sources */ = {isa = PBXBuildFile; fileRef = 96BCB7841CB40DC500C806FE /* PulseView.swift */; };
		965E80E51DD4C53300D61E4B /* PulseAnimation.swift in Sources */ = {isa = PBXBuildFile; fileRef = 96BCB7821CB40DC500C806FE /* PulseAnimation.swift */; };
		965E80E71DD4C55200D61E4B /* Material+UIView.swift in Sources */ = {isa = PBXBuildFile; fileRef = 96E3C3931D397AE90086A024 /* Material+UIView.swift */; };
		965E80E81DD4C55200D61E4B /* Material+CALayer.swift in Sources */ = {isa = PBXBuildFile; fileRef = 96F1DC871D654FDF0025F925 /* Material+CALayer.swift */; };
		965E80E91DD4C55200D61E4B /* Material+String.swift in Sources */ = {isa = PBXBuildFile; fileRef = 96BCB7641CB40DC500C806FE /* Material+String.swift */; };
		965E80EA1DD4C55200D61E4B /* Material+UIFont.swift in Sources */ = {isa = PBXBuildFile; fileRef = 96BCB7651CB40DC500C806FE /* Material+UIFont.swift */; };
		965E80EB1DD4C55200D61E4B /* Material+UIImage.swift in Sources */ = {isa = PBXBuildFile; fileRef = 96BCB76C1CB40DC500C806FE /* Material+UIImage.swift */; };
		965E80EC1DD4C55200D61E4B /* Material+Array.swift in Sources */ = {isa = PBXBuildFile; fileRef = 96C1C8801D42C62800E6608F /* Material+Array.swift */; };
		965E80ED1DD4C55200D61E4B /* Material+UIWindow.swift in Sources */ = {isa = PBXBuildFile; fileRef = 962864591D53FE3E00690B69 /* Material+UIWindow.swift */; };
		965E80F71DD4D59500D61E4B /* Card.swift in Sources */ = {isa = PBXBuildFile; fileRef = 96BCB75D1CB40DC500C806FE /* Card.swift */; };
		965E80F81DD4D59500D61E4B /* ImageCard.swift in Sources */ = {isa = PBXBuildFile; fileRef = 96BCB7621CB40DC500C806FE /* ImageCard.swift */; };
		965E80F91DD4D59500D61E4B /* PresenterCard.swift in Sources */ = {isa = PBXBuildFile; fileRef = 9631A7C01D95E3AC00CFB109 /* PresenterCard.swift */; };
		965E80FB1DD4D59500D61E4B /* SearchBar.swift in Sources */ = {isa = PBXBuildFile; fileRef = 96BCB7951CB40DC500C806FE /* SearchBar.swift */; };
		965E80FC1DD4D59500D61E4B /* SearchBarController.swift in Sources */ = {isa = PBXBuildFile; fileRef = 96BCB7961CB40DC500C806FE /* SearchBarController.swift */; };
		965E80FD1DD4D59500D61E4B /* Toolbar.swift in Sources */ = {isa = PBXBuildFile; fileRef = 96BCB79F1CB40DC500C806FE /* Toolbar.swift */; };
		965E80FE1DD4D59500D61E4B /* ToolbarController.swift in Sources */ = {isa = PBXBuildFile; fileRef = 96BCB7A01CB40DC500C806FE /* ToolbarController.swift */; };
		965E80FF1DD4D5C800D61E4B /* BottomNavigationController.swift in Sources */ = {isa = PBXBuildFile; fileRef = 96BCB7581CB40DC500C806FE /* BottomNavigationController.swift */; };
		965E81031DD4D5C800D61E4B /* CollectionView.swift in Sources */ = {isa = PBXBuildFile; fileRef = 96BCB7711CB40DC500C806FE /* CollectionView.swift */; };
		965E81041DD4D5C800D61E4B /* CollectionViewCell.swift in Sources */ = {isa = PBXBuildFile; fileRef = 96BCB7721CB40DC500C806FE /* CollectionViewCell.swift */; };
		965E81071DD4D5C800D61E4B /* CollectionViewLayout.swift in Sources */ = {isa = PBXBuildFile; fileRef = 96BCB7751CB40DC500C806FE /* CollectionViewLayout.swift */; };
		965E81081DD4D5C800D61E4B /* CollectionReusableView.swift in Sources */ = {isa = PBXBuildFile; fileRef = 966ECF291CF4C20100BB0BDF /* CollectionReusableView.swift */; };
		965E81091DD4D5C800D61E4B /* DataSourceItem.swift in Sources */ = {isa = PBXBuildFile; fileRef = 96BCB7771CB40DC500C806FE /* DataSourceItem.swift */; };
		965E810A1DD4D5C800D61E4B /* Font.swift in Sources */ = {isa = PBXBuildFile; fileRef = 96BCB77B1CB40DC500C806FE /* Font.swift */; };
		965E810B1DD4D5C800D61E4B /* RobotoFont.swift in Sources */ = {isa = PBXBuildFile; fileRef = 96BCB7941CB40DC500C806FE /* RobotoFont.swift */; };
		965E810C1DD4D5C800D61E4B /* DynamicFontType.swift in Sources */ = {isa = PBXBuildFile; fileRef = 9628645E1D540AF300690B69 /* DynamicFontType.swift */; };
		965E81101DD4D5C800D61E4B /* NavigationBar.swift in Sources */ = {isa = PBXBuildFile; fileRef = 96BCB7901CB40DC500C806FE /* NavigationBar.swift */; };
		965E81111DD4D5C800D61E4B /* NavigationController.swift in Sources */ = {isa = PBXBuildFile; fileRef = 96BCB7911CB40DC500C806FE /* NavigationController.swift */; };
		965E81121DD4D5C800D61E4B /* NavigationItem.swift in Sources */ = {isa = PBXBuildFile; fileRef = 96BCB7921CB40DC500C806FE /* NavigationItem.swift */; };
		965E81131DD4D5C800D61E4B /* NavigationDrawerController.swift in Sources */ = {isa = PBXBuildFile; fileRef = 96BCB7971CB40DC500C806FE /* NavigationDrawerController.swift */; };
		965E81161DD4D5C800D61E4B /* DisplayStyle.swift in Sources */ = {isa = PBXBuildFile; fileRef = 9626CA961DAB53A8003E2611 /* DisplayStyle.swift */; };
		965E81171DD4D5C800D61E4B /* TransitionController.swift in Sources */ = {isa = PBXBuildFile; fileRef = 96BCB7991CB40DC500C806FE /* TransitionController.swift */; };
		965E81181DD4D5C800D61E4B /* Snackbar.swift in Sources */ = {isa = PBXBuildFile; fileRef = 963FBEFC1D669510008F8512 /* Snackbar.swift */; };
		965E81191DD4D5C800D61E4B /* SnackbarController.swift in Sources */ = {isa = PBXBuildFile; fileRef = 961EFC571D738FF600E84652 /* SnackbarController.swift */; };
		965E811A1DD4D5C800D61E4B /* StatusBarController.swift in Sources */ = {isa = PBXBuildFile; fileRef = 967A48181D0F425A00B8CEB7 /* StatusBarController.swift */; };
		965E811B1DD4D5C800D61E4B /* Switch.swift in Sources */ = {isa = PBXBuildFile; fileRef = 96BCB7881CB40DC500C806FE /* Switch.swift */; };
		965E811C1DD4D5C800D61E4B /* TabBar.swift in Sources */ = {isa = PBXBuildFile; fileRef = 96BCB79A1CB40DC500C806FE /* TabBar.swift */; };
		965E811D1DD4D5C800D61E4B /* TableViewCell.swift in Sources */ = {isa = PBXBuildFile; fileRef = 96BCB7891CB40DC500C806FE /* TableViewCell.swift */; };
		965E811E1DD4D5C800D61E4B /* TextField.swift in Sources */ = {isa = PBXBuildFile; fileRef = 96BCB79C1CB40DC500C806FE /* TextField.swift */; };
		965E811F1DD4D5C800D61E4B /* ErrorTextField.swift in Sources */ = {isa = PBXBuildFile; fileRef = 961F18E71CD93E3E008927C5 /* ErrorTextField.swift */; };
		965E81211DD4D5C800D61E4B /* TextStorage.swift in Sources */ = {isa = PBXBuildFile; fileRef = 96BCB79D1CB40DC500C806FE /* TextStorage.swift */; };
		965E81221DD4D5C800D61E4B /* TextView.swift in Sources */ = {isa = PBXBuildFile; fileRef = 96BCB79E1CB40DC500C806FE /* TextView.swift */; };
		965E81261DD4D7C800D61E4B /* Material+NSMutableAttributedString.swift in Sources */ = {isa = PBXBuildFile; fileRef = 961276621DCD8B1800A7D920 /* Material+NSMutableAttributedString.swift */; };
		966C17731F0439F600D3E83C /* Material+MotionAnimation.swift in Sources */ = {isa = PBXBuildFile; fileRef = 966C17721F0439F600D3E83C /* Material+MotionAnimation.swift */; };
		9685D5AF1F0F04CB00AFEB79 /* CardCollectionViewCell.swift in Headers */ = {isa = PBXBuildFile; fileRef = 9656895E1F002F16001C656D /* CardCollectionViewCell.swift */; settings = {ATTRIBUTES = (Public, ); }; };
		9685D5B01F0F04CB00AFEB79 /* CardCollectionViewController.swift in Headers */ = {isa = PBXBuildFile; fileRef = 965689601F002F4C001C656D /* CardCollectionViewController.swift */; settings = {ATTRIBUTES = (Public, ); }; };
		9685D5B11F0F04CB00AFEB79 /* Material+MotionAnimation.swift in Headers */ = {isa = PBXBuildFile; fileRef = 966C17721F0439F600D3E83C /* Material+MotionAnimation.swift */; settings = {ATTRIBUTES = (Public, ); }; };
		9697F7BF1D8F2572004741EC /* Divider.swift in Headers */ = {isa = PBXBuildFile; fileRef = 96230AB71D6A520C00AF47DC /* Divider.swift */; settings = {ATTRIBUTES = (Public, ); }; };
		9697F7C01D8F2572004741EC /* Material+CALayer.swift in Headers */ = {isa = PBXBuildFile; fileRef = 96F1DC871D654FDF0025F925 /* Material+CALayer.swift */; settings = {ATTRIBUTES = (Public, ); }; };
		9697F7C11D8F2572004741EC /* Material+Array.swift in Headers */ = {isa = PBXBuildFile; fileRef = 96C1C8801D42C62800E6608F /* Material+Array.swift */; settings = {ATTRIBUTES = (Public, ); }; };
		9697F7C21D8F2572004741EC /* Material+UIWindow.swift in Headers */ = {isa = PBXBuildFile; fileRef = 962864591D53FE3E00690B69 /* Material+UIWindow.swift */; settings = {ATTRIBUTES = (Public, ); }; };
		9697F7C31D8F2572004741EC /* DynamicFontType.swift in Headers */ = {isa = PBXBuildFile; fileRef = 9628645E1D540AF300690B69 /* DynamicFontType.swift */; settings = {ATTRIBUTES = (Public, ); }; };
		9697F7CB1D8F2573004741EC /* Snackbar.swift in Headers */ = {isa = PBXBuildFile; fileRef = 963FBEFC1D669510008F8512 /* Snackbar.swift */; settings = {ATTRIBUTES = (Public, ); }; };
		9697F7CC1D8F2573004741EC /* SnackbarController.swift in Headers */ = {isa = PBXBuildFile; fileRef = 961EFC571D738FF600E84652 /* SnackbarController.swift */; settings = {ATTRIBUTES = (Public, ); }; };
		96B8D22C20CF82D2008BD149 /* FABMenuController.swift in Sources */ = {isa = PBXBuildFile; fileRef = 96A183641E0C6DD400083C30 /* FABMenuController.swift */; };
		96B8D22D20CF82D5008BD149 /* FABMenu.swift in Sources */ = {isa = PBXBuildFile; fileRef = 96A183621E0C6CE200083C30 /* FABMenu.swift */; };
		96BCB7F31CB40DE900C806FE /* Roboto-Bold.ttf in Resources */ = {isa = PBXBuildFile; fileRef = 96BCB7EE1CB40DE900C806FE /* Roboto-Bold.ttf */; };
		96BCB7F51CB40DE900C806FE /* Roboto-Light.ttf in Resources */ = {isa = PBXBuildFile; fileRef = 96BCB7EF1CB40DE900C806FE /* Roboto-Light.ttf */; };
		96BCB7F71CB40DE900C806FE /* Roboto-Medium.ttf in Resources */ = {isa = PBXBuildFile; fileRef = 96BCB7F01CB40DE900C806FE /* Roboto-Medium.ttf */; };
		96BCB7F91CB40DE900C806FE /* Roboto-Regular.ttf in Resources */ = {isa = PBXBuildFile; fileRef = 96BCB7F11CB40DE900C806FE /* Roboto-Regular.ttf */; };
		96BCB7FB1CB40DE900C806FE /* Roboto-Thin.ttf in Resources */ = {isa = PBXBuildFile; fileRef = 96BCB7F21CB40DE900C806FE /* Roboto-Thin.ttf */; };
		96BCB8141CB4115200C806FE /* PulseAnimation.swift in Headers */ = {isa = PBXBuildFile; fileRef = 96BCB7821CB40DC500C806FE /* PulseAnimation.swift */; settings = {ATTRIBUTES = (Public, ); }; };
		96BCB8151CB4115200C806FE /* FABButton.swift in Headers */ = {isa = PBXBuildFile; fileRef = 96BCB75F1CB40DC500C806FE /* FABButton.swift */; settings = {ATTRIBUTES = (Public, ); }; };
		96BCB8161CB4115200C806FE /* FlatButton.swift in Headers */ = {isa = PBXBuildFile; fileRef = 96BCB7601CB40DC500C806FE /* FlatButton.swift */; settings = {ATTRIBUTES = (Public, ); }; };
		96BCB8171CB4115200C806FE /* Button.swift in Headers */ = {isa = PBXBuildFile; fileRef = 96BCB7701CB40DC500C806FE /* Button.swift */; settings = {ATTRIBUTES = (Public, ); }; };
		96BCB8181CB4115200C806FE /* RaisedButton.swift in Headers */ = {isa = PBXBuildFile; fileRef = 96BCB7931CB40DC500C806FE /* RaisedButton.swift */; settings = {ATTRIBUTES = (Public, ); }; };
		96BCB81E1CB4115200C806FE /* DataSourceItem.swift in Headers */ = {isa = PBXBuildFile; fileRef = 96BCB7771CB40DC500C806FE /* DataSourceItem.swift */; settings = {ATTRIBUTES = (Public, ); }; };
		96BCB81F1CB4115200C806FE /* CollectionView.swift in Headers */ = {isa = PBXBuildFile; fileRef = 96BCB7711CB40DC500C806FE /* CollectionView.swift */; settings = {ATTRIBUTES = (Public, ); }; };
		96BCB8201CB4115200C806FE /* CollectionViewCell.swift in Headers */ = {isa = PBXBuildFile; fileRef = 96BCB7721CB40DC500C806FE /* CollectionViewCell.swift */; settings = {ATTRIBUTES = (Public, ); }; };
		96BCB8231CB4115200C806FE /* CollectionViewLayout.swift in Headers */ = {isa = PBXBuildFile; fileRef = 96BCB7751CB40DC500C806FE /* CollectionViewLayout.swift */; settings = {ATTRIBUTES = (Public, ); }; };
		96BCB8241CB4115200C806FE /* TableViewCell.swift in Headers */ = {isa = PBXBuildFile; fileRef = 96BCB7891CB40DC500C806FE /* TableViewCell.swift */; settings = {ATTRIBUTES = (Public, ); }; };
		96BCB8251CB4115200C806FE /* Color.swift in Headers */ = {isa = PBXBuildFile; fileRef = 96BCB7761CB40DC500C806FE /* Color.swift */; settings = {ATTRIBUTES = (Public, ); }; };
		96BCB8261CB4115200C806FE /* Device.swift in Headers */ = {isa = PBXBuildFile; fileRef = 96BCB7791CB40DC500C806FE /* Device.swift */; settings = {ATTRIBUTES = (Public, ); }; };
		96BCB8281CB4115200C806FE /* Material+String.swift in Headers */ = {isa = PBXBuildFile; fileRef = 96BCB7641CB40DC500C806FE /* Material+String.swift */; settings = {ATTRIBUTES = (Public, ); }; };
		96BCB8291CB4115200C806FE /* Material+UIFont.swift in Headers */ = {isa = PBXBuildFile; fileRef = 96BCB7651CB40DC500C806FE /* Material+UIFont.swift */; settings = {ATTRIBUTES = (Public, ); }; };
		96BCB8301CB4115200C806FE /* Material+UIImage.swift in Headers */ = {isa = PBXBuildFile; fileRef = 96BCB76C1CB40DC500C806FE /* Material+UIImage.swift */; settings = {ATTRIBUTES = (Public, ); }; };
		96BCB8311CB4115200C806FE /* Font.swift in Headers */ = {isa = PBXBuildFile; fileRef = 96BCB77B1CB40DC500C806FE /* Font.swift */; settings = {ATTRIBUTES = (Public, ); }; };
		96BCB8321CB4115200C806FE /* RobotoFont.swift in Headers */ = {isa = PBXBuildFile; fileRef = 96BCB7941CB40DC500C806FE /* RobotoFont.swift */; settings = {ATTRIBUTES = (Public, ); }; };
		96BCB8331CB4115200C806FE /* Icon.swift in Headers */ = {isa = PBXBuildFile; fileRef = 96BCB77D1CB40DC500C806FE /* Icon.swift */; settings = {ATTRIBUTES = (Public, ); }; };
		96BCB8341CB4115200C806FE /* Layer.swift in Headers */ = {isa = PBXBuildFile; fileRef = 96BCB7801CB40DC500C806FE /* Layer.swift */; settings = {ATTRIBUTES = (Public, ); }; };
		96BCB8361CB4115200C806FE /* Grid.swift in Headers */ = {isa = PBXBuildFile; fileRef = 96BCB7611CB40DC500C806FE /* Grid.swift */; settings = {ATTRIBUTES = (Public, ); }; };
		96BCB8371CB4115200C806FE /* Layout.swift in Headers */ = {isa = PBXBuildFile; fileRef = 96BCB7811CB40DC500C806FE /* Layout.swift */; settings = {ATTRIBUTES = (Public, ); }; };
		96BCB83B1CB4115200C806FE /* NavigationDrawerController.swift in Headers */ = {isa = PBXBuildFile; fileRef = 96BCB7971CB40DC500C806FE /* NavigationDrawerController.swift */; settings = {ATTRIBUTES = (Public, ); }; };
		96BCB83C1CB4115200C806FE /* Bar.swift in Headers */ = {isa = PBXBuildFile; fileRef = 96BCB7981CB40DC500C806FE /* Bar.swift */; settings = {ATTRIBUTES = (Public, ); }; };
		96BCB83D1CB4115200C806FE /* TransitionController.swift in Headers */ = {isa = PBXBuildFile; fileRef = 96BCB7991CB40DC500C806FE /* TransitionController.swift */; settings = {ATTRIBUTES = (Public, ); }; };
		96BCB8441CB4115200C806FE /* BottomNavigationController.swift in Headers */ = {isa = PBXBuildFile; fileRef = 96BCB7581CB40DC500C806FE /* BottomNavigationController.swift */; settings = {ATTRIBUTES = (Public, ); }; };
		96BCB8461CB4115200C806FE /* NavigationBar.swift in Headers */ = {isa = PBXBuildFile; fileRef = 96BCB7901CB40DC500C806FE /* NavigationBar.swift */; settings = {ATTRIBUTES = (Public, ); }; };
		96BCB8471CB4115200C806FE /* NavigationController.swift in Headers */ = {isa = PBXBuildFile; fileRef = 96BCB7911CB40DC500C806FE /* NavigationController.swift */; settings = {ATTRIBUTES = (Public, ); }; };
		96BCB8481CB4115200C806FE /* NavigationItem.swift in Headers */ = {isa = PBXBuildFile; fileRef = 96BCB7921CB40DC500C806FE /* NavigationItem.swift */; settings = {ATTRIBUTES = (Public, ); }; };
		96BCB84A1CB4115200C806FE /* TextField.swift in Headers */ = {isa = PBXBuildFile; fileRef = 96BCB79C1CB40DC500C806FE /* TextField.swift */; settings = {ATTRIBUTES = (Public, ); }; };
		96BCB84B1CB4115200C806FE /* TextStorage.swift in Headers */ = {isa = PBXBuildFile; fileRef = 96BCB79D1CB40DC500C806FE /* TextStorage.swift */; settings = {ATTRIBUTES = (Public, ); }; };
		96BCB84C1CB4115200C806FE /* TextView.swift in Headers */ = {isa = PBXBuildFile; fileRef = 96BCB79E1CB40DC500C806FE /* TextView.swift */; settings = {ATTRIBUTES = (Public, ); }; };
		96BCB84D1CB4115200C806FE /* Border.swift in Headers */ = {isa = PBXBuildFile; fileRef = 96BCB76F1CB40DC500C806FE /* Border.swift */; settings = {ATTRIBUTES = (Public, ); }; };
		96BCB84E1CB4115200C806FE /* InterimSpace.swift in Headers */ = {isa = PBXBuildFile; fileRef = 96BCB7871CB40DC500C806FE /* InterimSpace.swift */; settings = {ATTRIBUTES = (Public, ); }; };
		96BCB84F1CB4115200C806FE /* Depth.swift in Headers */ = {isa = PBXBuildFile; fileRef = 96BCB7781CB40DC500C806FE /* Depth.swift */; settings = {ATTRIBUTES = (Public, ); }; };
		96BCB8501CB4115200C806FE /* EdgeInsets.swift in Headers */ = {isa = PBXBuildFile; fileRef = 96BCB77A1CB40DC500C806FE /* EdgeInsets.swift */; settings = {ATTRIBUTES = (Public, ); }; };
		96BCB8521CB4115200C806FE /* CornerRadius.swift in Headers */ = {isa = PBXBuildFile; fileRef = 96BCB7851CB40DC500C806FE /* CornerRadius.swift */; settings = {ATTRIBUTES = (Public, ); }; };
		96BCB8531CB4115200C806FE /* Shape.swift in Headers */ = {isa = PBXBuildFile; fileRef = 96BCB7861CB40DC500C806FE /* Shape.swift */; settings = {ATTRIBUTES = (Public, ); }; };
		96BCB8551CB4115200C806FE /* PulseView.swift in Headers */ = {isa = PBXBuildFile; fileRef = 96BCB7841CB40DC500C806FE /* PulseView.swift */; settings = {ATTRIBUTES = (Public, ); }; };
		96BCB8561CB4115200C806FE /* Switch.swift in Headers */ = {isa = PBXBuildFile; fileRef = 96BCB7881CB40DC500C806FE /* Switch.swift */; settings = {ATTRIBUTES = (Public, ); }; };
		96BCB8571CB4115200C806FE /* View.swift in Headers */ = {isa = PBXBuildFile; fileRef = 96BCB78C1CB40DC500C806FE /* View.swift */; settings = {ATTRIBUTES = (Public, ); }; };
		96BFC1541E5E486F0075DE1F /* SpringAnimation.swift in Sources */ = {isa = PBXBuildFile; fileRef = 965532281E47E388005C2792 /* SpringAnimation.swift */; };
		96BFC16F1E63C10A0075DE1F /* SpringAnimation.swift in Headers */ = {isa = PBXBuildFile; fileRef = 965532281E47E388005C2792 /* SpringAnimation.swift */; settings = {ATTRIBUTES = (Public, ); }; };
		96D88C321C1328D800B91418 /* Material.h in Headers */ = {isa = PBXBuildFile; fileRef = 96D88C091C1328D800B91418 /* Material.h */; settings = {ATTRIBUTES = (Public, ); }; };
		96E09DC81F2287E50000B121 /* TabsController.swift in Sources */ = {isa = PBXBuildFile; fileRef = 96E09DC71F2287E50000B121 /* TabsController.swift */; };
		96E3C3951D3A1CC20086A024 /* IconButton.swift in Headers */ = {isa = PBXBuildFile; fileRef = 9658F2161CD6FA4700B902C1 /* IconButton.swift */; settings = {ATTRIBUTES = (Public, ); }; };
		96E3C3961D3A1CC20086A024 /* CollectionReusableView.swift in Headers */ = {isa = PBXBuildFile; fileRef = 966ECF291CF4C20100BB0BDF /* CollectionReusableView.swift */; settings = {ATTRIBUTES = (Public, ); }; };
		96E3C3971D3A1CC20086A024 /* Material+UIView.swift in Headers */ = {isa = PBXBuildFile; fileRef = 96E3C3931D397AE90086A024 /* Material+UIView.swift */; settings = {ATTRIBUTES = (Public, ); }; };
		96E3C3991D3A1CC20086A024 /* StatusBarController.swift in Headers */ = {isa = PBXBuildFile; fileRef = 967A48181D0F425A00B8CEB7 /* StatusBarController.swift */; settings = {ATTRIBUTES = (Public, ); }; };
		96E3C39A1D3A1CC20086A024 /* ErrorTextField.swift in Headers */ = {isa = PBXBuildFile; fileRef = 961F18E71CD93E3E008927C5 /* ErrorTextField.swift */; settings = {ATTRIBUTES = (Public, ); }; };
		96E3C39C1D3A1CC20086A024 /* Offset.swift in Headers */ = {isa = PBXBuildFile; fileRef = 968C99461D377849000074FF /* Offset.swift */; settings = {ATTRIBUTES = (Public, ); }; };
		96F1A5531F24F17A001D8CAF /* TabsController.swift in Headers */ = {isa = PBXBuildFile; fileRef = 96E09DC71F2287E50000B121 /* TabsController.swift */; settings = {ATTRIBUTES = (Public, ); }; };
		9D00EBB4216675FB00DBCD69 /* Theme.swift in Sources */ = {isa = PBXBuildFile; fileRef = 9D00EBB3216675FB00DBCD69 /* Theme.swift */; };
		9D054A6520D175AC00D0528D /* Material+UIButton.swift in Sources */ = {isa = PBXBuildFile; fileRef = 9D054A6320D175AC00D0528D /* Material+UIButton.swift */; };
		9D054A6620D175AC00D0528D /* Material+UILabel.swift in Sources */ = {isa = PBXBuildFile; fileRef = 9D054A6420D175AC00D0528D /* Material+UILabel.swift */; };
		9D39A81B20FE8ED100BA8FA1 /* ViewController.swift in Sources */ = {isa = PBXBuildFile; fileRef = 9D39A81A20FE8ED100BA8FA1 /* ViewController.swift */; };
		9D494A38217F6B63003D66F1 /* LayoutAttribute.swift in Sources */ = {isa = PBXBuildFile; fileRef = 9D494A37217F6B63003D66F1 /* LayoutAttribute.swift */; };
		9D494A3A217F6B70003D66F1 /* LayoutAnchor.swift in Sources */ = {isa = PBXBuildFile; fileRef = 9D494A39217F6B70003D66F1 /* LayoutAnchor.swift */; };
		9D494A3C217F6B7D003D66F1 /* LayoutConstraint.swift in Sources */ = {isa = PBXBuildFile; fileRef = 9D494A3B217F6B7D003D66F1 /* LayoutConstraint.swift */; };
		9D9089B92118914500605DC9 /* Editor.swift in Sources */ = {isa = PBXBuildFile; fileRef = 9D9089B82118914500605DC9 /* Editor.swift */; };
		9DE25DE02170D7AF000C04DF /* Dialog.swift in Sources */ = {isa = PBXBuildFile; fileRef = 9DE25DDF2170D7AF000C04DF /* Dialog.swift */; };
		9DE25DE22170D7C0000C04DF /* DialogController.swift in Sources */ = {isa = PBXBuildFile; fileRef = 9DE25DE12170D7C0000C04DF /* DialogController.swift */; };
		9DE25DE42170D7FF000C04DF /* DialogView.swift in Sources */ = {isa = PBXBuildFile; fileRef = 9DE25DE32170D7FF000C04DF /* DialogView.swift */; };
		9DE84D721FF0252600586C8B /* RadioButtonGroup.swift in Sources */ = {isa = PBXBuildFile; fileRef = 9DE84D6F1FF0252500586C8B /* RadioButtonGroup.swift */; };
		9DE84D731FF0252600586C8B /* BaseButtonGroup.swift in Sources */ = {isa = PBXBuildFile; fileRef = 9DE84D701FF0252500586C8B /* BaseButtonGroup.swift */; };
		9DE84D741FF0252600586C8B /* CheckButtonGroup.swift in Sources */ = {isa = PBXBuildFile; fileRef = 9DE84D711FF0252500586C8B /* CheckButtonGroup.swift */; };
		9DF352421FED20C900B2A11B /* BaseIconLayerButton.swift in Sources */ = {isa = PBXBuildFile; fileRef = 9DF352411FED20C900B2A11B /* BaseIconLayerButton.swift */; };
		9DF352441FED20ED00B2A11B /* RadioButton.swift in Sources */ = {isa = PBXBuildFile; fileRef = 9DF352431FED20ED00B2A11B /* RadioButton.swift */; };
		9DF352461FED210000B2A11B /* CheckButton.swift in Sources */ = {isa = PBXBuildFile; fileRef = 9DF352451FED210000B2A11B /* CheckButton.swift */; };
		9DF58CEE20C098C60098968D /* ErrorTextFieldValidator.swift in Sources */ = {isa = PBXBuildFile; fileRef = 9DF58CED20C098C60098968D /* ErrorTextFieldValidator.swift */; };
		9DF74C4E20D15D84003C1D66 /* Material+UIColor.swift in Sources */ = {isa = PBXBuildFile; fileRef = 9DF74C4D20D15D84003C1D66 /* Material+UIColor.swift */; };
/* End PBXBuildFile section */

/* Begin PBXContainerItemProxy section */
		968BA8351F8D201B0091852E /* PBXContainerItemProxy */ = {
			isa = PBXContainerItemProxy;
			containerPortal = 968BA8311F8D201B0091852E /* Motion.xcodeproj */;
			proxyType = 2;
			remoteGlobalIDString = 96C98DD11E424AB000B22906;
			remoteInfo = "Motion iOS";
		};
		968BA8371F8D20530091852E /* PBXContainerItemProxy */ = {
			isa = PBXContainerItemProxy;
			containerPortal = 968BA8311F8D201B0091852E /* Motion.xcodeproj */;
			proxyType = 1;
			remoteGlobalIDString = 96C98DD01E424AB000B22906;
			remoteInfo = "Motion iOS";
		};
/* End PBXContainerItemProxy section */

/* Begin PBXFileReference section */
		961154CB1F32A7B100A78D74 /* ChipBar.swift */ = {isa = PBXFileReference; fileEncoding = 4; lastKnownFileType = sourcecode.swift; path = ChipBar.swift; sourceTree = "<group>"; };
		961276621DCD8B1800A7D920 /* Material+NSMutableAttributedString.swift */ = {isa = PBXFileReference; fileEncoding = 4; lastKnownFileType = sourcecode.swift; path = "Material+NSMutableAttributedString.swift"; sourceTree = "<group>"; };
		961527B81F3A509900E8B2AC /* ChipBarController.swift */ = {isa = PBXFileReference; fileEncoding = 4; lastKnownFileType = sourcecode.swift; path = ChipBarController.swift; sourceTree = "<group>"; };
		9618006C1F4D384200CD77A1 /* Material+UIViewController.swift */ = {isa = PBXFileReference; fileEncoding = 4; lastKnownFileType = sourcecode.swift; path = "Material+UIViewController.swift"; sourceTree = "<group>"; };
		961E6BDE1DDA2A95004E6C93 /* Application.swift */ = {isa = PBXFileReference; fileEncoding = 4; lastKnownFileType = sourcecode.swift; path = Application.swift; sourceTree = "<group>"; };
		961E6BE11DDA2AF3004E6C93 /* Screen.swift */ = {isa = PBXFileReference; fileEncoding = 4; lastKnownFileType = sourcecode.swift; path = Screen.swift; sourceTree = "<group>"; };
		961EFC571D738FF600E84652 /* SnackbarController.swift */ = {isa = PBXFileReference; fileEncoding = 4; lastKnownFileType = sourcecode.swift; path = SnackbarController.swift; sourceTree = "<group>"; };
		961F18E71CD93E3E008927C5 /* ErrorTextField.swift */ = {isa = PBXFileReference; fileEncoding = 4; lastKnownFileType = sourcecode.swift; path = ErrorTextField.swift; sourceTree = "<group>"; };
		96230AB71D6A520C00AF47DC /* Divider.swift */ = {isa = PBXFileReference; fileEncoding = 4; lastKnownFileType = sourcecode.swift; path = Divider.swift; sourceTree = "<group>"; };
		9626CA961DAB53A8003E2611 /* DisplayStyle.swift */ = {isa = PBXFileReference; fileEncoding = 4; lastKnownFileType = sourcecode.swift; path = DisplayStyle.swift; sourceTree = "<group>"; };
		9626CB9A1DAD3D1D003E2611 /* HeightPreset.swift */ = {isa = PBXFileReference; fileEncoding = 4; lastKnownFileType = sourcecode.swift; path = HeightPreset.swift; sourceTree = "<group>"; };
		962864591D53FE3E00690B69 /* Material+UIWindow.swift */ = {isa = PBXFileReference; fileEncoding = 4; lastKnownFileType = sourcecode.swift; path = "Material+UIWindow.swift"; sourceTree = "<group>"; };
		9628645E1D540AF300690B69 /* DynamicFontType.swift */ = {isa = PBXFileReference; fileEncoding = 4; lastKnownFileType = sourcecode.swift; path = DynamicFontType.swift; sourceTree = "<group>"; };
		9631A7C01D95E3AC00CFB109 /* PresenterCard.swift */ = {isa = PBXFileReference; fileEncoding = 4; lastKnownFileType = sourcecode.swift; path = PresenterCard.swift; sourceTree = "<group>"; };
		96328B791E020A41009A4C90 /* CollectionViewController.swift */ = {isa = PBXFileReference; fileEncoding = 4; lastKnownFileType = sourcecode.swift; path = CollectionViewController.swift; sourceTree = "<group>"; };
		96328B961E05C0BB009A4C90 /* TableView.swift */ = {isa = PBXFileReference; fileEncoding = 4; lastKnownFileType = sourcecode.swift; path = TableView.swift; sourceTree = "<group>"; };
		96328B981E05C0CE009A4C90 /* TableViewController.swift */ = {isa = PBXFileReference; fileEncoding = 4; lastKnownFileType = sourcecode.swift; path = TableViewController.swift; sourceTree = "<group>"; };
		96334EF51C8B84660083986B /* Assets.xcassets */ = {isa = PBXFileReference; lastKnownFileType = folder.assetcatalog; path = Assets.xcassets; sourceTree = "<group>"; };
		963832361B88DFD80015F710 /* Material.framework */ = {isa = PBXFileReference; explicitFileType = wrapper.framework; includeInIndex = 0; path = Material.framework; sourceTree = BUILT_PRODUCTS_DIR; };
		963FBEFC1D669510008F8512 /* Snackbar.swift */ = {isa = PBXFileReference; fileEncoding = 4; lastKnownFileType = sourcecode.swift; path = Snackbar.swift; sourceTree = "<group>"; };
		965532281E47E388005C2792 /* SpringAnimation.swift */ = {isa = PBXFileReference; fileEncoding = 4; lastKnownFileType = sourcecode.swift; path = SpringAnimation.swift; sourceTree = "<group>"; };
		9656895E1F002F16001C656D /* CardCollectionViewCell.swift */ = {isa = PBXFileReference; fileEncoding = 4; lastKnownFileType = sourcecode.swift; path = CardCollectionViewCell.swift; sourceTree = "<group>"; };
		965689601F002F4C001C656D /* CardCollectionViewController.swift */ = {isa = PBXFileReference; fileEncoding = 4; lastKnownFileType = sourcecode.swift; path = CardCollectionViewController.swift; sourceTree = "<group>"; };
		9658F2161CD6FA4700B902C1 /* IconButton.swift */ = {isa = PBXFileReference; fileEncoding = 4; lastKnownFileType = sourcecode.swift; path = IconButton.swift; sourceTree = "<group>"; };
		966C17721F0439F600D3E83C /* Material+MotionAnimation.swift */ = {isa = PBXFileReference; fileEncoding = 4; lastKnownFileType = sourcecode.swift; path = "Material+MotionAnimation.swift"; sourceTree = "<group>"; };
		966ECF291CF4C20100BB0BDF /* CollectionReusableView.swift */ = {isa = PBXFileReference; fileEncoding = 4; lastKnownFileType = sourcecode.swift; path = CollectionReusableView.swift; sourceTree = "<group>"; };
		967A48181D0F425A00B8CEB7 /* StatusBarController.swift */ = {isa = PBXFileReference; fileEncoding = 4; lastKnownFileType = sourcecode.swift; path = StatusBarController.swift; sourceTree = "<group>"; };
		968BA8311F8D201B0091852E /* Motion.xcodeproj */ = {isa = PBXFileReference; lastKnownFileType = "wrapper.pb-project"; path = Motion.xcodeproj; sourceTree = "<group>"; };
		968C99461D377849000074FF /* Offset.swift */ = {isa = PBXFileReference; fileEncoding = 4; lastKnownFileType = sourcecode.swift; path = Offset.swift; sourceTree = "<group>"; };
		96A183621E0C6CE200083C30 /* FABMenu.swift */ = {isa = PBXFileReference; fileEncoding = 4; lastKnownFileType = sourcecode.swift; path = FABMenu.swift; sourceTree = "<group>"; };
		96A183641E0C6DD400083C30 /* FABMenuController.swift */ = {isa = PBXFileReference; fileEncoding = 4; lastKnownFileType = sourcecode.swift; path = FABMenuController.swift; sourceTree = "<group>"; };
		96BCB7581CB40DC500C806FE /* BottomNavigationController.swift */ = {isa = PBXFileReference; fileEncoding = 4; lastKnownFileType = sourcecode.swift; path = BottomNavigationController.swift; sourceTree = "<group>"; };
		96BCB75D1CB40DC500C806FE /* Card.swift */ = {isa = PBXFileReference; fileEncoding = 4; lastKnownFileType = sourcecode.swift; path = Card.swift; sourceTree = "<group>"; };
		96BCB75F1CB40DC500C806FE /* FABButton.swift */ = {isa = PBXFileReference; fileEncoding = 4; lastKnownFileType = sourcecode.swift; path = FABButton.swift; sourceTree = "<group>"; };
		96BCB7601CB40DC500C806FE /* FlatButton.swift */ = {isa = PBXFileReference; fileEncoding = 4; lastKnownFileType = sourcecode.swift; path = FlatButton.swift; sourceTree = "<group>"; };
		96BCB7611CB40DC500C806FE /* Grid.swift */ = {isa = PBXFileReference; fileEncoding = 4; lastKnownFileType = sourcecode.swift; path = Grid.swift; sourceTree = "<group>"; };
		96BCB7621CB40DC500C806FE /* ImageCard.swift */ = {isa = PBXFileReference; fileEncoding = 4; lastKnownFileType = sourcecode.swift; path = ImageCard.swift; sourceTree = "<group>"; };
		96BCB7641CB40DC500C806FE /* Material+String.swift */ = {isa = PBXFileReference; fileEncoding = 4; lastKnownFileType = sourcecode.swift; path = "Material+String.swift"; sourceTree = "<group>"; };
		96BCB7651CB40DC500C806FE /* Material+UIFont.swift */ = {isa = PBXFileReference; fileEncoding = 4; lastKnownFileType = sourcecode.swift; path = "Material+UIFont.swift"; sourceTree = "<group>"; };
		96BCB76C1CB40DC500C806FE /* Material+UIImage.swift */ = {isa = PBXFileReference; fileEncoding = 4; lastKnownFileType = sourcecode.swift; path = "Material+UIImage.swift"; sourceTree = "<group>"; };
		96BCB76F1CB40DC500C806FE /* Border.swift */ = {isa = PBXFileReference; fileEncoding = 4; lastKnownFileType = sourcecode.swift; path = Border.swift; sourceTree = "<group>"; };
		96BCB7701CB40DC500C806FE /* Button.swift */ = {isa = PBXFileReference; fileEncoding = 4; lastKnownFileType = sourcecode.swift; path = Button.swift; sourceTree = "<group>"; };
		96BCB7711CB40DC500C806FE /* CollectionView.swift */ = {isa = PBXFileReference; fileEncoding = 4; lastKnownFileType = sourcecode.swift; path = CollectionView.swift; sourceTree = "<group>"; };
		96BCB7721CB40DC500C806FE /* CollectionViewCell.swift */ = {isa = PBXFileReference; fileEncoding = 4; lastKnownFileType = sourcecode.swift; path = CollectionViewCell.swift; sourceTree = "<group>"; };
		96BCB7751CB40DC500C806FE /* CollectionViewLayout.swift */ = {isa = PBXFileReference; fileEncoding = 4; lastKnownFileType = sourcecode.swift; path = CollectionViewLayout.swift; sourceTree = "<group>"; };
		96BCB7761CB40DC500C806FE /* Color.swift */ = {isa = PBXFileReference; fileEncoding = 4; lastKnownFileType = sourcecode.swift; path = Color.swift; sourceTree = "<group>"; };
		96BCB7771CB40DC500C806FE /* DataSourceItem.swift */ = {isa = PBXFileReference; fileEncoding = 4; lastKnownFileType = sourcecode.swift; path = DataSourceItem.swift; sourceTree = "<group>"; };
		96BCB7781CB40DC500C806FE /* Depth.swift */ = {isa = PBXFileReference; fileEncoding = 4; lastKnownFileType = sourcecode.swift; path = Depth.swift; sourceTree = "<group>"; };
		96BCB7791CB40DC500C806FE /* Device.swift */ = {isa = PBXFileReference; fileEncoding = 4; lastKnownFileType = sourcecode.swift; path = Device.swift; sourceTree = "<group>"; };
		96BCB77A1CB40DC500C806FE /* EdgeInsets.swift */ = {isa = PBXFileReference; fileEncoding = 4; lastKnownFileType = sourcecode.swift; path = EdgeInsets.swift; sourceTree = "<group>"; };
		96BCB77B1CB40DC500C806FE /* Font.swift */ = {isa = PBXFileReference; fileEncoding = 4; lastKnownFileType = sourcecode.swift; path = Font.swift; sourceTree = "<group>"; };
		96BCB77D1CB40DC500C806FE /* Icon.swift */ = {isa = PBXFileReference; fileEncoding = 4; lastKnownFileType = sourcecode.swift; path = Icon.swift; sourceTree = "<group>"; };
		96BCB7801CB40DC500C806FE /* Layer.swift */ = {isa = PBXFileReference; fileEncoding = 4; lastKnownFileType = sourcecode.swift; path = Layer.swift; sourceTree = "<group>"; };
		96BCB7811CB40DC500C806FE /* Layout.swift */ = {isa = PBXFileReference; fileEncoding = 4; lastKnownFileType = sourcecode.swift; path = Layout.swift; sourceTree = "<group>"; };
		96BCB7821CB40DC500C806FE /* PulseAnimation.swift */ = {isa = PBXFileReference; fileEncoding = 4; lastKnownFileType = sourcecode.swift; path = PulseAnimation.swift; sourceTree = "<group>"; };
		96BCB7841CB40DC500C806FE /* PulseView.swift */ = {isa = PBXFileReference; fileEncoding = 4; lastKnownFileType = sourcecode.swift; path = PulseView.swift; sourceTree = "<group>"; };
		96BCB7851CB40DC500C806FE /* CornerRadius.swift */ = {isa = PBXFileReference; fileEncoding = 4; lastKnownFileType = sourcecode.swift; path = CornerRadius.swift; sourceTree = "<group>"; };
		96BCB7861CB40DC500C806FE /* Shape.swift */ = {isa = PBXFileReference; fileEncoding = 4; lastKnownFileType = sourcecode.swift; path = Shape.swift; sourceTree = "<group>"; };
		96BCB7871CB40DC500C806FE /* InterimSpace.swift */ = {isa = PBXFileReference; fileEncoding = 4; lastKnownFileType = sourcecode.swift; path = InterimSpace.swift; sourceTree = "<group>"; };
		96BCB7881CB40DC500C806FE /* Switch.swift */ = {isa = PBXFileReference; fileEncoding = 4; lastKnownFileType = sourcecode.swift; path = Switch.swift; sourceTree = "<group>"; };
		96BCB7891CB40DC500C806FE /* TableViewCell.swift */ = {isa = PBXFileReference; fileEncoding = 4; lastKnownFileType = sourcecode.swift; path = TableViewCell.swift; sourceTree = "<group>"; };
		96BCB78C1CB40DC500C806FE /* View.swift */ = {isa = PBXFileReference; fileEncoding = 4; lastKnownFileType = sourcecode.swift; path = View.swift; sourceTree = "<group>"; };
		96BCB7901CB40DC500C806FE /* NavigationBar.swift */ = {isa = PBXFileReference; fileEncoding = 4; lastKnownFileType = sourcecode.swift; path = NavigationBar.swift; sourceTree = "<group>"; };
		96BCB7911CB40DC500C806FE /* NavigationController.swift */ = {isa = PBXFileReference; fileEncoding = 4; lastKnownFileType = sourcecode.swift; path = NavigationController.swift; sourceTree = "<group>"; };
		96BCB7921CB40DC500C806FE /* NavigationItem.swift */ = {isa = PBXFileReference; fileEncoding = 4; lastKnownFileType = sourcecode.swift; path = NavigationItem.swift; sourceTree = "<group>"; };
		96BCB7931CB40DC500C806FE /* RaisedButton.swift */ = {isa = PBXFileReference; fileEncoding = 4; lastKnownFileType = sourcecode.swift; path = RaisedButton.swift; sourceTree = "<group>"; };
		96BCB7941CB40DC500C806FE /* RobotoFont.swift */ = {isa = PBXFileReference; fileEncoding = 4; lastKnownFileType = sourcecode.swift; path = RobotoFont.swift; sourceTree = "<group>"; };
		96BCB7951CB40DC500C806FE /* SearchBar.swift */ = {isa = PBXFileReference; fileEncoding = 4; lastKnownFileType = sourcecode.swift; path = SearchBar.swift; sourceTree = "<group>"; };
		96BCB7961CB40DC500C806FE /* SearchBarController.swift */ = {isa = PBXFileReference; fileEncoding = 4; lastKnownFileType = sourcecode.swift; path = SearchBarController.swift; sourceTree = "<group>"; };
		96BCB7971CB40DC500C806FE /* NavigationDrawerController.swift */ = {isa = PBXFileReference; fileEncoding = 4; lastKnownFileType = sourcecode.swift; path = NavigationDrawerController.swift; sourceTree = "<group>"; };
		96BCB7981CB40DC500C806FE /* Bar.swift */ = {isa = PBXFileReference; fileEncoding = 4; lastKnownFileType = sourcecode.swift; path = Bar.swift; sourceTree = "<group>"; };
		96BCB7991CB40DC500C806FE /* TransitionController.swift */ = {isa = PBXFileReference; fileEncoding = 4; lastKnownFileType = sourcecode.swift; path = TransitionController.swift; sourceTree = "<group>"; };
		96BCB79A1CB40DC500C806FE /* TabBar.swift */ = {isa = PBXFileReference; fileEncoding = 4; indentWidth = 2; lastKnownFileType = sourcecode.swift; path = TabBar.swift; sourceTree = "<group>"; tabWidth = 2; };
		96BCB79C1CB40DC500C806FE /* TextField.swift */ = {isa = PBXFileReference; fileEncoding = 4; lastKnownFileType = sourcecode.swift; path = TextField.swift; sourceTree = "<group>"; };
		96BCB79D1CB40DC500C806FE /* TextStorage.swift */ = {isa = PBXFileReference; fileEncoding = 4; lastKnownFileType = sourcecode.swift; path = TextStorage.swift; sourceTree = "<group>"; };
		96BCB79E1CB40DC500C806FE /* TextView.swift */ = {isa = PBXFileReference; fileEncoding = 4; lastKnownFileType = sourcecode.swift; path = TextView.swift; sourceTree = "<group>"; };
		96BCB79F1CB40DC500C806FE /* Toolbar.swift */ = {isa = PBXFileReference; fileEncoding = 4; lastKnownFileType = sourcecode.swift; path = Toolbar.swift; sourceTree = "<group>"; };
		96BCB7A01CB40DC500C806FE /* ToolbarController.swift */ = {isa = PBXFileReference; fileEncoding = 4; lastKnownFileType = sourcecode.swift; path = ToolbarController.swift; sourceTree = "<group>"; };
		96BCB7EE1CB40DE900C806FE /* Roboto-Bold.ttf */ = {isa = PBXFileReference; lastKnownFileType = file; path = "Roboto-Bold.ttf"; sourceTree = "<group>"; };
		96BCB7EF1CB40DE900C806FE /* Roboto-Light.ttf */ = {isa = PBXFileReference; lastKnownFileType = file; path = "Roboto-Light.ttf"; sourceTree = "<group>"; };
		96BCB7F01CB40DE900C806FE /* Roboto-Medium.ttf */ = {isa = PBXFileReference; lastKnownFileType = file; path = "Roboto-Medium.ttf"; sourceTree = "<group>"; };
		96BCB7F11CB40DE900C806FE /* Roboto-Regular.ttf */ = {isa = PBXFileReference; lastKnownFileType = file; path = "Roboto-Regular.ttf"; sourceTree = "<group>"; };
		96BCB7F21CB40DE900C806FE /* Roboto-Thin.ttf */ = {isa = PBXFileReference; lastKnownFileType = file; path = "Roboto-Thin.ttf"; sourceTree = "<group>"; };
		96C1C8801D42C62800E6608F /* Material+Array.swift */ = {isa = PBXFileReference; fileEncoding = 4; lastKnownFileType = sourcecode.swift; path = "Material+Array.swift"; sourceTree = "<group>"; };
		96D88BFC1C1328D800B91418 /* Info.plist */ = {isa = PBXFileReference; fileEncoding = 4; lastKnownFileType = text.plist.xml; path = Info.plist; sourceTree = "<group>"; };
		96D88BFD1C1328D800B91418 /* LICENSE */ = {isa = PBXFileReference; fileEncoding = 4; lastKnownFileType = text; path = LICENSE; sourceTree = "<group>"; };
		96D88C091C1328D800B91418 /* Material.h */ = {isa = PBXFileReference; fileEncoding = 4; lastKnownFileType = sourcecode.c.h; path = Material.h; sourceTree = "<group>"; };
		96E09DC71F2287E50000B121 /* TabsController.swift */ = {isa = PBXFileReference; fileEncoding = 4; lastKnownFileType = sourcecode.swift; path = TabsController.swift; sourceTree = "<group>"; };
		96E3C3931D397AE90086A024 /* Material+UIView.swift */ = {isa = PBXFileReference; fileEncoding = 4; lastKnownFileType = sourcecode.swift; path = "Material+UIView.swift"; sourceTree = "<group>"; };
		96F1DC871D654FDF0025F925 /* Material+CALayer.swift */ = {isa = PBXFileReference; fileEncoding = 4; lastKnownFileType = sourcecode.swift; path = "Material+CALayer.swift"; sourceTree = "<group>"; };
		9D00EBB3216675FB00DBCD69 /* Theme.swift */ = {isa = PBXFileReference; fileEncoding = 4; lastKnownFileType = sourcecode.swift; path = Theme.swift; sourceTree = "<group>"; };
		9D054A6320D175AC00D0528D /* Material+UIButton.swift */ = {isa = PBXFileReference; fileEncoding = 4; lastKnownFileType = sourcecode.swift; path = "Material+UIButton.swift"; sourceTree = "<group>"; };
		9D054A6420D175AC00D0528D /* Material+UILabel.swift */ = {isa = PBXFileReference; fileEncoding = 4; lastKnownFileType = sourcecode.swift; path = "Material+UILabel.swift"; sourceTree = "<group>"; };
		9D39A81A20FE8ED100BA8FA1 /* ViewController.swift */ = {isa = PBXFileReference; lastKnownFileType = sourcecode.swift; path = ViewController.swift; sourceTree = "<group>"; };
		9D494A37217F6B63003D66F1 /* LayoutAttribute.swift */ = {isa = PBXFileReference; lastKnownFileType = sourcecode.swift; path = LayoutAttribute.swift; sourceTree = "<group>"; };
		9D494A39217F6B70003D66F1 /* LayoutAnchor.swift */ = {isa = PBXFileReference; lastKnownFileType = sourcecode.swift; path = LayoutAnchor.swift; sourceTree = "<group>"; };
		9D494A3B217F6B7D003D66F1 /* LayoutConstraint.swift */ = {isa = PBXFileReference; lastKnownFileType = sourcecode.swift; path = LayoutConstraint.swift; sourceTree = "<group>"; };
		9D9089B82118914500605DC9 /* Editor.swift */ = {isa = PBXFileReference; lastKnownFileType = sourcecode.swift; path = Editor.swift; sourceTree = "<group>"; };
		9DE25DDF2170D7AF000C04DF /* Dialog.swift */ = {isa = PBXFileReference; lastKnownFileType = sourcecode.swift; path = Dialog.swift; sourceTree = "<group>"; };
		9DE25DE12170D7C0000C04DF /* DialogController.swift */ = {isa = PBXFileReference; lastKnownFileType = sourcecode.swift; path = DialogController.swift; sourceTree = "<group>"; };
		9DE25DE32170D7FF000C04DF /* DialogView.swift */ = {isa = PBXFileReference; fileEncoding = 4; lastKnownFileType = sourcecode.swift; path = DialogView.swift; sourceTree = "<group>"; };
		9DE84D6F1FF0252500586C8B /* RadioButtonGroup.swift */ = {isa = PBXFileReference; fileEncoding = 4; lastKnownFileType = sourcecode.swift; path = RadioButtonGroup.swift; sourceTree = "<group>"; };
		9DE84D701FF0252500586C8B /* BaseButtonGroup.swift */ = {isa = PBXFileReference; fileEncoding = 4; lastKnownFileType = sourcecode.swift; path = BaseButtonGroup.swift; sourceTree = "<group>"; };
		9DE84D711FF0252500586C8B /* CheckButtonGroup.swift */ = {isa = PBXFileReference; fileEncoding = 4; lastKnownFileType = sourcecode.swift; path = CheckButtonGroup.swift; sourceTree = "<group>"; };
		9DF352411FED20C900B2A11B /* BaseIconLayerButton.swift */ = {isa = PBXFileReference; lastKnownFileType = sourcecode.swift; path = BaseIconLayerButton.swift; sourceTree = "<group>"; };
		9DF352431FED20ED00B2A11B /* RadioButton.swift */ = {isa = PBXFileReference; lastKnownFileType = sourcecode.swift; path = RadioButton.swift; sourceTree = "<group>"; };
		9DF352451FED210000B2A11B /* CheckButton.swift */ = {isa = PBXFileReference; lastKnownFileType = sourcecode.swift; path = CheckButton.swift; sourceTree = "<group>"; };
		9DF58CED20C098C60098968D /* ErrorTextFieldValidator.swift */ = {isa = PBXFileReference; lastKnownFileType = sourcecode.swift; path = ErrorTextFieldValidator.swift; sourceTree = "<group>"; };
		9DF74C4D20D15D84003C1D66 /* Material+UIColor.swift */ = {isa = PBXFileReference; lastKnownFileType = sourcecode.swift; path = "Material+UIColor.swift"; sourceTree = "<group>"; };
/* End PBXFileReference section */

/* Begin PBXGroup section */
		9602F00C1DA1163000F3FB79 /* Grid */ = {
			isa = PBXGroup;
			children = (
				96BCB7611CB40DC500C806FE /* Grid.swift */,
			);
			path = Grid;
			sourceTree = "<group>";
		};
		96090B031D9D709E00709CA6 /* Text */ = {
			isa = PBXGroup;
			children = (
				9D9089B82118914500605DC9 /* Editor.swift */,
				961F18E71CD93E3E008927C5 /* ErrorTextField.swift */,
				9DF58CED20C098C60098968D /* ErrorTextFieldValidator.swift */,
				96BCB79C1CB40DC500C806FE /* TextField.swift */,
				96BCB79D1CB40DC500C806FE /* TextStorage.swift */,
				96BCB79E1CB40DC500C806FE /* TextView.swift */,
			);
			path = Text;
			sourceTree = "<group>";
		};
		961154CA1F32999000A78D74 /* Chip */ = {
			isa = PBXGroup;
			children = (
				961154CB1F32A7B100A78D74 /* ChipBar.swift */,
				961527B81F3A509900E8B2AC /* ChipBarController.swift */,
			);
			path = Chip;
			sourceTree = "<group>";
		};
		961527531F393C0E00E8B2AC /* Motion */ = {
			isa = PBXGroup;
			children = (
				968BA8311F8D201B0091852E /* Motion.xcodeproj */,
			);
			path = Motion;
			sourceTree = "<group>";
		};
		961E6BDD1DDA2A7E004E6C93 /* Application */ = {
			isa = PBXGroup;
			children = (
				961E6BDE1DDA2A95004E6C93 /* Application.swift */,
			);
			path = Application;
			sourceTree = "<group>";
		};
		961E6BE01DDA2ADD004E6C93 /* Screen */ = {
			isa = PBXGroup;
			children = (
				961E6BE11DDA2AF3004E6C93 /* Screen.swift */,
			);
			path = Screen;
			sourceTree = "<group>";
		};
		961E6BEF1DDA4B04004E6C93 /* NavigationDrawer */ = {
			isa = PBXGroup;
			children = (
				96BCB7971CB40DC500C806FE /* NavigationDrawerController.swift */,
			);
			path = NavigationDrawer;
			sourceTree = "<group>";
		};
		96230AB61D6A51FD00AF47DC /* Divider */ = {
			isa = PBXGroup;
			children = (
				96230AB71D6A520C00AF47DC /* Divider.swift */,
			);
			path = Divider;
			sourceTree = "<group>";
		};
		96264BE41D833C8400576F37 /* Bar */ = {
			isa = PBXGroup;
			children = (
				96BCB7981CB40DC500C806FE /* Bar.swift */,
			);
			path = Bar;
			sourceTree = "<group>";
		};
		9626CA951DAB5370003E2611 /* Transition */ = {
			isa = PBXGroup;
			children = (
				9626CA961DAB53A8003E2611 /* DisplayStyle.swift */,
				96BCB7991CB40DC500C806FE /* TransitionController.swift */,
			);
			path = Transition;
			sourceTree = "<group>";
		};
		9626CBCC1DADA5F1003E2611 /* Height */ = {
			isa = PBXGroup;
			children = (
				9626CB9A1DAD3D1D003E2611 /* HeightPreset.swift */,
			);
			path = Height;
			sourceTree = "<group>";
		};
		962DDD081D6FBBD0001C307C /* BottomTabBar */ = {
			isa = PBXGroup;
			children = (
				96BCB7581CB40DC500C806FE /* BottomNavigationController.swift */,
			);
			path = BottomTabBar;
			sourceTree = "<group>";
		};
		9630ACB71F29A26B00B4217D /* Frameworks */ = {
			isa = PBXGroup;
			children = (
				961527531F393C0E00E8B2AC /* Motion */,
			);
			path = Frameworks;
			sourceTree = "<group>";
		};
		96328B9A1E05C135009A4C90 /* Data */ = {
			isa = PBXGroup;
			children = (
				96BCB7771CB40DC500C806FE /* DataSourceItem.swift */,
			);
			path = Data;
			sourceTree = "<group>";
		};
		9638322C1B88DFD80015F710 = {
			isa = PBXGroup;
			children = (
				96D88BF41C1328D800B91418 /* Sources */,
				963832371B88DFD80015F710 /* Products */,
			);
			indentWidth = 2;
			sourceTree = "<group>";
			tabWidth = 2;
			usesTabs = 0;
		};
		963832371B88DFD80015F710 /* Products */ = {
			isa = PBXGroup;
			children = (
				963832361B88DFD80015F710 /* Material.framework */,
			);
			name = Products;
			sourceTree = "<group>";
		};
		963FBEFB1D6694E8008F8512 /* Snackbar */ = {
			isa = PBXGroup;
			children = (
				963FBEFC1D669510008F8512 /* Snackbar.swift */,
				961EFC571D738FF600E84652 /* SnackbarController.swift */,
			);
			path = Snackbar;
			sourceTree = "<group>";
		};
		963FBF001D66964F008F8512 /* Toolbar */ = {
			isa = PBXGroup;
			children = (
				96BCB79F1CB40DC500C806FE /* Toolbar.swift */,
				96BCB7A01CB40DC500C806FE /* ToolbarController.swift */,
			);
			path = Toolbar;
			sourceTree = "<group>";
		};
		963FBF011D6696AB008F8512 /* Tab */ = {
			isa = PBXGroup;
			children = (
				96BCB79A1CB40DC500C806FE /* TabBar.swift */,
				96E09DC71F2287E50000B121 /* TabsController.swift */,
			);
			path = Tab;
			sourceTree = "<group>";
		};
		963FBF021D6696D0008F8512 /* FABMenu */ = {
			isa = PBXGroup;
			children = (
				96A183621E0C6CE200083C30 /* FABMenu.swift */,
				96A183641E0C6DD400083C30 /* FABMenuController.swift */,
			);
			path = FABMenu;
			sourceTree = "<group>";
		};
		963FBF031D6696EF008F8512 /* SearchBar */ = {
			isa = PBXGroup;
			children = (
				96BCB7951CB40DC500C806FE /* SearchBar.swift */,
				96BCB7961CB40DC500C806FE /* SearchBarController.swift */,
			);
			path = SearchBar;
			sourceTree = "<group>";
		};
		965689641F003476001C656D /* CardCollectionView */ = {
			isa = PBXGroup;
			children = (
				9656895E1F002F16001C656D /* CardCollectionViewCell.swift */,
				965689601F002F4C001C656D /* CardCollectionViewController.swift */,
			);
			path = CardCollectionView;
			sourceTree = "<group>";
		};
		966ECF2B1CF4C21B00BB0BDF /* Table */ = {
			isa = PBXGroup;
			children = (
				96328B961E05C0BB009A4C90 /* TableView.swift */,
				96BCB7891CB40DC500C806FE /* TableViewCell.swift */,
				96328B981E05C0CE009A4C90 /* TableViewController.swift */,
			);
			path = Table;
			sourceTree = "<group>";
		};
		967A48171D0F424B00B8CEB7 /* StatusBar */ = {
			isa = PBXGroup;
			children = (
				967A48181D0F425A00B8CEB7 /* StatusBarController.swift */,
			);
			path = StatusBar;
			sourceTree = "<group>";
		};
		968BA8321F8D201B0091852E /* Products */ = {
			isa = PBXGroup;
			children = (
				968BA8361F8D201B0091852E /* Motion.framework */,
			);
			name = Products;
			sourceTree = "<group>";
		};
		968C99421D36EC9E000074FF /* Switch */ = {
			isa = PBXGroup;
			children = (
				96BCB7881CB40DC500C806FE /* Switch.swift */,
			);
			path = Switch;
			sourceTree = "<group>";
		};
		96BCB7571CB40DC500C806FE /* iOS */ = {
			isa = PBXGroup;
			children = (
				96EF418E1E835E850012CA1C /* Animation */,
				961E6BDD1DDA2A7E004E6C93 /* Application */,
				96264BE41D833C8400576F37 /* Bar */,
				962DDD081D6FBBD0001C307C /* BottomTabBar */,
				96BCB8031CB40F4B00C806FE /* Button */,
				9DE84D6E1FF0250E00586C8B /* ButtonGroup */,
				96BCB8021CB40F3B00C806FE /* Card */,
				961154CA1F32999000A78D74 /* Chip */,
				96BCB8051CB40F9C00C806FE /* Collection */,
				96BCB8001CB40F0300C806FE /* Color */,
				96328B9A1E05C135009A4C90 /* Data */,
				96BCB80B1CB410CC00C806FE /* Device */,
				9DE25DDE2170D779000C04DF /* Dialogs */,
				96230AB61D6A51FD00AF47DC /* Divider */,
				96BCB80A1CB410A100C806FE /* Extension */,
				963FBF021D6696D0008F8512 /* FABMenu */,
				96BCB8071CB4101C00C806FE /* Font */,
				9602F00C1DA1163000F3FB79 /* Grid */,
				9626CBCC1DADA5F1003E2611 /* Height */,
				96BCB8081CB4105E00C806FE /* Icon */,
				96BCB80D1CB410FD00C806FE /* Layer */,
				96BCB8041CB40F6C00C806FE /* Layout */,
				96BCB8011CB40F1700C806FE /* Navigation */,
				961E6BEF1DDA4B04004E6C93 /* NavigationDrawer */,
				961E6BE01DDA2ADD004E6C93 /* Screen */,
				963FBF031D6696EF008F8512 /* SearchBar */,
				963FBEFB1D6694E8008F8512 /* Snackbar */,
				967A48171D0F424B00B8CEB7 /* StatusBar */,
				968C99421D36EC9E000074FF /* Switch */,
				963FBF011D6696AB008F8512 /* Tab */,
				966ECF2B1CF4C21B00BB0BDF /* Table */,
				96090B031D9D709E00709CA6 /* Text */,
				9D00EBB2216675A800DBCD69 /* Theme */,
				963FBF001D66964F008F8512 /* Toolbar */,
				9626CA951DAB5370003E2611 /* Transition */,
				96BCB8061CB40FD000C806FE /* Type */,
				96BCB80C1CB410DD00C806FE /* View */,
			);
			path = iOS;
			sourceTree = "<group>";
		};
		96BCB7EC1CB40DE900C806FE /* Font */ = {
			isa = PBXGroup;
			children = (
				96BCB7ED1CB40DE900C806FE /* Roboto */,
			);
			path = Font;
			sourceTree = "<group>";
		};
		96BCB7ED1CB40DE900C806FE /* Roboto */ = {
			isa = PBXGroup;
			children = (
				96BCB7EE1CB40DE900C806FE /* Roboto-Bold.ttf */,
				96BCB7EF1CB40DE900C806FE /* Roboto-Light.ttf */,
				96BCB7F01CB40DE900C806FE /* Roboto-Medium.ttf */,
				96BCB7F11CB40DE900C806FE /* Roboto-Regular.ttf */,
				96BCB7F21CB40DE900C806FE /* Roboto-Thin.ttf */,
			);
			path = Roboto;
			sourceTree = "<group>";
		};
		96BCB8001CB40F0300C806FE /* Color */ = {
			isa = PBXGroup;
			children = (
				96BCB7761CB40DC500C806FE /* Color.swift */,
			);
			path = Color;
			sourceTree = "<group>";
		};
		96BCB8011CB40F1700C806FE /* Navigation */ = {
			isa = PBXGroup;
			children = (
				96BCB7901CB40DC500C806FE /* NavigationBar.swift */,
				96BCB7911CB40DC500C806FE /* NavigationController.swift */,
				96BCB7921CB40DC500C806FE /* NavigationItem.swift */,
			);
			path = Navigation;
			sourceTree = "<group>";
		};
		96BCB8021CB40F3B00C806FE /* Card */ = {
			isa = PBXGroup;
			children = (
				96BCB75D1CB40DC500C806FE /* Card.swift */,
				96BCB7621CB40DC500C806FE /* ImageCard.swift */,
				9631A7C01D95E3AC00CFB109 /* PresenterCard.swift */,
			);
			path = Card;
			sourceTree = "<group>";
		};
		96BCB8031CB40F4B00C806FE /* Button */ = {
			isa = PBXGroup;
			children = (
				9DF352411FED20C900B2A11B /* BaseIconLayerButton.swift */,
				96BCB7701CB40DC500C806FE /* Button.swift */,
				9DF352451FED210000B2A11B /* CheckButton.swift */,
				96BCB75F1CB40DC500C806FE /* FABButton.swift */,
				96BCB7601CB40DC500C806FE /* FlatButton.swift */,
				9658F2161CD6FA4700B902C1 /* IconButton.swift */,
				9DF352431FED20ED00B2A11B /* RadioButton.swift */,
				96BCB7931CB40DC500C806FE /* RaisedButton.swift */,
			);
			path = Button;
			sourceTree = "<group>";
		};
		96BCB8041CB40F6C00C806FE /* Layout */ = {
			isa = PBXGroup;
			children = (
				96BCB7811CB40DC500C806FE /* Layout.swift */,
				9D494A39217F6B70003D66F1 /* LayoutAnchor.swift */,
				9D494A37217F6B63003D66F1 /* LayoutAttribute.swift */,
				9D494A3B217F6B7D003D66F1 /* LayoutConstraint.swift */,
			);
			path = Layout;
			sourceTree = "<group>";
		};
		96BCB8051CB40F9C00C806FE /* Collection */ = {
			isa = PBXGroup;
			children = (
				965689641F003476001C656D /* CardCollectionView */,
				966ECF291CF4C20100BB0BDF /* CollectionReusableView.swift */,
				96BCB7711CB40DC500C806FE /* CollectionView.swift */,
				96BCB7721CB40DC500C806FE /* CollectionViewCell.swift */,
				96328B791E020A41009A4C90 /* CollectionViewController.swift */,
				96BCB7751CB40DC500C806FE /* CollectionViewLayout.swift */,
			);
			path = Collection;
			sourceTree = "<group>";
		};
		96BCB8061CB40FD000C806FE /* Type */ = {
			isa = PBXGroup;
			children = (
				96BCB76F1CB40DC500C806FE /* Border.swift */,
				96BCB7851CB40DC500C806FE /* CornerRadius.swift */,
				96BCB7781CB40DC500C806FE /* Depth.swift */,
				96BCB77A1CB40DC500C806FE /* EdgeInsets.swift */,
				96BCB7871CB40DC500C806FE /* InterimSpace.swift */,
				968C99461D377849000074FF /* Offset.swift */,
				96BCB7861CB40DC500C806FE /* Shape.swift */,
			);
			path = Type;
			sourceTree = "<group>";
		};
		96BCB8071CB4101C00C806FE /* Font */ = {
			isa = PBXGroup;
			children = (
				9628645E1D540AF300690B69 /* DynamicFontType.swift */,
				96BCB77B1CB40DC500C806FE /* Font.swift */,
				96BCB7941CB40DC500C806FE /* RobotoFont.swift */,
			);
			path = Font;
			sourceTree = "<group>";
		};
		96BCB8081CB4105E00C806FE /* Icon */ = {
			isa = PBXGroup;
			children = (
				96BCB77D1CB40DC500C806FE /* Icon.swift */,
			);
			path = Icon;
			sourceTree = "<group>";
		};
		96BCB80A1CB410A100C806FE /* Extension */ = {
			isa = PBXGroup;
			children = (
				96C1C8801D42C62800E6608F /* Material+Array.swift */,
				96F1DC871D654FDF0025F925 /* Material+CALayer.swift */,
				966C17721F0439F600D3E83C /* Material+MotionAnimation.swift */,
				961276621DCD8B1800A7D920 /* Material+NSMutableAttributedString.swift */,
				96BCB7641CB40DC500C806FE /* Material+String.swift */,
				9D054A6320D175AC00D0528D /* Material+UIButton.swift */,
				9DF74C4D20D15D84003C1D66 /* Material+UIColor.swift */,
				96BCB7651CB40DC500C806FE /* Material+UIFont.swift */,
				96BCB76C1CB40DC500C806FE /* Material+UIImage.swift */,
				9D054A6420D175AC00D0528D /* Material+UILabel.swift */,
				96E3C3931D397AE90086A024 /* Material+UIView.swift */,
				9618006C1F4D384200CD77A1 /* Material+UIViewController.swift */,
				962864591D53FE3E00690B69 /* Material+UIWindow.swift */,
			);
			path = Extension;
			sourceTree = "<group>";
		};
		96BCB80B1CB410CC00C806FE /* Device */ = {
			isa = PBXGroup;
			children = (
				96BCB7791CB40DC500C806FE /* Device.swift */,
			);
			path = Device;
			sourceTree = "<group>";
		};
		96BCB80C1CB410DD00C806FE /* View */ = {
			isa = PBXGroup;
			children = (
				96BCB7841CB40DC500C806FE /* PulseView.swift */,
				96BCB78C1CB40DC500C806FE /* View.swift */,
				9D39A81A20FE8ED100BA8FA1 /* ViewController.swift */,
			);
			path = View;
			sourceTree = "<group>";
		};
		96BCB80D1CB410FD00C806FE /* Layer */ = {
			isa = PBXGroup;
			children = (
				96BCB7801CB40DC500C806FE /* Layer.swift */,
			);
			path = Layer;
			sourceTree = "<group>";
		};
		96D88BF41C1328D800B91418 /* Sources */ = {
			isa = PBXGroup;
			children = (
				96BCB7EC1CB40DE900C806FE /* Font */,
				9630ACB71F29A26B00B4217D /* Frameworks */,
				96BCB7571CB40DC500C806FE /* iOS */,
				96334EF51C8B84660083986B /* Assets.xcassets */,
				96D88BFC1C1328D800B91418 /* Info.plist */,
				96D88BFD1C1328D800B91418 /* LICENSE */,
				96D88C091C1328D800B91418 /* Material.h */,
			);
			path = Sources;
			sourceTree = "<group>";
		};
		96EF418E1E835E850012CA1C /* Animation */ = {
			isa = PBXGroup;
			children = (
				96BCB7821CB40DC500C806FE /* PulseAnimation.swift */,
				965532281E47E388005C2792 /* SpringAnimation.swift */,
			);
			path = Animation;
			sourceTree = "<group>";
		};
		9D00EBB2216675A800DBCD69 /* Theme */ = {
			isa = PBXGroup;
			children = (
				9D00EBB3216675FB00DBCD69 /* Theme.swift */,
			);
			path = Theme;
			sourceTree = "<group>";
		};
		9DE25DDE2170D779000C04DF /* Dialogs */ = {
			isa = PBXGroup;
			children = (
				9DE25DDF2170D7AF000C04DF /* Dialog.swift */,
				9DE25DE12170D7C0000C04DF /* DialogController.swift */,
				9DE25DE32170D7FF000C04DF /* DialogView.swift */,
			);
			path = Dialogs;
			sourceTree = "<group>";
		};
		9DE84D6E1FF0250E00586C8B /* ButtonGroup */ = {
			isa = PBXGroup;
			children = (
				9DE84D701FF0252500586C8B /* BaseButtonGroup.swift */,
				9DE84D711FF0252500586C8B /* CheckButtonGroup.swift */,
				9DE84D6F1FF0252500586C8B /* RadioButtonGroup.swift */,
			);
			path = ButtonGroup;
			sourceTree = "<group>";
		};
/* End PBXGroup section */

/* Begin PBXHeadersBuildPhase section */
		963832331B88DFD80015F710 /* Headers */ = {
			isa = PBXHeadersBuildPhase;
			buildActionMask = 2147483647;
			files = (
				96D88C321C1328D800B91418 /* Material.h in Headers */,
				96BCB8141CB4115200C806FE /* PulseAnimation.swift in Headers */,
				96BCB8151CB4115200C806FE /* FABButton.swift in Headers */,
				96BCB8161CB4115200C806FE /* FlatButton.swift in Headers */,
				96BCB8171CB4115200C806FE /* Button.swift in Headers */,
				96BCB8181CB4115200C806FE /* RaisedButton.swift in Headers */,
				96BCB81E1CB4115200C806FE /* DataSourceItem.swift in Headers */,
				96BCB81F1CB4115200C806FE /* CollectionView.swift in Headers */,
				96BCB8201CB4115200C806FE /* CollectionViewCell.swift in Headers */,
				96BCB8231CB4115200C806FE /* CollectionViewLayout.swift in Headers */,
				96BCB8241CB4115200C806FE /* TableViewCell.swift in Headers */,
				96BCB8251CB4115200C806FE /* Color.swift in Headers */,
				96BCB8261CB4115200C806FE /* Device.swift in Headers */,
				96BCB8281CB4115200C806FE /* Material+String.swift in Headers */,
				96BCB8291CB4115200C806FE /* Material+UIFont.swift in Headers */,
				96BCB8301CB4115200C806FE /* Material+UIImage.swift in Headers */,
				96BCB8311CB4115200C806FE /* Font.swift in Headers */,
				96BCB8321CB4115200C806FE /* RobotoFont.swift in Headers */,
				96BCB8331CB4115200C806FE /* Icon.swift in Headers */,
				96BCB8341CB4115200C806FE /* Layer.swift in Headers */,
				96BCB8361CB4115200C806FE /* Grid.swift in Headers */,
				96BCB8371CB4115200C806FE /* Layout.swift in Headers */,
				96BCB83B1CB4115200C806FE /* NavigationDrawerController.swift in Headers */,
				96BCB83C1CB4115200C806FE /* Bar.swift in Headers */,
				96BCB83D1CB4115200C806FE /* TransitionController.swift in Headers */,
				96BCB8441CB4115200C806FE /* BottomNavigationController.swift in Headers */,
				96BCB8461CB4115200C806FE /* NavigationBar.swift in Headers */,
				96BCB8471CB4115200C806FE /* NavigationController.swift in Headers */,
				96BCB8481CB4115200C806FE /* NavigationItem.swift in Headers */,
				96BCB84A1CB4115200C806FE /* TextField.swift in Headers */,
				96BCB84B1CB4115200C806FE /* TextStorage.swift in Headers */,
				96BCB84C1CB4115200C806FE /* TextView.swift in Headers */,
				96BCB84D1CB4115200C806FE /* Border.swift in Headers */,
				96BCB84E1CB4115200C806FE /* InterimSpace.swift in Headers */,
				96BCB84F1CB4115200C806FE /* Depth.swift in Headers */,
				96BCB8501CB4115200C806FE /* EdgeInsets.swift in Headers */,
				96BCB8521CB4115200C806FE /* CornerRadius.swift in Headers */,
				96BCB8531CB4115200C806FE /* Shape.swift in Headers */,
				96BCB8551CB4115200C806FE /* PulseView.swift in Headers */,
				96BCB8561CB4115200C806FE /* Switch.swift in Headers */,
				96BCB8571CB4115200C806FE /* View.swift in Headers */,
				96E3C3951D3A1CC20086A024 /* IconButton.swift in Headers */,
				96E3C3961D3A1CC20086A024 /* CollectionReusableView.swift in Headers */,
				96E3C3971D3A1CC20086A024 /* Material+UIView.swift in Headers */,
				96E3C3991D3A1CC20086A024 /* StatusBarController.swift in Headers */,
				96E3C39A1D3A1CC20086A024 /* ErrorTextField.swift in Headers */,
				96E3C39C1D3A1CC20086A024 /* Offset.swift in Headers */,
				9697F7BF1D8F2572004741EC /* Divider.swift in Headers */,
				9697F7C01D8F2572004741EC /* Material+CALayer.swift in Headers */,
				9697F7C11D8F2572004741EC /* Material+Array.swift in Headers */,
				9697F7C21D8F2572004741EC /* Material+UIWindow.swift in Headers */,
				9697F7C31D8F2572004741EC /* DynamicFontType.swift in Headers */,
				9697F7CB1D8F2573004741EC /* Snackbar.swift in Headers */,
				9697F7CC1D8F2573004741EC /* SnackbarController.swift in Headers */,
				9617B07D1DFCA8CF00410F8F /* Application.swift in Headers */,
				9617B07E1DFCA8CF00410F8F /* Card.swift in Headers */,
				9617B07F1DFCA8CF00410F8F /* ImageCard.swift in Headers */,
				9617B0801DFCA8CF00410F8F /* PresenterCard.swift in Headers */,
				9617B0861DFCA8CF00410F8F /* HeightPreset.swift in Headers */,
				9617B08A1DFCA8CF00410F8F /* DisplayStyle.swift in Headers */,
				9617B08B1DFCA8CF00410F8F /* Screen.swift in Headers */,
				9617B08C1DFCA8CF00410F8F /* SearchBar.swift in Headers */,
				9617B08D1DFCA8CF00410F8F /* SearchBarController.swift in Headers */,
				9617B08E1DFCA8CF00410F8F /* TabBar.swift in Headers */,
				9617B08F1DFCA8CF00410F8F /* Material+NSMutableAttributedString.swift in Headers */,
				9617B0901DFCA8CF00410F8F /* Toolbar.swift in Headers */,
				9617B0911DFCA8CF00410F8F /* ToolbarController.swift in Headers */,
				96328B9B1E05C24E009A4C90 /* CollectionViewController.swift in Headers */,
				96328B9E1E05C24E009A4C90 /* TableView.swift in Headers */,
				96328B9F1E05C24E009A4C90 /* TableViewController.swift in Headers */,
				96BFC16F1E63C10A0075DE1F /* SpringAnimation.swift in Headers */,
				9685D5AF1F0F04CB00AFEB79 /* CardCollectionViewCell.swift in Headers */,
				9685D5B01F0F04CB00AFEB79 /* CardCollectionViewController.swift in Headers */,
				9685D5B11F0F04CB00AFEB79 /* Material+MotionAnimation.swift in Headers */,
				96F1A5531F24F17A001D8CAF /* TabsController.swift in Headers */,
				9618006E1F4D38BC00CD77A1 /* ChipBar.swift in Headers */,
				9618006F1F4D38BC00CD77A1 /* ChipBarController.swift in Headers */,
				961800701F4D38BC00CD77A1 /* Material+UIViewController.swift in Headers */,
			);
			runOnlyForDeploymentPostprocessing = 0;
		};
/* End PBXHeadersBuildPhase section */

/* Begin PBXNativeTarget section */
		963832351B88DFD80015F710 /* Material */ = {
			isa = PBXNativeTarget;
			buildConfigurationList = 9638324C1B88DFD80015F710 /* Build configuration list for PBXNativeTarget "Material" */;
			buildPhases = (
				963832311B88DFD80015F710 /* Sources */,
				963832331B88DFD80015F710 /* Headers */,
				963832341B88DFD80015F710 /* Resources */,
			);
			buildRules = (
			);
			dependencies = (
				968BA8381F8D20530091852E /* PBXTargetDependency */,
			);
			name = Material;
			productName = FocusKit;
			productReference = 963832361B88DFD80015F710 /* Material.framework */;
			productType = "com.apple.product-type.framework";
		};
/* End PBXNativeTarget section */

/* Begin PBXProject section */
		9638322D1B88DFD80015F710 /* Project object */ = {
			isa = PBXProject;
			attributes = {
				LastSwiftMigration = 0710;
				LastSwiftUpdateCheck = 0730;
				LastUpgradeCheck = 1100;
				ORGANIZATIONNAME = "CosmicMind, Inc.";
				TargetAttributes = {
					963832351B88DFD80015F710 = {
						CreatedOnToolsVersion = 6.4;
						DevelopmentTeam = 9Z76XCNLGL;
						DevelopmentTeamName = "CosmicMind Inc.";
						LastSwiftMigration = 1020;
						ProvisioningStyle = Manual;
					};
				};
			};
			buildConfigurationList = 963832301B88DFD80015F710 /* Build configuration list for PBXProject "Material" */;
			compatibilityVersion = "Xcode 3.2";
			developmentRegion = en;
			hasScannedForEncodings = 0;
			knownRegions = (
				en,
				Base,
			);
			mainGroup = 9638322C1B88DFD80015F710;
			productRefGroup = 963832371B88DFD80015F710 /* Products */;
			projectDirPath = "";
			projectReferences = (
				{
					ProductGroup = 968BA8321F8D201B0091852E /* Products */;
					ProjectRef = 968BA8311F8D201B0091852E /* Motion.xcodeproj */;
				},
			);
			projectRoot = "";
			targets = (
				963832351B88DFD80015F710 /* Material */,
			);
		};
/* End PBXProject section */

/* Begin PBXReferenceProxy section */
		968BA8361F8D201B0091852E /* Motion.framework */ = {
			isa = PBXReferenceProxy;
			fileType = wrapper.framework;
			path = Motion.framework;
			remoteRef = 968BA8351F8D201B0091852E /* PBXContainerItemProxy */;
			sourceTree = BUILT_PRODUCTS_DIR;
		};
/* End PBXReferenceProxy section */

/* Begin PBXResourcesBuildPhase section */
		963832341B88DFD80015F710 /* Resources */ = {
			isa = PBXResourcesBuildPhase;
			buildActionMask = 2147483647;
			files = (
				96334EF61C8B84660083986B /* Assets.xcassets in Resources */,
				96BCB7F71CB40DE900C806FE /* Roboto-Medium.ttf in Resources */,
				96BCB7F31CB40DE900C806FE /* Roboto-Bold.ttf in Resources */,
				96BCB7FB1CB40DE900C806FE /* Roboto-Thin.ttf in Resources */,
				96BCB7F91CB40DE900C806FE /* Roboto-Regular.ttf in Resources */,
				96BCB7F51CB40DE900C806FE /* Roboto-Light.ttf in Resources */,
			);
			runOnlyForDeploymentPostprocessing = 0;
		};
/* End PBXResourcesBuildPhase section */

/* Begin PBXSourcesBuildPhase section */
		963832311B88DFD80015F710 /* Sources */ = {
			isa = PBXSourcesBuildPhase;
			buildActionMask = 2147483647;
			files = (
				961E6BE21DDA2AF3004E6C93 /* Screen.swift in Sources */,
				9DF352441FED20ED00B2A11B /* RadioButton.swift in Sources */,
				965E81261DD4D7C800D61E4B /* Material+NSMutableAttributedString.swift in Sources */,
				965E80FF1DD4D5C800D61E4B /* BottomNavigationController.swift in Sources */,
				965E81031DD4D5C800D61E4B /* CollectionView.swift in Sources */,
				965E81041DD4D5C800D61E4B /* CollectionViewCell.swift in Sources */,
				965E81071DD4D5C800D61E4B /* CollectionViewLayout.swift in Sources */,
				965E81081DD4D5C800D61E4B /* CollectionReusableView.swift in Sources */,
				965E81091DD4D5C800D61E4B /* DataSourceItem.swift in Sources */,
				9DF352461FED210000B2A11B /* CheckButton.swift in Sources */,
				965E810A1DD4D5C800D61E4B /* Font.swift in Sources */,
				965E810B1DD4D5C800D61E4B /* RobotoFont.swift in Sources */,
				9D494A3C217F6B7D003D66F1 /* LayoutConstraint.swift in Sources */,
				965E810C1DD4D5C800D61E4B /* DynamicFontType.swift in Sources */,
				965E81101DD4D5C800D61E4B /* NavigationBar.swift in Sources */,
				965E81111DD4D5C800D61E4B /* NavigationController.swift in Sources */,
				965E81121DD4D5C800D61E4B /* NavigationItem.swift in Sources */,
				965E81131DD4D5C800D61E4B /* NavigationDrawerController.swift in Sources */,
				9656895F1F002F16001C656D /* CardCollectionViewCell.swift in Sources */,
				965E81161DD4D5C800D61E4B /* DisplayStyle.swift in Sources */,
				965E81171DD4D5C800D61E4B /* TransitionController.swift in Sources */,
				965E81181DD4D5C800D61E4B /* Snackbar.swift in Sources */,
				965E81191DD4D5C800D61E4B /* SnackbarController.swift in Sources */,
				9618006D1F4D384200CD77A1 /* Material+UIViewController.swift in Sources */,
				9DE84D741FF0252600586C8B /* CheckButtonGroup.swift in Sources */,
				965E811A1DD4D5C800D61E4B /* StatusBarController.swift in Sources */,
				965E811B1DD4D5C800D61E4B /* Switch.swift in Sources */,
				965E811C1DD4D5C800D61E4B /* TabBar.swift in Sources */,
				965E811D1DD4D5C800D61E4B /* TableViewCell.swift in Sources */,
				9D9089B92118914500605DC9 /* Editor.swift in Sources */,
				965E811E1DD4D5C800D61E4B /* TextField.swift in Sources */,
				965E811F1DD4D5C800D61E4B /* ErrorTextField.swift in Sources */,
				965E81211DD4D5C800D61E4B /* TextStorage.swift in Sources */,
				965E81221DD4D5C800D61E4B /* TextView.swift in Sources */,
				965E80E71DD4C55200D61E4B /* Material+UIView.swift in Sources */,
				9D494A38217F6B63003D66F1 /* LayoutAttribute.swift in Sources */,
				96B8D22D20CF82D5008BD149 /* FABMenu.swift in Sources */,
				965E80E81DD4C55200D61E4B /* Material+CALayer.swift in Sources */,
				965E80E91DD4C55200D61E4B /* Material+String.swift in Sources */,
				9DE84D731FF0252600586C8B /* BaseButtonGroup.swift in Sources */,
				965E80F71DD4D59500D61E4B /* Card.swift in Sources */,
				965E80EA1DD4C55200D61E4B /* Material+UIFont.swift in Sources */,
				965E80EB1DD4C55200D61E4B /* Material+UIImage.swift in Sources */,
				965E80EC1DD4C55200D61E4B /* Material+Array.swift in Sources */,
				965E80ED1DD4C55200D61E4B /* Material+UIWindow.swift in Sources */,
				961527B91F3A509900E8B2AC /* ChipBarController.swift in Sources */,
				965E80E41DD4C53300D61E4B /* PulseView.swift in Sources */,
				9DF352421FED20C900B2A11B /* BaseIconLayerButton.swift in Sources */,
				966C17731F0439F600D3E83C /* Material+MotionAnimation.swift in Sources */,
				965E80E51DD4C53300D61E4B /* PulseAnimation.swift in Sources */,
				9DE84D721FF0252600586C8B /* RadioButtonGroup.swift in Sources */,
				9D00EBB4216675FB00DBCD69 /* Theme.swift in Sources */,
				965E80FE1DD4D59500D61E4B /* ToolbarController.swift in Sources */,
				9DE25DE22170D7C0000C04DF /* DialogController.swift in Sources */,
				9DE25DE42170D7FF000C04DF /* DialogView.swift in Sources */,
				96328B971E05C0BB009A4C90 /* TableView.swift in Sources */,
				965E80F81DD4D59500D61E4B /* ImageCard.swift in Sources */,
				96328B991E05C0CE009A4C90 /* TableViewController.swift in Sources */,
				9DE25DE02170D7AF000C04DF /* Dialog.swift in Sources */,
				965E80F91DD4D59500D61E4B /* PresenterCard.swift in Sources */,
				96E09DC81F2287E50000B121 /* TabsController.swift in Sources */,
				961154CC1F32A7B100A78D74 /* ChipBar.swift in Sources */,
				965689611F002F4C001C656D /* CardCollectionViewController.swift in Sources */,
				965E80CC1DD4C50600D61E4B /* Bar.swift in Sources */,
				965E80CD1DD4C50600D61E4B /* Button.swift in Sources */,
				965E80CE1DD4C50600D61E4B /* FABButton.swift in Sources */,
				965E80CF1DD4C50600D61E4B /* FlatButton.swift in Sources */,
				9D39A81B20FE8ED100BA8FA1 /* ViewController.swift in Sources */,
				965E80D01DD4C50600D61E4B /* RaisedButton.swift in Sources */,
				9DF58CEE20C098C60098968D /* ErrorTextFieldValidator.swift in Sources */,
				9D054A6520D175AC00D0528D /* Material+UIButton.swift in Sources */,
				965E80D11DD4C50600D61E4B /* IconButton.swift in Sources */,
				965E80D21DD4C50600D61E4B /* Color.swift in Sources */,
				96BFC1541E5E486F0075DE1F /* SpringAnimation.swift in Sources */,
				9D054A6620D175AC00D0528D /* Material+UILabel.swift in Sources */,
				9D494A3A217F6B70003D66F1 /* LayoutAnchor.swift in Sources */,
				965E80D31DD4C50600D61E4B /* Device.swift in Sources */,
				965E80FD1DD4D59500D61E4B /* Toolbar.swift in Sources */,
				965E80D41DD4C50600D61E4B /* Divider.swift in Sources */,
				965E80D51DD4C50600D61E4B /* Grid.swift in Sources */,
				965E80D61DD4C50600D61E4B /* HeightPreset.swift in Sources */,
				961E6BDF1DDA2A95004E6C93 /* Application.swift in Sources */,
				965E80D71DD4C50600D61E4B /* Icon.swift in Sources */,
				965E80FC1DD4D59500D61E4B /* SearchBarController.swift in Sources */,
				965E80D81DD4C50600D61E4B /* Layer.swift in Sources */,
				965E80D91DD4C50600D61E4B /* Layout.swift in Sources */,
				965E80DA1DD4C50600D61E4B /* Border.swift in Sources */,
				965E80DB1DD4C50600D61E4B /* InterimSpace.swift in Sources */,
				965E80DC1DD4C50600D61E4B /* Depth.swift in Sources */,
				965E80DD1DD4C50600D61E4B /* EdgeInsets.swift in Sources */,
				9DF74C4E20D15D84003C1D66 /* Material+UIColor.swift in Sources */,
				965E80DF1DD4C50600D61E4B /* CornerRadius.swift in Sources */,
				965E80FB1DD4D59500D61E4B /* SearchBar.swift in Sources */,
				965E80E01DD4C50600D61E4B /* Shape.swift in Sources */,
				965E80E11DD4C50600D61E4B /* Offset.swift in Sources */,
				965E80E21DD4C50600D61E4B /* View.swift in Sources */,
				96B8D22C20CF82D2008BD149 /* FABMenuController.swift in Sources */,
				96328B7A1E020A41009A4C90 /* CollectionViewController.swift in Sources */,
			);
			runOnlyForDeploymentPostprocessing = 0;
		};
/* End PBXSourcesBuildPhase section */

/* Begin PBXTargetDependency section */
		968BA8381F8D20530091852E /* PBXTargetDependency */ = {
			isa = PBXTargetDependency;
			name = "Motion iOS";
			targetProxy = 968BA8371F8D20530091852E /* PBXContainerItemProxy */;
		};
/* End PBXTargetDependency section */

/* Begin XCBuildConfiguration section */
		9638324A1B88DFD80015F710 /* Debug */ = {
			isa = XCBuildConfiguration;
			buildSettings = {
				ALWAYS_SEARCH_USER_PATHS = NO;
				CLANG_ANALYZER_LOCALIZABILITY_NONLOCALIZED = YES;
				CLANG_CXX_LANGUAGE_STANDARD = "gnu++0x";
				CLANG_CXX_LIBRARY = "libc++";
				CLANG_ENABLE_MODULES = YES;
				CLANG_ENABLE_OBJC_ARC = YES;
				CLANG_WARN_BLOCK_CAPTURE_AUTORELEASING = YES;
				CLANG_WARN_BOOL_CONVERSION = YES;
				CLANG_WARN_COMMA = YES;
				CLANG_WARN_CONSTANT_CONVERSION = YES;
				CLANG_WARN_DEPRECATED_OBJC_IMPLEMENTATIONS = YES;
				CLANG_WARN_DIRECT_OBJC_ISA_USAGE = YES_ERROR;
				CLANG_WARN_EMPTY_BODY = YES;
				CLANG_WARN_ENUM_CONVERSION = YES;
				CLANG_WARN_INFINITE_RECURSION = YES;
				CLANG_WARN_INT_CONVERSION = YES;
				CLANG_WARN_NON_LITERAL_NULL_CONVERSION = YES;
				CLANG_WARN_OBJC_IMPLICIT_RETAIN_SELF = YES;
				CLANG_WARN_OBJC_LITERAL_CONVERSION = YES;
				CLANG_WARN_OBJC_ROOT_CLASS = YES_ERROR;
				CLANG_WARN_RANGE_LOOP_ANALYSIS = YES;
				CLANG_WARN_STRICT_PROTOTYPES = YES;
				CLANG_WARN_SUSPICIOUS_MOVE = YES;
				CLANG_WARN_UNREACHABLE_CODE = YES;
				CLANG_WARN__DUPLICATE_METHOD_MATCH = YES;
				"CODE_SIGN_IDENTITY[sdk=iphoneos*]" = "iPhone Developer";
				COPY_PHASE_STRIP = NO;
				CURRENT_PROJECT_VERSION = 1;
				DEBUG_INFORMATION_FORMAT = "dwarf-with-dsym";
				ENABLE_STRICT_OBJC_MSGSEND = YES;
				ENABLE_TESTABILITY = YES;
				GCC_C_LANGUAGE_STANDARD = gnu99;
				GCC_DYNAMIC_NO_PIC = NO;
				GCC_NO_COMMON_BLOCKS = YES;
				GCC_OPTIMIZATION_LEVEL = 0;
				GCC_PREPROCESSOR_DEFINITIONS = (
					"DEBUG=1",
					"$(inherited)",
				);
				GCC_SYMBOLS_PRIVATE_EXTERN = NO;
				GCC_WARN_64_TO_32_BIT_CONVERSION = YES;
				GCC_WARN_ABOUT_RETURN_TYPE = YES_ERROR;
				GCC_WARN_UNDECLARED_SELECTOR = YES;
				GCC_WARN_UNINITIALIZED_AUTOS = YES_AGGRESSIVE;
				GCC_WARN_UNUSED_FUNCTION = YES;
				GCC_WARN_UNUSED_VARIABLE = YES;
				IPHONEOS_DEPLOYMENT_TARGET = 8.0;
				MACOSX_DEPLOYMENT_TARGET = 10.9;
				MTL_ENABLE_DEBUG_INFO = YES;
				ONLY_ACTIVE_ARCH = YES;
				PRODUCT_NAME = Material;
				SDKROOT = iphoneos;
				SWIFT_OPTIMIZATION_LEVEL = "-Onone";
				SWIFT_SWIFT3_OBJC_INFERENCE = Default;
				SWIFT_VERSION = 4.2;
				TARGETED_DEVICE_FAMILY = "1,2";
				VERSIONING_SYSTEM = "apple-generic";
				VERSION_INFO_PREFIX = "";
			};
			name = Debug;
		};
		9638324B1B88DFD80015F710 /* Release */ = {
			isa = XCBuildConfiguration;
			buildSettings = {
				ALWAYS_SEARCH_USER_PATHS = NO;
				CLANG_ANALYZER_LOCALIZABILITY_NONLOCALIZED = YES;
				CLANG_CXX_LANGUAGE_STANDARD = "gnu++0x";
				CLANG_CXX_LIBRARY = "libc++";
				CLANG_ENABLE_MODULES = YES;
				CLANG_ENABLE_OBJC_ARC = YES;
				CLANG_WARN_BLOCK_CAPTURE_AUTORELEASING = YES;
				CLANG_WARN_BOOL_CONVERSION = YES;
				CLANG_WARN_COMMA = YES;
				CLANG_WARN_CONSTANT_CONVERSION = YES;
				CLANG_WARN_DEPRECATED_OBJC_IMPLEMENTATIONS = YES;
				CLANG_WARN_DIRECT_OBJC_ISA_USAGE = YES_ERROR;
				CLANG_WARN_EMPTY_BODY = YES;
				CLANG_WARN_ENUM_CONVERSION = YES;
				CLANG_WARN_INFINITE_RECURSION = YES;
				CLANG_WARN_INT_CONVERSION = YES;
				CLANG_WARN_NON_LITERAL_NULL_CONVERSION = YES;
				CLANG_WARN_OBJC_IMPLICIT_RETAIN_SELF = YES;
				CLANG_WARN_OBJC_LITERAL_CONVERSION = YES;
				CLANG_WARN_OBJC_ROOT_CLASS = YES_ERROR;
				CLANG_WARN_RANGE_LOOP_ANALYSIS = YES;
				CLANG_WARN_STRICT_PROTOTYPES = YES;
				CLANG_WARN_SUSPICIOUS_MOVE = YES;
				CLANG_WARN_UNREACHABLE_CODE = YES;
				CLANG_WARN__DUPLICATE_METHOD_MATCH = YES;
				"CODE_SIGN_IDENTITY[sdk=iphoneos*]" = "iPhone Developer";
				COPY_PHASE_STRIP = NO;
				CURRENT_PROJECT_VERSION = 1;
				DEBUG_INFORMATION_FORMAT = "dwarf-with-dsym";
				ENABLE_NS_ASSERTIONS = NO;
				ENABLE_STRICT_OBJC_MSGSEND = YES;
				GCC_C_LANGUAGE_STANDARD = gnu99;
				GCC_NO_COMMON_BLOCKS = YES;
				GCC_WARN_64_TO_32_BIT_CONVERSION = YES;
				GCC_WARN_ABOUT_RETURN_TYPE = YES_ERROR;
				GCC_WARN_UNDECLARED_SELECTOR = YES;
				GCC_WARN_UNINITIALIZED_AUTOS = YES_AGGRESSIVE;
				GCC_WARN_UNUSED_FUNCTION = YES;
				GCC_WARN_UNUSED_VARIABLE = YES;
				IPHONEOS_DEPLOYMENT_TARGET = 8.0;
				MACOSX_DEPLOYMENT_TARGET = 10.9;
				MTL_ENABLE_DEBUG_INFO = NO;
				PRODUCT_NAME = Material;
				SDKROOT = iphoneos;
				SWIFT_OPTIMIZATION_LEVEL = "-Owholemodule";
				SWIFT_SWIFT3_OBJC_INFERENCE = Default;
				SWIFT_VERSION = 4.2;
				TARGETED_DEVICE_FAMILY = "1,2";
				VALIDATE_PRODUCT = YES;
				VERSIONING_SYSTEM = "apple-generic";
				VERSION_INFO_PREFIX = "";
			};
			name = Release;
		};
		9638324D1B88DFD80015F710 /* Debug */ = {
			isa = XCBuildConfiguration;
			buildSettings = {
				CLANG_ANALYZER_OBJC_UNUSED_IVARS = YES;
				CLANG_ENABLE_MODULES = YES;
				CODE_SIGN_IDENTITY = "";
				"CODE_SIGN_IDENTITY[sdk=iphoneos*]" = "";
				DEFINES_MODULE = YES;
				DYLIB_COMPATIBILITY_VERSION = 1;
				DYLIB_CURRENT_VERSION = 1;
				DYLIB_INSTALL_NAME_BASE = "@rpath";
				FRAMEWORK_SEARCH_PATHS = "$(SRCROOT)/**";
				GCC_WARN_UNUSED_VALUE = YES;
				INFOPLIST_FILE = Sources/Info.plist;
				INSTALL_PATH = "$(LOCAL_LIBRARY_DIR)/Frameworks";
				LD_RUNPATH_SEARCH_PATHS = "$(inherited) @executable_path/Frameworks @loader_path/Frameworks @rpath/Frameworks";
				MARKETING_VERSION = 3.1.8;
				PRODUCT_BUNDLE_IDENTIFIER = com.cosmicmind.Material;
				PRODUCT_NAME = Material;
				PROVISIONING_PROFILE = "";
				SKIP_INSTALL = YES;
				SWIFT_OPTIMIZATION_LEVEL = "-Onone";
				SWIFT_VERSION = 5.0;
			};
			name = Debug;
		};
		9638324E1B88DFD80015F710 /* Release */ = {
			isa = XCBuildConfiguration;
			buildSettings = {
				CLANG_ANALYZER_OBJC_UNUSED_IVARS = YES;
				CLANG_ENABLE_MODULES = YES;
				CODE_SIGN_IDENTITY = "";
				"CODE_SIGN_IDENTITY[sdk=iphoneos*]" = "";
				DEFINES_MODULE = YES;
				DYLIB_COMPATIBILITY_VERSION = 1;
				DYLIB_CURRENT_VERSION = 1;
				DYLIB_INSTALL_NAME_BASE = "@rpath";
				FRAMEWORK_SEARCH_PATHS = "$(SRCROOT)/**";
				GCC_WARN_UNUSED_VALUE = YES;
				INFOPLIST_FILE = Sources/Info.plist;
				INSTALL_PATH = "$(LOCAL_LIBRARY_DIR)/Frameworks";
				LD_RUNPATH_SEARCH_PATHS = "$(inherited) @executable_path/Frameworks @loader_path/Frameworks @rpath/Frameworks";
				MARKETING_VERSION = 3.1.8;
				PRODUCT_BUNDLE_IDENTIFIER = com.cosmicmind.Material;
				PRODUCT_NAME = Material;
				PROVISIONING_PROFILE = "";
				SKIP_INSTALL = YES;
				SWIFT_OPTIMIZATION_LEVEL = "-O";
				SWIFT_VERSION = 5.0;
			};
			name = Release;
		};
/* End XCBuildConfiguration section */

/* Begin XCConfigurationList section */
		963832301B88DFD80015F710 /* Build configuration list for PBXProject "Material" */ = {
			isa = XCConfigurationList;
			buildConfigurations = (
				9638324A1B88DFD80015F710 /* Debug */,
				9638324B1B88DFD80015F710 /* Release */,
			);
			defaultConfigurationIsVisible = 0;
			defaultConfigurationName = Release;
		};
		9638324C1B88DFD80015F710 /* Build configuration list for PBXNativeTarget "Material" */ = {
			isa = XCConfigurationList;
			buildConfigurations = (
				9638324D1B88DFD80015F710 /* Debug */,
				9638324E1B88DFD80015F710 /* Release */,
			);
			defaultConfigurationIsVisible = 0;
			defaultConfigurationName = Release;
		};
/* End XCConfigurationList section */
	};
	rootObject = 9638322D1B88DFD80015F710 /* Project object */;
}
