// !$*UTF8*$!
{
	archiveVersion = 1;
	classes = {
	};
	objectVersion = 46;
	objects = {

/* Begin PBXBuildFile section */
		96212DC91C1696D000F31053 /* AppDelegate.swift in Sources */ = {isa = PBXBuildFile; fileRef = 96212DC11C1696D000F31053 /* AppDelegate.swift */; };
		96212DCA1C1696D000F31053 /* Assets.xcassets in Resources */ = {isa = PBXBuildFile; fileRef = 96212DC21C1696D000F31053 /* Assets.xcassets */; };
		96212DCB1C1696D000F31053 /* LaunchScreen.storyboard in Resources */ = {isa = PBXBuildFile; fileRef = 96212DC31C1696D000F31053 /* LaunchScreen.storyboard */; };
		96212DCC1C1696D000F31053 /* Main.storyboard in Resources */ = {isa = PBXBuildFile; fileRef = 96212DC51C1696D000F31053 /* Main.storyboard */; };
		96212DCE1C1696D000F31053 /* ViewController.swift in Sources */ = {isa = PBXBuildFile; fileRef = 96212DC81C1696D000F31053 /* ViewController.swift */; };
/* End PBXBuildFile section */

/* Begin PBXCopyFilesBuildPhase section */
		9ABEC5071C14F11100F6895E /* Embed Frameworks */ = {
			isa = PBXCopyFilesBuildPhase;
			buildActionMask = 2147483647;
			dstPath = "";
			dstSubfolderSpec = 10;
			files = (
			);
			name = "Embed Frameworks";
			runOnlyForDeploymentPostprocessing = 0;
		};
/* End PBXCopyFilesBuildPhase section */

/* Begin PBXFileReference section */
		96212DC11C1696D000F31053 /* AppDelegate.swift */ = {isa = PBXFileReference; fileEncoding = 4; lastKnownFileType = sourcecode.swift; path = AppDelegate.swift; sourceTree = "<group>"; };
		96212DC21C1696D000F31053 /* Assets.xcassets */ = {isa = PBXFileReference; lastKnownFileType = folder.assetcatalog; path = Assets.xcassets; sourceTree = "<group>"; };
		96212DC41C1696D000F31053 /* Base */ = {isa = PBXFileReference; lastKnownFileType = file.storyboard; name = Base; path = Base.lproj/LaunchScreen.storyboard; sourceTree = "<group>"; };
		96212DC61C1696D000F31053 /* Base */ = {isa = PBXFileReference; lastKnownFileType = file.storyboard; name = Base; path = Base.lproj/Main.storyboard; sourceTree = "<group>"; };
		96212DC71C1696D000F31053 /* Info.plist */ = {isa = PBXFileReference; fileEncoding = 4; lastKnownFileType = text.plist.xml; path = Info.plist; sourceTree = "<group>"; };
		96212DC81C1696D000F31053 /* ViewController.swift */ = {isa = PBXFileReference; fileEncoding = 4; lastKnownFileType = sourcecode.swift; path = ViewController.swift; sourceTree = "<group>"; };
		9ABEC4EF1C14F08200F6895E /* MaterialPulseView.app */ = {isa = PBXFileReference; explicitFileType = wrapper.application; includeInIndex = 0; path = MaterialPulseView.app; sourceTree = BUILT_PRODUCTS_DIR; };
/* End PBXFileReference section */

/* Begin PBXFrameworksBuildPhase section */
		9ABEC4EC1C14F08200F6895E /* Frameworks */ = {
			isa = PBXFrameworksBuildPhase;
			buildActionMask = 2147483647;
			files = (
			);
			runOnlyForDeploymentPostprocessing = 0;
		};
/* End PBXFrameworksBuildPhase section */

/* Begin PBXGroup section */
		96212DC01C1696D000F31053 /* MaterialPulseView */ = {
			isa = PBXGroup;
			children = (
				96212DC11C1696D000F31053 /* AppDelegate.swift */,
				96212DC81C1696D000F31053 /* ViewController.swift */,
				96212DC51C1696D000F31053 /* Main.storyboard */,
				96212DC21C1696D000F31053 /* Assets.xcassets */,
				96212DC31C1696D000F31053 /* LaunchScreen.storyboard */,
				96212DC71C1696D000F31053 /* Info.plist */,
			);
			path = MaterialPulseView;
			sourceTree = "<group>";
		};
		9ABEC4E61C14F08200F6895E = {
			isa = PBXGroup;
			children = (
				96212DC01C1696D000F31053 /* MaterialPulseView */,
				9ABEC4F01C14F08200F6895E /* Products */,
			);
			sourceTree = "<group>";
		};
		9ABEC4F01C14F08200F6895E /* Products */ = {
			isa = PBXGroup;
			children = (
				9ABEC4EF1C14F08200F6895E /* MaterialPulseView.app */,
			);
			name = Products;
			sourceTree = "<group>";
		};
/* End PBXGroup section */

/* Begin PBXNativeTarget section */
		9ABEC4EE1C14F08200F6895E /* MaterialPulseView */ = {
			isa = PBXNativeTarget;
			buildConfigurationList = 9ABEC5011C14F08200F6895E /* Build configuration list for PBXNativeTarget "MaterialPulseView" */;
			buildPhases = (
				9ABEC4EB1C14F08200F6895E /* Sources */,
				9ABEC4EC1C14F08200F6895E /* Frameworks */,
				9ABEC4ED1C14F08200F6895E /* Resources */,
				9ABEC5071C14F11100F6895E /* Embed Frameworks */,
			);
			buildRules = (
			);
			dependencies = (
			);
			name = MaterialPulseView;
			productName = MaterialPulseView;
			productReference = 9ABEC4EF1C14F08200F6895E /* MaterialPulseView.app */;
			productType = "com.apple.product-type.application";
		};
/* End PBXNativeTarget section */

/* Begin PBXProject section */
		9ABEC4E71C14F08200F6895E /* Project object */ = {
			isa = PBXProject;
			attributes = {
				LastSwiftUpdateCheck = 0710;
				LastUpgradeCheck = 0720;
				ORGANIZATIONNAME = "Adam Dahan";
				TargetAttributes = {
					9ABEC4EE1C14F08200F6895E = {
						CreatedOnToolsVersion = 7.1.1;
					};
				};
			};
			buildConfigurationList = 9ABEC4EA1C14F08200F6895E /* Build configuration list for PBXProject "MaterialPulseView" */;
			compatibilityVersion = "Xcode 3.2";
			developmentRegion = English;
			hasScannedForEncodings = 0;
			knownRegions = (
				en,
				Base,
			);
			mainGroup = 9ABEC4E61C14F08200F6895E;
			productRefGroup = 9ABEC4F01C14F08200F6895E /* Products */;
			projectDirPath = "";
			projectRoot = "";
			targets = (
				9ABEC4EE1C14F08200F6895E /* MaterialPulseView */,
			);
		};
/* End PBXProject section */

/* Begin PBXResourcesBuildPhase section */
		9ABEC4ED1C14F08200F6895E /* Resources */ = {
			isa = PBXResourcesBuildPhase;
			buildActionMask = 2147483647;
			files = (
				96212DCC1C1696D000F31053 /* Main.storyboard in Resources */,
				96212DCA1C1696D000F31053 /* Assets.xcassets in Resources */,
				96212DCB1C1696D000F31053 /* LaunchScreen.storyboard in Resources */,
			);
			runOnlyForDeploymentPostprocessing = 0;
		};
/* End PBXResourcesBuildPhase section */

/* Begin PBXSourcesBuildPhase section */
		9ABEC4EB1C14F08200F6895E /* Sources */ = {
			isa = PBXSourcesBuildPhase;
			buildActionMask = 2147483647;
			files = (
				96212DCE1C1696D000F31053 /* ViewController.swift in Sources */,
				96212DC91C1696D000F31053 /* AppDelegate.swift in Sources */,
			);
			runOnlyForDeploymentPostprocessing = 0;
		};
/* End PBXSourcesBuildPhase section */

/* Begin PBXVariantGroup section */
		96212DC31C1696D000F31053 /* LaunchScreen.storyboard */ = {
			isa = PBXVariantGroup;
			children = (
				96212DC41C1696D000F31053 /* Base */,
			);
			name = LaunchScreen.storyboard;
			sourceTree = "<group>";
		};
		96212DC51C1696D000F31053 /* Main.storyboard */ = {
			isa = PBXVariantGroup;
			children = (
				96212DC61C1696D000F31053 /* Base */,
			);
			name = Main.storyboard;
			sourceTree = "<group>";
		};
/* End PBXVariantGroup section */

/* Begin XCBuildConfiguration section */
		9ABEC4FF1C14F08200F6895E /* Debug */ = {
			isa = XCBuildConfiguration;
			buildSettings = {
				ALWAYS_SEARCH_USER_PATHS = NO;
				CLANG_CXX_LANGUAGE_STANDARD = "gnu++0x";
				CLANG_CXX_LIBRARY = "libc++";
				CLANG_ENABLE_MODULES = YES;
				CLANG_ENABLE_OBJC_ARC = YES;
				CLANG_WARN_BOOL_CONVERSION = YES;
				CLANG_WARN_CONSTANT_CONVERSION = YES;
				CLANG_WARN_DIRECT_OBJC_ISA_USAGE = YES_ERROR;
				CLANG_WARN_EMPTY_BODY = YES;
				CLANG_WARN_ENUM_CONVERSION = YES;
				CLANG_WARN_INT_CONVERSION = YES;
				CLANG_WARN_OBJC_ROOT_CLASS = YES_ERROR;
				CLANG_WARN_UNREACHABLE_CODE = YES;
				CLANG_WARN__DUPLICATE_METHOD_MATCH = YES;
				"CODE_SIGN_IDENTITY[sdk=iphoneos*]" = "iPhone Developer";
				COPY_PHASE_STRIP = NO;
				DEBUG_INFORMATION_FORMAT = dwarf;
				ENABLE_STRICT_OBJC_MSGSEND = YES;
				ENABLE_TESTABILITY = YES;
				GCC_C_LANGUAGE_STANDARD = gnu99;
				GCC_DYNAMIC_NO_PIC = NO;
				GCC_NO_COMMON_BLOCKS = YES;
				GCC_OPTIMIZATION_LEVEL = 0;
				GCC_PREPROCESSOR_DEFINITIONS = (
					"DEBUG=1",
					"$(inherited)",
				);
				GCC_WARN_64_TO_32_BIT_CONVERSION = YES;
				GCC_WARN_ABOUT_RETURN_TYPE = YES_ERROR;
				GCC_WARN_UNDECLARED_SELECTOR = YES;
				GCC_WARN_UNINITIALIZED_AUTOS = YES_AGGRESSIVE;
				GCC_WARN_UNUSED_FUNCTION = YES;
				GCC_WARN_UNUSED_VARIABLE = YES;
				IPHONEOS_DEPLOYMENT_TARGET = 8.0;
				MTL_ENABLE_DEBUG_INFO = YES;
				ONLY_ACTIVE_ARCH = YES;
				SDKROOT = iphoneos;
				SWIFT_OPTIMIZATION_LEVEL = "-Onone";
			};
			name = Debug;
		};
		9ABEC5001C14F08200F6895E /* Release */ = {
			isa = XCBuildConfiguration;
			buildSettings = {
				ALWAYS_SEARCH_USER_PATHS = NO;
				CLANG_CXX_LANGUAGE_STANDARD = "gnu++0x";
				CLANG_CXX_LIBRARY = "libc++";
				CLANG_ENABLE_MODULES = YES;
				CLANG_ENABLE_OBJC_ARC = YES;
				CLANG_WARN_BOOL_CONVERSION = YES;
				CLANG_WARN_CONSTANT_CONVERSION = YES;
				CLANG_WARN_DIRECT_OBJC_ISA_USAGE = YES_ERROR;
				CLANG_WARN_EMPTY_BODY = YES;
				CLANG_WARN_ENUM_CONVERSION = YES;
				CLANG_WARN_INT_CONVERSION = YES;
				CLANG_WARN_OBJC_ROOT_CLASS = YES_ERROR;
				CLANG_WARN_UNREACHABLE_CODE = YES;
				CLANG_WARN__DUPLICATE_METHOD_MATCH = YES;
				"CODE_SIGN_IDENTITY[sdk=iphoneos*]" = "iPhone Developer";
				COPY_PHASE_STRIP = NO;
				DEBUG_INFORMATION_FORMAT = "dwarf-with-dsym";
				ENABLE_NS_ASSERTIONS = NO;
				ENABLE_STRICT_OBJC_MSGSEND = YES;
				GCC_C_LANGUAGE_STANDARD = gnu99;
				GCC_NO_COMMON_BLOCKS = YES;
				GCC_WARN_64_TO_32_BIT_CONVERSION = YES;
				GCC_WARN_ABOUT_RETURN_TYPE = YES_ERROR;
				GCC_WARN_UNDECLARED_SELECTOR = YES;
				GCC_WARN_UNINITIALIZED_AUTOS = YES_AGGRESSIVE;
				GCC_WARN_UNUSED_FUNCTION = YES;
				GCC_WARN_UNUSED_VARIABLE = YES;
				IPHONEOS_DEPLOYMENT_TARGET = 8.0;
				MTL_ENABLE_DEBUG_INFO = NO;
				SDKROOT = iphoneos;
				VALIDATE_PRODUCT = YES;
			};
			name = Release;
		};
		9ABEC5021C14F08200F6895E /* Debug */ = {
			isa = XCBuildConfiguration;
			buildSettings = {
				ASSETCATALOG_COMPILER_APPICON_NAME = AppIcon;
				INFOPLIST_FILE = "$(SRCROOT)/MaterialPulseView/Info.plist";
				LD_RUNPATH_SEARCH_PATHS = "$(inherited) @executable_path/Frameworks";
				PRODUCT_BUNDLE_IDENTIFIER = io.cosmicmind.MaterialPulseView;
				PRODUCT_NAME = MaterialPulseView;
				TARGETED_DEVICE_FAMILY = "1,2";
			};
			name = Debug;
		};
		9ABEC5031C14F08200F6895E /* Release */ = {
			isa = XCBuildConfiguration;
			buildSettings = {
				ASSETCATALOG_COMPILER_APPICON_NAME = AppIcon;
				INFOPLIST_FILE = "$(SRCROOT)/MaterialPulseView/Info.plist";
				LD_RUNPATH_SEARCH_PATHS = "$(inherited) @executable_path/Frameworks";
				PRODUCT_BUNDLE_IDENTIFIER = io.cosmicmind.MaterialPulseView;
				PRODUCT_NAME = MaterialPulseView;
				TARGETED_DEVICE_FAMILY = "1,2";
			};
			name = Release;
		};
/* End XCBuildConfiguration section */

/* Begin XCConfigurationList section */
		9ABEC4EA1C14F08200F6895E /* Build configuration list for PBXProject "MaterialPulseView" */ = {
			isa = XCConfigurationList;
			buildConfigurations = (
				9ABEC4FF1C14F08200F6895E /* Debug */,
				9ABEC5001C14F08200F6895E /* Release */,
			);
			defaultConfigurationIsVisible = 0;
			defaultConfigurationName = Release;
		};
		9ABEC5011C14F08200F6895E /* Build configuration list for PBXNativeTarget "MaterialPulseView" */ = {
			isa = XCConfigurationList;
			buildConfigurations = (
				9ABEC5021C14F08200F6895E /* Debug */,
				9ABEC5031C14F08200F6895E /* Release */,
			);
			defaultConfigurationIsVisible = 0;
			defaultConfigurationName = Release;
		};
/* End XCConfigurationList section */
	};
	rootObject = 9ABEC4E71C14F08200F6895E /* Project object */;
}
