// !$*UTF8*$!
{
	archiveVersion = 1;
	classes = {
	};
	objectVersion = 46;
	objects = {

/* Begin PBXBuildFile section */
		969792451CAB6AF5002F2880 /* AppDelegate.swift in Sources */ = {isa = PBXBuildFile; fileRef = 969792441CAB6AF5002F2880 /* AppDelegate.swift */; };
		969792471CAB6AF5002F2880 /* ViewController.swift in Sources */ = {isa = PBXBuildFile; fileRef = 969792461CAB6AF5002F2880 /* ViewController.swift */; };
		9697924C1CAB6AF5002F2880 /* Assets.xcassets in Resources */ = {isa = PBXBuildFile; fileRef = 9697924B1CAB6AF5002F2880 /* Assets.xcassets */; };
		9697924F1CAB6AF5002F2880 /* LaunchScreen.storyboard in Resources */ = {isa = PBXBuildFile; fileRef = 9697924D1CAB6AF5002F2880 /* LaunchScreen.storyboard */; };
/* End PBXBuildFile section */

/* Begin PBXCopyFilesBuildPhase section */
		969792591CAB6C14002F2880 /* Embed Frameworks */ = {
			isa = PBXCopyFilesBuildPhase;
			buildActionMask = 2147483647;
			dstPath = "";
			dstSubfolderSpec = 10;
			files = (
			);
			name = "Embed Frameworks";
			runOnlyForDeploymentPostprocessing = 0;
		};
/* End PBXCopyFilesBuildPhase section */

/* Begin PBXFileReference section */
		969792411CAB6AF5002F2880 /* MaterialCollectionView.app */ = {isa = PBXFileReference; explicitFileType = wrapper.application; includeInIndex = 0; path = MaterialCollectionView.app; sourceTree = BUILT_PRODUCTS_DIR; };
		969792441CAB6AF5002F2880 /* AppDelegate.swift */ = {isa = PBXFileReference; lastKnownFileType = sourcecode.swift; path = AppDelegate.swift; sourceTree = "<group>"; };
		969792461CAB6AF5002F2880 /* ViewController.swift */ = {isa = PBXFileReference; lastKnownFileType = sourcecode.swift; path = ViewController.swift; sourceTree = "<group>"; };
		9697924B1CAB6AF5002F2880 /* Assets.xcassets */ = {isa = PBXFileReference; lastKnownFileType = folder.assetcatalog; path = Assets.xcassets; sourceTree = "<group>"; };
		9697924E1CAB6AF5002F2880 /* Base */ = {isa = PBXFileReference; lastKnownFileType = file.storyboard; name = Base; path = Base.lproj/LaunchScreen.storyboard; sourceTree = "<group>"; };
		969792501CAB6AF5002F2880 /* Info.plist */ = {isa = PBXFileReference; lastKnownFileType = text.plist.xml; path = Info.plist; sourceTree = "<group>"; };
/* End PBXFileReference section */

/* Begin PBXFrameworksBuildPhase section */
		9697923E1CAB6AF5002F2880 /* Frameworks */ = {
			isa = PBXFrameworksBuildPhase;
			buildActionMask = 2147483647;
			files = (
			);
			runOnlyForDeploymentPostprocessing = 0;
		};
/* End PBXFrameworksBuildPhase section */

/* Begin PBXGroup section */
		969792381CAB6AF5002F2880 = {
			isa = PBXGroup;
			children = (
				969792431CAB6AF5002F2880 /* MaterialCollectionView */,
				969792421CAB6AF5002F2880 /* Products */,
			);
			sourceTree = "<group>";
		};
		969792421CAB6AF5002F2880 /* Products */ = {
			isa = PBXGroup;
			children = (
				969792411CAB6AF5002F2880 /* MaterialCollectionView.app */,
			);
			name = Products;
			sourceTree = "<group>";
		};
		969792431CAB6AF5002F2880 /* MaterialCollectionView */ = {
			isa = PBXGroup;
			children = (
				969792441CAB6AF5002F2880 /* AppDelegate.swift */,
				969792461CAB6AF5002F2880 /* ViewController.swift */,
				9697924B1CAB6AF5002F2880 /* Assets.xcassets */,
				9697924D1CAB6AF5002F2880 /* LaunchScreen.storyboard */,
				969792501CAB6AF5002F2880 /* Info.plist */,
			);
			path = MaterialCollectionView;
			sourceTree = "<group>";
		};
/* End PBXGroup section */

/* Begin PBXNativeTarget section */
		969792401CAB6AF5002F2880 /* MaterialCollectionView */ = {
			isa = PBXNativeTarget;
			buildConfigurationList = 969792531CAB6AF5002F2880 /* Build configuration list for PBXNativeTarget "MaterialCollectionView" */;
			buildPhases = (
				9697923D1CAB6AF5002F2880 /* Sources */,
				9697923E1CAB6AF5002F2880 /* Frameworks */,
				9697923F1CAB6AF5002F2880 /* Resources */,
				969792591CAB6C14002F2880 /* Embed Frameworks */,
			);
			buildRules = (
			);
			dependencies = (
			);
			name = MaterialCollectionView;
			productName = MaterialCollectionView;
			productReference = 969792411CAB6AF5002F2880 /* MaterialCollectionView.app */;
			productType = "com.apple.product-type.application";
		};
/* End PBXNativeTarget section */

/* Begin PBXProject section */
		969792391CAB6AF5002F2880 /* Project object */ = {
			isa = PBXProject;
			attributes = {
				LastSwiftUpdateCheck = 0730;
				LastUpgradeCheck = 0730;
				ORGANIZATIONNAME = "CosmicMind, Inc.";
				TargetAttributes = {
					969792401CAB6AF5002F2880 = {
						CreatedOnToolsVersion = 7.3;
					};
				};
			};
			buildConfigurationList = 9697923C1CAB6AF5002F2880 /* Build configuration list for PBXProject "MaterialCollectionView" */;
			compatibilityVersion = "Xcode 3.2";
			developmentRegion = English;
			hasScannedForEncodings = 0;
			knownRegions = (
				en,
				Base,
			);
			mainGroup = 969792381CAB6AF5002F2880;
			productRefGroup = 969792421CAB6AF5002F2880 /* Products */;
			projectDirPath = "";
			projectRoot = "";
			targets = (
				969792401CAB6AF5002F2880 /* MaterialCollectionView */,
			);
		};
/* End PBXProject section */

/* Begin PBXResourcesBuildPhase section */
		9697923F1CAB6AF5002F2880 /* Resources */ = {
			isa = PBXResourcesBuildPhase;
			buildActionMask = 2147483647;
			files = (
				9697924F1CAB6AF5002F2880 /* LaunchScreen.storyboard in Resources */,
				9697924C1CAB6AF5002F2880 /* Assets.xcassets in Resources */,
			);
			runOnlyForDeploymentPostprocessing = 0;
		};
/* End PBXResourcesBuildPhase section */

/* Begin PBXSourcesBuildPhase section */
		9697923D1CAB6AF5002F2880 /* Sources */ = {
			isa = PBXSourcesBuildPhase;
			buildActionMask = 2147483647;
			files = (
				969792471CAB6AF5002F2880 /* ViewController.swift in Sources */,
				969792451CAB6AF5002F2880 /* AppDelegate.swift in Sources */,
			);
			runOnlyForDeploymentPostprocessing = 0;
		};
/* End PBXSourcesBuildPhase section */

/* Begin PBXVariantGroup section */
		9697924D1CAB6AF5002F2880 /* LaunchScreen.storyboard */ = {
			isa = PBXVariantGroup;
			children = (
				9697924E1CAB6AF5002F2880 /* Base */,
			);
			name = LaunchScreen.storyboard;
			sourceTree = "<group>";
		};
/* End PBXVariantGroup section */

/* Begin XCBuildConfiguration section */
		969792511CAB6AF5002F2880 /* Debug */ = {
			isa = XCBuildConfiguration;
			buildSettings = {
				ALWAYS_SEARCH_USER_PATHS = NO;
				CLANG_ANALYZER_NONNULL = YES;
				CLANG_CXX_LANGUAGE_STANDARD = "gnu++0x";
				CLANG_CXX_LIBRARY = "libc++";
				CLANG_ENABLE_MODULES = YES;
				CLANG_ENABLE_OBJC_ARC = YES;
				CLANG_WARN_BOOL_CONVERSION = YES;
				CLANG_WARN_CONSTANT_CONVERSION = YES;
				CLANG_WARN_DIRECT_OBJC_ISA_USAGE = YES_ERROR;
				CLANG_WARN_EMPTY_BODY = YES;
				CLANG_WARN_ENUM_CONVERSION = YES;
				CLANG_WARN_INT_CONVERSION = YES;
				CLANG_WARN_OBJC_ROOT_CLASS = YES_ERROR;
				CLANG_WARN_UNREACHABLE_CODE = YES;
				CLANG_WARN__DUPLICATE_METHOD_MATCH = YES;
				"CODE_SIGN_IDENTITY[sdk=iphoneos*]" = "iPhone Developer";
				COPY_PHASE_STRIP = NO;
				DEBUG_INFORMATION_FORMAT = dwarf;
				ENABLE_STRICT_OBJC_MSGSEND = YES;
				ENABLE_TESTABILITY = YES;
				GCC_C_LANGUAGE_STANDARD = gnu99;
				GCC_DYNAMIC_NO_PIC = NO;
				GCC_NO_COMMON_BLOCKS = YES;
				GCC_OPTIMIZATION_LEVEL = 0;
				GCC_PREPROCESSOR_DEFINITIONS = (
					"DEBUG=1",
					"$(inherited)",
				);
				GCC_WARN_64_TO_32_BIT_CONVERSION = YES;
				GCC_WARN_ABOUT_RETURN_TYPE = YES_ERROR;
				GCC_WARN_UNDECLARED_SELECTOR = YES;
				GCC_WARN_UNINITIALIZED_AUTOS = YES_AGGRESSIVE;
				GCC_WARN_UNUSED_FUNCTION = YES;
				GCC_WARN_UNUSED_VARIABLE = YES;
				IPHONEOS_DEPLOYMENT_TARGET = 8.0;
				MTL_ENABLE_DEBUG_INFO = YES;
				ONLY_ACTIVE_ARCH = YES;
				SDKROOT = iphoneos;
				SWIFT_OPTIMIZATION_LEVEL = "-Onone";
				TARGETED_DEVICE_FAMILY = "1,2";
			};
			name = Debug;
		};
		969792521CAB6AF5002F2880 /* Release */ = {
			isa = XCBuildConfiguration;
			buildSettings = {
				ALWAYS_SEARCH_USER_PATHS = NO;
				CLANG_ANALYZER_NONNULL = YES;
				CLANG_CXX_LANGUAGE_STANDARD = "gnu++0x";
				CLANG_CXX_LIBRARY = "libc++";
				CLANG_ENABLE_MODULES = YES;
				CLANG_ENABLE_OBJC_ARC = YES;
				CLANG_WARN_BOOL_CONVERSION = YES;
				CLANG_WARN_CONSTANT_CONVERSION = YES;
				CLANG_WARN_DIRECT_OBJC_ISA_USAGE = YES_ERROR;
				CLANG_WARN_EMPTY_BODY = YES;
				CLANG_WARN_ENUM_CONVERSION = YES;
				CLANG_WARN_INT_CONVERSION = YES;
				CLANG_WARN_OBJC_ROOT_CLASS = YES_ERROR;
				CLANG_WARN_UNREACHABLE_CODE = YES;
				CLANG_WARN__DUPLICATE_METHOD_MATCH = YES;
				"CODE_SIGN_IDENTITY[sdk=iphoneos*]" = "iPhone Developer";
				COPY_PHASE_STRIP = NO;
				DEBUG_INFORMATION_FORMAT = "dwarf-with-dsym";
				ENABLE_NS_ASSERTIONS = NO;
				ENABLE_STRICT_OBJC_MSGSEND = YES;
				GCC_C_LANGUAGE_STANDARD = gnu99;
				GCC_NO_COMMON_BLOCKS = YES;
				GCC_WARN_64_TO_32_BIT_CONVERSION = YES;
				GCC_WARN_ABOUT_RETURN_TYPE = YES_ERROR;
				GCC_WARN_UNDECLARED_SELECTOR = YES;
				GCC_WARN_UNINITIALIZED_AUTOS = YES_AGGRESSIVE;
				GCC_WARN_UNUSED_FUNCTION = YES;
				GCC_WARN_UNUSED_VARIABLE = YES;
				IPHONEOS_DEPLOYMENT_TARGET = 8.0;
				MTL_ENABLE_DEBUG_INFO = NO;
				SDKROOT = iphoneos;
				TARGETED_DEVICE_FAMILY = "1,2";
				VALIDATE_PRODUCT = YES;
			};
			name = Release;
		};
		969792541CAB6AF5002F2880 /* Debug */ = {
			isa = XCBuildConfiguration;
			buildSettings = {
				ASSETCATALOG_COMPILER_APPICON_NAME = AppIcon;
				INFOPLIST_FILE = MaterialCollectionView/Info.plist;
				LD_RUNPATH_SEARCH_PATHS = "$(inherited) @executable_path/Frameworks";
				PRODUCT_BUNDLE_IDENTIFIER = io.cosmicmind.MaterialCollectionView;
				PRODUCT_NAME = "$(TARGET_NAME)";
			};
			name = Debug;
		};
		969792551CAB6AF5002F2880 /* Release */ = {
			isa = XCBuildConfiguration;
			buildSettings = {
				ASSETCATALOG_COMPILER_APPICON_NAME = AppIcon;
				INFOPLIST_FILE = MaterialCollectionView/Info.plist;
				LD_RUNPATH_SEARCH_PATHS = "$(inherited) @executable_path/Frameworks";
				PRODUCT_BUNDLE_IDENTIFIER = io.cosmicmind.MaterialCollectionView;
				PRODUCT_NAME = "$(TARGET_NAME)";
			};
			name = Release;
		};
/* End XCBuildConfiguration section */

/* Begin XCConfigurationList section */
		9697923C1CAB6AF5002F2880 /* Build configuration list for PBXProject "MaterialCollectionView" */ = {
			isa = XCConfigurationList;
			buildConfigurations = (
				969792511CAB6AF5002F2880 /* Debug */,
				969792521CAB6AF5002F2880 /* Release */,
			);
			defaultConfigurationIsVisible = 0;
			defaultConfigurationName = Release;
		};
		969792531CAB6AF5002F2880 /* Build configuration list for PBXNativeTarget "MaterialCollectionView" */ = {
			isa = XCConfigurationList;
			buildConfigurations = (
				969792541CAB6AF5002F2880 /* Debug */,
				969792551CAB6AF5002F2880 /* Release */,
			);
			defaultConfigurationIsVisible = 0;
			defaultConfigurationName = Release;
		};
/* End XCConfigurationList section */
	};
	rootObject = 969792391CAB6AF5002F2880 /* Project object */;
}
